schema=1
alias.count=2
retracted.count=3
alias.0.legacy=one-tick-piston-pulse
alias.0.canonical=redstone-one-tick
alias.0.smoke=m615-redstone-one-tick-set
alias.0.head=6c2a1705e58d9051f490648d59367616b7ee2ea7
alias.0.tree=aa154843874bb3d9b0938d73e20d4a8b802d466d
alias.0.signature=21d4ac5bbdf54331350d6fd27043f140c2b7d3930a4466bb8c191d0c7fd93a8a
alias.0.observation_sha256=e579bd2af89c962018145a72b877f11d9435178df3c7548f85fa306e74ab3be8
alias.1.legacy=hostile-spawn-light
alias.1.canonical=spawn-light-cap
alias.1.smoke=m617-spawn-light-cap-set
alias.1.head=df1d4d2275a92c81496629bdb4cb628b6f471185
alias.1.tree=ca699560888c0fd72325f75970fcb123ace89b6a
alias.1.signature=7b7f1afdfd24186f8c299874e34b09f3ab9ff8edd782a7b955a91ebd8d042d20
alias.1.observation_sha256=59f9ec65af25957e0fef6aa3c8fea1554b5f346e8b6a7c92fa22156c907a6ec0
retracted.0.token=tnt-quasi-connectivity
retracted.0.reason=M552 did not isolate quasi-connectivity; no accepted M614 receipt exists
retracted.1.token=soul-sand-slow
retracted.1.reason=M602 official runtime observed equal Packet13 displacement; client slowdown remains covered by M317
retracted.1.evidence=docs/decisions/M602_SOUL_SAND_RETRACTION.md
retracted.1.evidence_sha256=7e38a0f98eb0c4448471de8f10cfec4777f084b6613191344d58b9953d3b079c
retracted.2.token=cobweb-slow
retracted.2.reason=M601 was an empty reservation and duplicates the accepted M317 client slowdown differential
retracted.2.evidence=docs/decisions/M601_COBWEB_SLOW_RETRACTION.md
retracted.2.evidence_sha256=ff291d19fec9b02ab9c715115e40e928cc28121b971018ef5900485f0b86f0cf
