# Bounded-drop lifecycle TestKit pin migration v1
anchor.evidence_sha256=da65787af8aaa0b8b777cec7b93bfa0aaeab5293a8b9cc87fa97ca8763825057
anchor.fingerprint=880b680f5515d8edd7ed604327a6fb788b1a450a27f097844b59f488892d42cd
anchor.id=b173-multi-drop-mineral-lifecycle-cycle
base.commit=a0462e34967a8ea43c951a9b501a7e1b8bde4250
base.pin_count=625
base.qualification_sha256=739627a4fed19f08aae1c5695c1853eaeb0346657d5dd1e7bc116e13d3451942
carried.count=53
file.0.current_sha256=adf099cd3a4239d490c58fbe955059a2cf8b8220cf3c11aa4eae37aba36beb0d
file.0.path=adapters/b173-server/src/testkit/java/worldline/b173server/B173LifecycleScenarioFactory.java
file.0.prior_sha256=cea5f1a6361fe07446b4941d07b70a6e7738f4fe5550306e8f7f3a84e6de7007
file.1.current_sha256=9ce02ad2e8efa5bbf3f724b3af7aa3937572e2546a01736a6957bc8f47c8c973
file.1.path=modules/testapi/src/main/java/worldline/testkit/BlockLifecycleDropMatrix.java
file.1.prior_sha256=absent
file.2.current_sha256=403732af4ae95b39b9329b226e19a09604687ffd3928024079b6761f6270d0f2
file.2.path=modules/testapi/src/main/java/worldline/testkit/BlockLifecycleEvidence.java
file.2.prior_sha256=71d65e9eaf4552ef591c67c54cdb8a9a67706be13a3d440e98d4ad9a7a3fbce7
file.3.current_sha256=480f32f96dc751688ef1ad87aa298345337e64bbb151f3a61131a7516bfe741c
file.3.path=modules/testapi/src/main/java/worldline/testkit/BlockLifecycleFixture.java
file.3.prior_sha256=7dc2e4a6b2804274907dce8e32be1dc074d811dc2bed6b93bb48899bc6bf0b8c
file.4.current_sha256=c719bdafcc5fc8eff53c705fa16d2e4d5a093a657e24d705253fa762eda5b57e
file.4.path=modules/testapi/src/main/java/worldline/testkit/BlockLifecycleScenario.java
file.4.prior_sha256=1f47bb5fc375ad0e7e09cb6cfaca7a4bf559e0a73c21785389c4b44aa0917176
file.5.current_sha256=aae9177e8a1cbf17f312ddcaa9e4ac960ba943ce01a66ff7d8c4a884ff416f91
file.5.path=modules/testkit/src/main/java/worldline/testkit/BlockLifecycleFamilyEvidence.java
file.5.prior_sha256=c5450cf0653d6eb8497edb3120937021e83cc0bf97fd07233d090f2d2e61744d
file.6.current_sha256=3e87486b51222bffc7fc95e860d7de741d396800ab1660b7e4d6c07b233eb223
file.6.path=modules/testkit/src/test/java/worldline/testkit/BlockLifecycleDropMatrixTest.java
file.6.prior_sha256=absent
file.7.current_sha256=9237f54b5d6bcdff347ae738682d6e2cf67266bbe0fbf69f8a1a9fcd7b3da535
file.7.path=modules/testkit/src/test/java/worldline/testkit/TestKitContractTest.java
file.7.prior_sha256=36c55deb3e9b0a67aa9de90dd5a83400f282fe5a900c4bd86c03ee61c991b50e
file.count=8
introduction.commit=27b8a16d6e748ba5a0f63723ebf16f61b8a78845
schema=1
smoke.0.current_fingerprint=16ceb3ba2e349dcf8a4dd606f12afba456b11917a32eebeb3a4011a9e5bae89a
smoke.0.evidence_sha256=4c5cdf0609348d36a151fc55cc7eb05dcd3ae9243feb2bb7949de6753b84029d
smoke.0.id=controlled-client-tick
smoke.0.prior_fingerprint=edec6ecad9842a53331a409842048e664d0f0cae141686efb83696950de8fb23
smoke.1.current_fingerprint=b98e91329d5d041ab378ae186aee5ddf2e79cb3f537308a2197fc37ec9175a67
smoke.1.evidence_sha256=eb4d0269721ffd1d53779a4da4dfa99a2600682391aadb102b756349f4529d8f
smoke.1.id=testkit-cycle
smoke.1.prior_fingerprint=6b5e60f592ae5dbaee22b233f23f0fd90a02c9332099b968ae68cef5d0066c06
smoke.10.current_fingerprint=8012167847c751e81afda4e20519a4f7abf383d94907441a3728b854f42bdf56
smoke.10.evidence_sha256=912452d315840ced68811ccce77f3cde4f1250eac7068c5ddd9f85e22a607a2a
smoke.10.id=m370-remaining-furnace-smelts
smoke.10.prior_fingerprint=9aff33c0a6a73c796b1e3e9376b3f26181c9910c304c7f5d5b5232f521acee75
smoke.11.current_fingerprint=3a0d5d00b3742d60d33b98f080d512731553e56fe43adf870c1d5316d6cfc09d
smoke.11.evidence_sha256=6a31a5c30bf7a861c626da550e1989e4d2c38f0a32cd4607e27a9093fa6a268d
smoke.11.id=m563-nether-exit-create-set
smoke.11.prior_fingerprint=8659dda2569ef21fa08a680e6ba33d41deaa6a47dae0b103a4f37add2708049a
smoke.12.current_fingerprint=6ea198305813e171dba26765f5890cc4c80c2b011a54438ae0bd719dc379c96c
smoke.12.evidence_sha256=1fb88e65970ad45942fb1954c5315af90618557ab3edfd0d9107747118441f50
smoke.12.id=m618-wolf-tame-set
smoke.12.prior_fingerprint=734332484359502157d0c963b6a4b8faf4364ddc22717f66bca32520b08d349d
smoke.13.current_fingerprint=cb4c250965353a0040d66d80a156637add59b4cea1e82204a4480da2ed567ac9
smoke.13.evidence_sha256=e502dca6cb9192baf2f013958c651df4fead6d308bde5cad39458a11ac3dd580
smoke.13.id=m620-stationapi-testkit-driver
smoke.13.prior_fingerprint=e4af658a0d4bab564744aa8abfecccffb6e2583840c28878bc9c15d732649fd5
smoke.14.current_fingerprint=033ebbe0b4db616e3cea3af3ae097dd6464bbba17ebb5301d5f5ed144aed9e4f
smoke.14.evidence_sha256=b649f7e5a7b8d81bc959572f41ec30da91ed6c31980b9e1addcba8bdd64f3afd
smoke.14.id=m626-dungeon-generation-census
smoke.14.prior_fingerprint=53b0373230e39f0195f39d9b2b48c428be6204ed554fa910398067aa4cad5b2c
smoke.15.current_fingerprint=a5c847cdbba891feb79afe471fcc53091b9fd6da31c6bd8fcf7b71ece29f6deb
smoke.15.evidence_sha256=f785ba7052d58933013ee82cd556c8f22f8fe31a154a9f33473907b58af86c73
smoke.15.id=m627-chunk-unload-reload
smoke.15.prior_fingerprint=ef2795c8f4bea52da7a712ec70947f714ed27ac435981da8f887eb2a608d9e0b
smoke.16.current_fingerprint=354211e2f7f010119344915aadc38b1ea9598e286f638769d70eaf3057e239d1
smoke.16.evidence_sha256=021644d481982ecb346469dec2c4f9653325be7c95f3601ed83fd0daf11d9e50
smoke.16.id=m628-minecart-booster-bug
smoke.16.prior_fingerprint=621c65e3c658d33c3b795c262963679a79a8f1ccabc3143a97240cef136baf49
smoke.17.current_fingerprint=95c3fffe1787ffd4470244dda5bf5294feb878e18bf2840ead57db6300a1318f
smoke.17.evidence_sha256=a8720dacfe2869d6edf8ba367dcaa1749300824d2a3d0235f9e01c2e469e4d66
smoke.17.id=m629-door-sound-event
smoke.17.prior_fingerprint=74feeec26d311789968dfcc0ba253fd34f1f76ad06a0707f879115dc837505d2
smoke.18.current_fingerprint=7d80f6e616ba5bd6d42801416affb3e38f0656c3f94005d51b4d784befb8248f
smoke.18.evidence_sha256=3d0d34de643ede45801a681b32e21657620358b048123ae816a46fc569e036b8
smoke.18.id=m630-server-acl-matrix
smoke.18.prior_fingerprint=728f29e129130e4cc2273f5333302e5e9c2abead2603305340b4ce5ac8140dc0
smoke.19.current_fingerprint=565aa99212aaebf33ccc307c52baf680b8ea869e2c460b308a2abba0304173c7
smoke.19.evidence_sha256=d039ddfd6bc234225ec24c5433a77a99d176fef96bb5adbb99ca56f2d762ad39
smoke.19.id=m631-protocol14-edge-packets
smoke.19.prior_fingerprint=e87f031b31b2e6129060bb377b54f96b3f92fcf16ea36a119f2e062c841dcea9
smoke.2.current_fingerprint=01b34c482e5ca4655f2821c464f9064cbdb7e59cf7dbf19db725d1b181f1c879
smoke.2.evidence_sha256=12d57c564ace260c74b6c87152a505afb7ce6963f1c5012026abcfca230630bf
smoke.2.id=m7-mod-loading
smoke.2.prior_fingerprint=3135880052fae6501bb7402a46afeff79a63611621ad207fe6e1c267670c50d1
smoke.20.current_fingerprint=71dbdcdd22965a3bd3053261c11c0110d8c4dd8ca2727f8417b2da78f7641185
smoke.20.evidence_sha256=97209f62fe943bffa3b1df289e97ba6f2efe8a31ec0c7ed4e3d815c405c4056c
smoke.20.id=m632-map-data-content
smoke.20.prior_fingerprint=b9fcafef299f03cfdac975008910d3604b13d79a60a1a7509802df29c89e1650
smoke.21.current_fingerprint=ece185680e344feec4ce07f779c6cb4fd276403b32cdea42cff8560aea57cf77
smoke.21.evidence_sha256=61d30f60f8347283e1e843dd2a9fc2989427d6da5d22bde90e780c5779e1a238
smoke.21.id=m635-natural-slime-spawn
smoke.21.prior_fingerprint=987a9b6201cda2ce987b917d6ab13d9c35d3dd7db0d86a456231dc3bfcde3f84
smoke.22.current_fingerprint=4bfd7b0e95bd2da976b0fab3fe19be7e1cca95794233d0cd047333740f7f2c50
smoke.22.evidence_sha256=2bd70fa77f532bf1876ad944f005151bcd994e2fdb9adc08ba8de1f306015220
smoke.22.id=m636-bonemeal-wheat
smoke.22.prior_fingerprint=dfc5e0e170864acac970eb77768deb719ba37ccad8c04a17238917062e89fcda
smoke.23.current_fingerprint=8e7dbdd381ac18c9bcc52ce46417f2e42c1b5e94b6d2dec7fd5b1e2e48bdb3c1
smoke.23.evidence_sha256=36da1bbf241f079894b7ec438a25d1a1a09082caa59bac68c0a59fd94f01d327
smoke.23.id=m637-tnt-chain
smoke.23.prior_fingerprint=431d63be5cc48a49eb6567522357a94b54f32dc30b92022998c4be6d4e1c98f9
smoke.24.current_fingerprint=b2bf465381eb04e75e8bbffcf350f475270528ed4f37e780755123985449390d
smoke.24.evidence_sha256=d55adcac65152410ae183cc7fefa9e79c8bd0a14881103c977973608e26e59bc
smoke.24.id=m638-creeper-tnt-differential
smoke.24.prior_fingerprint=dc42c28bfe3d57dd10ae1ce7fbb41c9ecd14e48a3b1e5df09c7e15a7430d1a83
smoke.25.current_fingerprint=df613f05a90edfd7875381918d153f94ecc85d020602e3e753c039bc011ce3a7
smoke.25.evidence_sha256=9ace8dba37f0d8d61c5146477b494083a1d83b3a1d9e278bc6cf81d404f45869
smoke.25.id=m643-multiplayer-sleep-quorum
smoke.25.prior_fingerprint=cc3e271c30ff40a4ac94c3efe106a49d3d9b0ebad373d499ca64756b45a13106
smoke.26.current_fingerprint=d6a6d81eec2345d626ddcf9b4ceb7e731acff696e736ef59514ce65636315460
smoke.26.evidence_sha256=e5ebc4a71803f8a04ec443ecd418e64de9de67c337e3023fe7a4d568735f34e0
smoke.26.id=m645-note-pitch-ladder
smoke.26.prior_fingerprint=3b1b3618f1ff46fd11677e39a5652ae10843929732adbe1454cbcbf2d66d2f83
smoke.27.current_fingerprint=94c11bfd4d0a77dd0c661ddc26802b6400680afd6cb53644993a6920f99a8773
smoke.27.evidence_sha256=e0c55c8c718af34e0b0d7282512420e078984b0d3917c8dc45f541e9af238471
smoke.27.id=m649-chest-access-constraints
smoke.27.prior_fingerprint=8500ab8fb2da2b3402ab54face21130ba492656d04a506e386e07cae0be18fec
smoke.28.current_fingerprint=c5127e94e81df0a9a44ad52181f0e46f58bf8ea9772efc77844ea7340b274f0c
smoke.28.evidence_sha256=ae858387c77a284d0801976aa7f6e9a90d066d1cfb12e0078ed20b2663a836a6
smoke.28.id=m651-portal-invalid-frame
smoke.28.prior_fingerprint=91675640026e92c7c3d574fcb806a1d6030dd71def064ab902709b500a9636d7
smoke.29.current_fingerprint=2590fa7242181ddc0352c0fd4d1454e3dd3721a9b8a1319782e0cdc80f94b784
smoke.29.evidence_sha256=55463c81d0a2a2213e14c490773fc934e2f1d69bcce5f01270cbfa90d23ac475
smoke.29.id=m652-portal-reentry-cooldown
smoke.29.prior_fingerprint=87be51fd968f1702a8011739fafc33ff572f09b37b274b7d8e4c2c5f3239e5c4
smoke.3.current_fingerprint=e5cc93a9bbfc06f560ac0da662b7b19fb4da4e6cb39bd93f1f642e3020cb3181
smoke.3.evidence_sha256=1d0ede0d87654e3d10c9329156660ba3de2c3db6f22bfe138b65df734bea1528
smoke.3.id=m8-mod-version-diff
smoke.3.prior_fingerprint=8557e10c53224c463d1b68e0eedda8f8ef79fa6152df38ba01a9ccd6f02ca166
smoke.30.current_fingerprint=6fffd681d5751de0ae67b7b4b5e1e8ace59a5b51e53432e9f1c686066bf40c50
smoke.30.evidence_sha256=21dafc7d84060520da99ad07ba3194868bd30b7539dfbe66c8b4ac8274f09a15
smoke.30.id=m653-chunk-restart-persistence
smoke.30.prior_fingerprint=086ff8ac38260e3b48206406c0691e2659265e5f65746a0e95b8de6b37aa28d8
smoke.31.current_fingerprint=08305515870e9a22898dcb5db555f0f256603794d54166ba10eca9a5ee68429e
smoke.31.evidence_sha256=98f8d2a90aec4539ac5226886550aa3864b01df8f8b4edbe3584abb8016a6a18
smoke.31.id=m655-rain-stop-event
smoke.31.prior_fingerprint=86084d49072e547335930906be81b94b6dc40cffdf6ad7cdb78dd5c3e82d124d
smoke.32.current_fingerprint=1f19ed40c8e4f3b5896a82ad324a6ed533b762edb3df1201cea5c739b24267b0
smoke.32.evidence_sha256=2bbec92d6c1a41e803419be88e1395b7d5343e70dc1412e12602fb0c4030e6fa
smoke.32.id=m656-server-admission-matrix
smoke.32.prior_fingerprint=29a04b977b7bb6782ca502a69dc6564dcb41df528bd4d2f6e91066370b9b126d
smoke.33.current_fingerprint=5120d60411032a4925402737c927f22d4fbf2a3b798a27c2e36ec2c54061d996
smoke.33.evidence_sha256=05a42d02220e492c816e51c0348fda817ae4bb609a583ba7a23cfe1145fb3665
smoke.33.id=b173-cardinal-placement-state-domain-cycle
smoke.33.prior_fingerprint=0d750be232ca59a71708683da77a20eeee6e18b8fed38075bb0cd82c1ccbaec7
smoke.34.current_fingerprint=356ccc7561840f29c3dbddf8091a1dc4da3afd77da158b8e7f06ffaeed74b1cb
smoke.34.evidence_sha256=edd804e3285258b5f908c9efb00aec3b289c9c0854580bfa6383e4dfdd1f2ff1
smoke.34.id=b173-deterministic-harvest-lifecycle-cycle
smoke.34.prior_fingerprint=a37f8bb87d5862f85aa0d44804e7abffa583c697d8ec9f5d369934e1ced7ac3a
smoke.35.current_fingerprint=b091400b20bb1c708727e1985f54345881ff53a104c2bb01e4e97f541e056239
smoke.35.evidence_sha256=8ca3a367817be781a84aed7233afd33077b65bbeb6841277851c3f1b1e906e98
smoke.35.id=b173-dirt-flora-lifecycle-cycle
smoke.35.prior_fingerprint=4292cf3b92b93376bf663d70a0dd45cb5e110af3a623c896195beca2e425adf4
smoke.36.current_fingerprint=9bc324c3114e3eab270de6e7ff71b84c91de37293128b193ddf441916d119d38
smoke.36.evidence_sha256=feec18c4c92e535ac906ec0fd6b67d15050fc97687d2d3e16da078b0d293a70f
smoke.36.id=b173-floor-mounted-lifecycle-cycle
smoke.36.prior_fingerprint=2ddfb2611ecef4b1945e992b11e7f74e817925ba14be3b0d1723b0c76e62d9f5
smoke.37.current_fingerprint=49a848f0b762bf934f8a2c23093fdeaac67f2031a7618dc8e9306c706489fefe
smoke.37.evidence_sha256=8e3a8a8bff0ef466b29c364aa18182af2fa0b7633e13765b2f3120fc716b4537
smoke.37.id=b173-furnace-state-domain-cycle
smoke.37.prior_fingerprint=842f73f872edadbdc8aad4d6f5421912fc7bd272f8699a29b4ad0c2317375cf6
smoke.38.current_fingerprint=7e4899da63bc9ee966c33d779624e53965d8c1d6ec48ebfb2988c4724911f912
smoke.38.evidence_sha256=1d3e0c69501dc30043c2468865be8f5c7078bcdf07beb32b94c5f0e51242ccf3
smoke.38.id=b173-gold-shovel-harvest-lifecycle-cycle
smoke.38.prior_fingerprint=373f1df98e6393c39a5bc551ee91d6b2c81faae1510b0cd02e529a30663ae8eb
smoke.39.current_fingerprint=f8f22a660335eaafd114ec8c2204d2a11d645cc7e666956ef225c97887d2eb65
smoke.39.evidence_sha256=7b001441c5854115396382a7900a4a8a5dcbc5d6b7b559a3219d67abe2d6374b
smoke.39.id=b173-harvestable-vegetation-lifecycle-cycle
smoke.39.prior_fingerprint=b53cd3d41bb7f27149ab096c6aa279ad2c62275c8027d34de43d3a60ac267dfd
smoke.4.current_fingerprint=5e828ff2cfdc3ee07d315a4e10695f8f3c9e75dedbb559e1960cbdb30515c910
smoke.4.evidence_sha256=ca19efbefcebbbec7d392e56dc554eb4ef2a047c4cd32bbe6b8aa81ab3bf83b7
smoke.4.id=m9-scenario-minimization
smoke.4.prior_fingerprint=b764d7e0e4fdd36f5eb0b82d11e96e892ac1c72835d5e27314d882fbc9164100
smoke.40.current_fingerprint=caa27258b7589a24beeafa1324e07282bff0a87cc0c6874bd46e6c7adb292400
smoke.40.evidence_sha256=9c8cb552fdffd3a3e2048696c42b3f25dd58ac57227aa361575c5241b83d30bc
smoke.40.id=b173-lifecycle-provider-cycle
smoke.40.prior_fingerprint=0c969d5e7ed92139220ede2c2250388ec9a0ea220d0d0c7693d8cb64aa5fb59f
smoke.41.current_fingerprint=9540ebde53b401b8c1dc1b1d2b9a672994511b640a3d82cd467494f7d71fb225
smoke.41.evidence_sha256=1b477556b45524c83262ddde703eee4c7f10ea50b8569aa719127b73a491669b
smoke.41.id=b173-redstone-device-lifecycle-cycle
smoke.41.prior_fingerprint=0d35b56217d087e2076a5952d9862ea9b39f905ae202b389a4fdf98fc84ca6f8
smoke.42.current_fingerprint=98957f80ad46db11275728e19f29ab5a9eac241f53eabbde66c6dc0eb3483c80
smoke.42.evidence_sha256=accfc90cf5f4ca3fe1679dadf8d4b284825eab857e76c03a0621549ac3c3bc27
smoke.42.id=b173-shaded-mushroom-lifecycle-cycle
smoke.42.prior_fingerprint=e41deb5ef591c0db7f36cc75e0d1cea4e50ae9b969e3c601c13addb0625e8e1a
smoke.43.current_fingerprint=fbe58fdc578b820a2b795376c0670b83e4e459aa254bcdde487107cfbf976b26
smoke.43.evidence_sha256=512d9362c8416f85f5a11baea171c36a0bfa6869161189fdb07405ed7c0a92d0
smoke.43.id=b173-slab-lifecycle-cycle
smoke.43.prior_fingerprint=47a378bd4e345aaed369be23dd4754fef36e507425ec1fd61a92f0d50d830d4c
smoke.44.current_fingerprint=386ea3b8fef0daa3e05b4c43d773e0e056479d8ca501e00ff5e5c9d2b1585ff0
smoke.44.evidence_sha256=ec8ce91d4fdd10454829ab1401ba51ac573d1bd8e4a91f07c4a1b030e198d865
smoke.44.id=b173-static-collision-envelope-cycle
smoke.44.prior_fingerprint=1cd11e004d0b08324cac0fa67cbdf8251ecf2fcc7122dc7780ed79b1c0b42164
smoke.45.current_fingerprint=d14e8692d56c46fb1dbce0c8ac2579fdf50f6f245210095f3763eff0e47d4554
smoke.45.evidence_sha256=c433d069661b3fc516fbf0b7884b8a89e975378c393424a4905d70ef74db9e2e
smoke.45.id=b173-static-light-transport-cycle
smoke.45.prior_fingerprint=126f6291ce9ac54aefeb8dde175fd459541de75ea1ce4af6244f8d3ed34411f8
smoke.46.current_fingerprint=4876a28f5208fbe41c76ca82f3990d79726e48ac2262d7fa20c0ad01291f8a5f
smoke.46.evidence_sha256=41ca1113d3cf1523abef07a42f6fc07d7f2b52da7b818a2202694973f02d393f
smoke.46.id=b173-static-self-drop-lifecycle-cycle
smoke.46.prior_fingerprint=12be57ca95ca4b7ffe204f45bf5e5d478ce3c0fd7cae6711ef7e9dbef9fe2d2b
smoke.47.current_fingerprint=8cfdc85023424fc692023d419cd59ee272623e7740f2220ee18b23e087c88b72
smoke.47.evidence_sha256=5b3c9e79bc0488d70434bebc9c087424db4e4e5d1ccbc9e3a7ba212bb0b1cc41
smoke.47.id=b173-support-dependent-plant-lifecycle-cycle
smoke.47.prior_fingerprint=603b3c58f0b1d7c55e39b338320ca210a2231adbc05436e6b30199c30076af06
smoke.48.current_fingerprint=3dfb16da45df945bf4221ff7e9d9eb136d6f2883372849d79804b4cc2efe1729
smoke.48.evidence_sha256=61202750cc672b41f06bbc76e818a8cfbe893927a5bc401769353703499cbe1e
smoke.48.id=b173-support-face-attachment-lifecycle-cycle
smoke.48.prior_fingerprint=78ed9d640cc0a11019b4cf6b44a7aa72e76e5a6d5bf2d48c6e00690e0dfdfa17
smoke.49.current_fingerprint=27925da9747a8a3ebc3c227918d2717fbd6e93917af6d1ab15973699d96632c5
smoke.49.evidence_sha256=957888ee355f144621424a1a4bad04d60b0c2beb0bde5415dbd5999ff695a701
smoke.49.id=b173-wall-attachment-state-domain-cycle
smoke.49.prior_fingerprint=f0666dc0dd500f04f8ca559210bdfddaaf7b8ed19d24736f3591c796d4f08fde
smoke.5.current_fingerprint=c06317aa8d23fe573a671c4c25202fed1479f811ff025fe30e7c5b24fbbda965
smoke.5.evidence_sha256=8949488103a0a649fff3bfd2ef915a59c10f426f05e338b3e351d13f2b6e5b0a
smoke.5.id=m70-aero-combat-window
smoke.5.prior_fingerprint=db5eeae9d6511d8877800c667c8b3e24b655266a4539beb92e49d0df65b3febb
smoke.50.current_fingerprint=f4412edb7f2f316ca5c824083557762d445af9c9073e2dd8ad2b26fa60fc2e21
smoke.50.evidence_sha256=bede36ebdaa6340f6af9a1fbb30352806d622d4ffc12cd127dac0c0abddd0168
smoke.50.id=b173-wooden-door-state-domain-cycle
smoke.50.prior_fingerprint=addf3898da580393b11e5c70c096382d15b236926f2514d33d516106fd21aa31
smoke.51.current_fingerprint=a6252cbc1ff2080faa5c98e9209df9eed8e664d305ddcafbaf9fb2b5e8bd50a7
smoke.51.evidence_sha256=e103e2c2fe51577f6d6443f3b970ae0ee28094134ae7bfeb8a2da16671187a29
smoke.51.id=gui-tree
smoke.51.prior_fingerprint=06df0ea21829d2b692b57b94490f3165bcd989f00b25085b9b963cc062b22354
smoke.52.current_fingerprint=a52769bcff854fdc28495e42cec29a125eee039ca8ed9484e3cd54d75a9001f3
smoke.52.evidence_sha256=e72fbb0837463207cab9f2363feb3c43833d8b39a3f4e27022a1eb9346acd405
smoke.52.id=seed-atlas
smoke.52.prior_fingerprint=f37ceafa69fdd8de021a12543abea1e9e9e59dbbdcdff083f5060c762fcc8678
smoke.6.current_fingerprint=b1c315088bc1ba32ea6b86bd8cc7bd07edaa0a4920e8b5d3fa7bd7a5a068ee1d
smoke.6.evidence_sha256=0f96a37a65e8e183e23d3dac3280091fca8580ca6612d5383996108f7ec683ad
smoke.6.id=m71-paired-aero-window
smoke.6.prior_fingerprint=c646b975253d8f98921e1f658c3ff6184fa7629a4c2f6e35023c5766101dac02
smoke.7.current_fingerprint=def6a398820241b6b7bac0eb535f0e33f4920a3ac7aaef4bcb7b22d88e73ebbf
smoke.7.evidence_sha256=6fd354f14bc191c11fd670b0d58e6aa0b86072feec3bb2322261cef951ca1a54
smoke.7.id=m147-piston-push-limit
smoke.7.prior_fingerprint=8746873b43ccc73342128facc64b0685cdfddd72b13f01497d5025b9de381575
smoke.8.current_fingerprint=647aba88e4a262ced2491d4e9c143516978df27a37cd12dab654f1782f5f7407
smoke.8.evidence_sha256=6c131f48c758cb5376dfd0b9504b154148f17e3295c1337c08e4c32619dc781a
smoke.8.id=m324-furnace-rest-smelts
smoke.8.prior_fingerprint=5b44fe034a46573e44326842134e5d79355e5d9c26b917a589ab25d9b89ae33b
smoke.9.current_fingerprint=d41f160bf5e479f39632635f38ebd5b1397d723f3a5fe2c6b01db5f69af9279d
smoke.9.evidence_sha256=d412ed91eacea33e26daaf3f37c6494ecb462ee19694093f7126187f36a2b957
smoke.9.id=m338-furnace-fuel-set
smoke.9.prior_fingerprint=e6625f621068bade1cab2d7ab227b6b5dffc10026e102bec26cd271eb87c42a0
