# Worldline EOF retry migration v1
boundary_sha256=57bf1ef05537b24d8819acf622df79c4ecc4c5cb59aa8f5fb858b98df12c4627
count=33
retry.m238-grass.current_fingerprint=aada39f0fcdaa04ef3608d061fb02b85ad5f699537fa00ce3c29913f5ea4cf79
retry.m238-grass.current_source_sha256=2b9f3d2cf485d0e7e932d0490d9c5ed4e46fc92dc825550a8e4bd4b431d03785
retry.m238-grass.evidence_sha256=3056478f663744b460245599a51d711c0d26a0d619c4595bd2def1f6cf3f99d4
retry.m238-grass.prior_fingerprint=fa92e69d9afe5acdde56614de11099eefe64a6713eb8d78883a5f7c278f377fa
retry.m238-grass.prior_source_sha256=314a18dd0029923e7802fae14015005ae47b1d11a384a1c93c271643b193123a
retry.m238-grass.source=tools/smoke/GrassCycle.java
retry.m258-bread-eat.current_fingerprint=881ccf5a801733f12e153a90de051894d4234627cf5df4dd9bc3f28e3820668f
retry.m258-bread-eat.current_source_sha256=584aa1e5e237cc130290b67774245066edef441d45b2356ec19759435751323c
retry.m258-bread-eat.evidence_sha256=b4e1346292ee27173d9e13cfaed5e36aa2537f60b753b61943bc54e377934b7d
retry.m258-bread-eat.prior_fingerprint=a3e76516080f6f8a1b32c3d347e9f963fcce088ee6f8c78932ebd123193342b5
retry.m258-bread-eat.prior_source_sha256=300e9514b5a4bb8b89fab50791991bd4a5c88ec95432401f8b309871e46c9d99
retry.m258-bread-eat.source=tools/smoke/BreadEatCycle.java
retry.m262-cookie-eat.current_fingerprint=21aa9757938f55dd71e2797433102367032e6e2b3f9faf70730c3b98633c14b8
retry.m262-cookie-eat.current_source_sha256=c3473b6c2d3014905459e6cd305f24823ed7dc4d4d8c1c53120025404ec3dee2
retry.m262-cookie-eat.evidence_sha256=2374d08bdc38c0697e31d3009c028cbb6f70fb2794e2d20606804aaa4dbfb0bc
retry.m262-cookie-eat.prior_fingerprint=fc18bb58e4f824322756fd88e43c288e664b4d0b19259f44fa04903f04e6c181
retry.m262-cookie-eat.prior_source_sha256=f5234967c808783c4eeb9f9b2bba1de4b4c96f31b43ecbb34eeffef160932371
retry.m262-cookie-eat.source=tools/smoke/CookieEatCycle.java
retry.m263-stew-eat.current_fingerprint=9aefa21896fb80bde39338de89820163a086427c4a18eaea655a9a51917be4b1
retry.m263-stew-eat.current_source_sha256=47ee29df6b3123144d7d9eb61aa25404f755dba989e5f9d0182133bbe206efe6
retry.m263-stew-eat.evidence_sha256=94038e1a1f75ad42e97730c63d6089ab182511bd6f5889d8a1610d83e5471bc9
retry.m263-stew-eat.prior_fingerprint=2a45cb8b00b8e2935ae2fa4fabad00898fbdab151859e019c740950a7acdf8d7
retry.m263-stew-eat.prior_source_sha256=100e977d63472ef937fd4f6f12fecc5d915b651db96c2561fd77d88c1f7c8c59
retry.m263-stew-eat.source=tools/smoke/StewEatCycle.java
retry.m264-raw-pork-eat.current_fingerprint=64d26a3748975d624da9d67ef0aa417e001054e1d84e6db8562fa526e30ed80d
retry.m264-raw-pork-eat.current_source_sha256=57bc03e7bca7781f6d2209d9e6de8575792b445f3c9cfb2215f00cc5b3cd9077
retry.m264-raw-pork-eat.evidence_sha256=c43583070f3c4185f97ebefa6a8f0a6ce3428f70ea6621d094546db1cbae4502
retry.m264-raw-pork-eat.prior_fingerprint=1e03bb1323cf66b2be02f7ea49ad855f694e4678d791added8d1c95f63f2577a
retry.m264-raw-pork-eat.prior_source_sha256=f7f2663284a643f9bddb949914373e1b006721b5cade71a10b364cd7fd5568b5
retry.m264-raw-pork-eat.source=tools/smoke/RawPorkEatCycle.java
retry.m265-fish-eat.current_fingerprint=fd8c2761a1ff33eeb6d235979349e562a2084d20ddc42022596b1e548d90b76d
retry.m265-fish-eat.current_source_sha256=e637598a6f793b7fd08822bff8b9fb1c0ba5df15b48b462065240604c3c5d73c
retry.m265-fish-eat.evidence_sha256=0c9b15289f11f60a602735efc2cf64ae7cf2e4ad6454e33fd5fdb6a44023f832
retry.m265-fish-eat.prior_fingerprint=9fe875c9c7eef7e88121621b8412c98d1ef23a4dc79547babe0279ee80509d79
retry.m265-fish-eat.prior_source_sha256=a02e9ae7a8f0830aa64dd5ce71961071a20914e4585418e81af40f815cbd2518
retry.m265-fish-eat.source=tools/smoke/FishEatCycle.java
retry.m266-cooked-fish-eat.current_fingerprint=b81902eed3bae7d15763b8358a58d811a2f54ab481476bb98fa81538ea122f06
retry.m266-cooked-fish-eat.current_source_sha256=5dfed8c303eb8dd6df41dbcfbe72f2f416a99ff02c657d7fcacc4867e6aac6e8
retry.m266-cooked-fish-eat.evidence_sha256=6a35349bc3363e2a0bdcba540cf2da951f99fef652b0ebf654ed56e15f0e168f
retry.m266-cooked-fish-eat.prior_fingerprint=d8f663bf3e13b81a6063d76151d379da8b81eefafe93379535979b9819bd851d
retry.m266-cooked-fish-eat.prior_source_sha256=5c37d6cde718e5515082877c50c237dc3482d475acc4fb65102aa86e637f0cb5
retry.m266-cooked-fish-eat.source=tools/smoke/CookedFishEatCycle.java
retry.m267-milk-bucket.current_fingerprint=c678a5ec0b347675a242758e439e7933eb7cb1fa4aa19d9bc275bc232a7210ce
retry.m267-milk-bucket.current_source_sha256=d2f86f36c735111a1eb516ff55d9aff3bdaa264889351e46959a802e96f8bd34
retry.m267-milk-bucket.evidence_sha256=08a4bde6b39728f2585676409fd066a93aea351c0b561981b8e29c9fc7a2cff8
retry.m267-milk-bucket.prior_fingerprint=b6c6345815502048d38945036c517bf43451377e711c6973b92bf4ca81afe73e
retry.m267-milk-bucket.prior_source_sha256=f9a31f67136d241eb5c00c7026df7a88ca8fb72e628afe07836a909aeed19a3b
retry.m267-milk-bucket.source=tools/smoke/MilkBucketCycle.java
retry.m272-diamond-leggings.current_fingerprint=fe49d19756d4d8cca928ec614199c50a15cb81d1e20fd935d7d2d21e77031421
retry.m272-diamond-leggings.current_source_sha256=870e71088d98d8dd40b775bfeeffb156c745ed24096b770d65bd68c2446d791d
retry.m272-diamond-leggings.evidence_sha256=84c5aee2ec930400dffd8c3fb58277fed715027fa6a538ea53d5acc3cd24b9a0
retry.m272-diamond-leggings.prior_fingerprint=7aa571a8c736ec5446b49677c07b3184b9e1f769abef1e0c0ba65e7f0a4b6d6a
retry.m272-diamond-leggings.prior_source_sha256=2e07fdff48e8f81f1de0768774e74e9319ca2ad5500bcc18c4cf84421a211743
retry.m272-diamond-leggings.source=tools/smoke/DiamondLeggingsCycle.java
retry.m275-cactus-damage.current_fingerprint=b5cf22026bd0723071b2b3a36a3c86ffca182b1c197ff6902d8717da1518f149
retry.m275-cactus-damage.current_source_sha256=64cb63c762d331ef66c0677132e4056fcddc6445fafed0118374aab2a9e4b2c2
retry.m275-cactus-damage.evidence_sha256=c708ae878b6079760d5c246f952ca1789d98c31e395a568ad9c1a2d751ef6df8
retry.m275-cactus-damage.prior_fingerprint=d1af860737034b3aa4f4917bb58c5a690fa90a3c190bf997ea03e030d3d5f04a
retry.m275-cactus-damage.prior_source_sha256=bb7aa9e5b84ed1ce1296a0c1f7bf701926fda66ade3a547580f4e492e7c04970
retry.m275-cactus-damage.source=tools/smoke/CactusDamageCycle.java
retry.m302-shovel-soft-breaks.current_fingerprint=eea657fc98034a78e21022b7a9ae9dc13776d673e61b902079611c7a608505dc
retry.m302-shovel-soft-breaks.current_source_sha256=31a667b08521b22b158daeaf0d7244aad684c6f3f6492f1727df42ad2b3052f4
retry.m302-shovel-soft-breaks.evidence_sha256=83e1acd8df0e978483bdfe1199d46021b2f5b8a4908c646ca1045c002e7228d9
retry.m302-shovel-soft-breaks.prior_fingerprint=e994dbb0a55eb15d29ee0f22e1e3e8be4f6156ddabf0ef6cc7927f614c990492
retry.m302-shovel-soft-breaks.prior_source_sha256=738d23ca2422c4931ad4fb378f0cf819c14c5c503264ec164e66d5769a9d43c0
retry.m302-shovel-soft-breaks.source=tools/smoke/ShovelSoftBreaksCycle.java
retry.m307-env-damage.current_fingerprint=9ff67b8f89d4d557b2ff886b3b9883d8f572874fa4f3e7fb44201bbd59d00a5b
retry.m307-env-damage.current_source_sha256=02c355503e841dd62d67e2178c6adef28b4517de1974f25556795ff4525be9d3
retry.m307-env-damage.evidence_sha256=8a51289b35f57567a0dfbc0f3cf8f1d6981dac6219b52d494aac34f56713cba7
retry.m307-env-damage.prior_fingerprint=ba73726e735d68dba21617677776e74e6f8bcb47f0bd4883935ed6774063989a
retry.m307-env-damage.prior_source_sha256=9703bfff9882bf56fc5ae2ab3415f6a7535db1416c3edfcf86c03c4031c420f0
retry.m307-env-damage.source=tools/smoke/EnvDamageCycle.java
retry.m311-storage-carts.current_fingerprint=78262f34a99b630528d26f86261388c95186c5f1a1da97df14e620d4fb36cf51
retry.m311-storage-carts.current_source_sha256=eee13fd7d7181a84efa279023b1f397800adaf894394db3602e96ef3c9ab41e0
retry.m311-storage-carts.evidence_sha256=820eecba37b12ebcd44e719255868981552e3ef995e2ba92c4df32973218a71b
retry.m311-storage-carts.prior_fingerprint=369f99e25a2e52a93220a66c7875de21e1dab7d0f00f8a5083e7ff5ddd85759d
retry.m311-storage-carts.prior_source_sha256=95ac04ca3844c3043f1ff4bbd1ab119f2f0a3fb916847c08bf339fb18a184ca3
retry.m311-storage-carts.source=tools/smoke/StorageCartsCycle.java
retry.m313-note-instruments.current_fingerprint=a3f9f5ba6fa6aef62b29610101dbd6a2453bd228f2e726955698ae9cb554364e
retry.m313-note-instruments.current_source_sha256=f9eac397466c9e09bbdfa98302ab55cd82950f8df0e391bb142b5618234258f9
retry.m313-note-instruments.evidence_sha256=6e171effe14c350c22319797f836fbb498aa88b559a88bef337aa634f95943b6
retry.m313-note-instruments.prior_fingerprint=71857869d1a8e36aee80168e90f33d02aa5a84f6c641787140f472332b0d46da
retry.m313-note-instruments.prior_source_sha256=b2b823cda670cc1b77c1942bff744af33844e06eca8f10b44b6d9c0e40f05ae5
retry.m313-note-instruments.source=tools/smoke/NoteInstrumentsCycle.java
retry.m318-gold-diamond-tool-crafts.current_fingerprint=cfa713a3f15a4d715821be804fabb66a6c6fb8795ac27f6ebb91ea8ee524dcae
retry.m318-gold-diamond-tool-crafts.current_source_sha256=65d051d9767b91b3a1da125a44abcdb73e74feac8f0ee8b133a04f8ef64dbf6f
retry.m318-gold-diamond-tool-crafts.evidence_sha256=ea2a3772ad997141d967212b9f93a52ec0b5f633dde29b2b0192e844a377005e
retry.m318-gold-diamond-tool-crafts.prior_fingerprint=f8cafc74668981960e7f04fb7629d499de56db3181bf29bf02aa86faafaf7dcd
retry.m318-gold-diamond-tool-crafts.prior_source_sha256=e49e2af574fe8e050663e2cd107b1b14b83e29eae7e622023845c5d685582637
retry.m318-gold-diamond-tool-crafts.source=tools/smoke/GoldDiamondToolCraftsCycle.java
retry.m323-iron-tool-crafts.current_fingerprint=dfb29654cb32919d19b22bee57268916a85f2fe2f24950e8ea22f96e9bdd1dc7
retry.m323-iron-tool-crafts.current_source_sha256=1d2a1add52ed967751c6a1c6620dd69f1b37419a0d7be196df10c125493edaa0
retry.m323-iron-tool-crafts.evidence_sha256=17587efabb76f538dcae2f11569071d321ff253c298e403c9de331483b463270
retry.m323-iron-tool-crafts.prior_fingerprint=811a924907d4e13381235917551967d2187ac7999f94913ea784211f01971262
retry.m323-iron-tool-crafts.prior_source_sha256=8489352d46c6fc65febf997ab3af319550c72c2a68b6d21db22c7b0f69440c59
retry.m323-iron-tool-crafts.source=tools/smoke/IronToolCraftsCycle.java
retry.m324-furnace-rest-smelts.current_fingerprint=e6da3d03270ed1840e7c55b041fc6c0a167bb6c4697b464e7fb46726b3af31a2
retry.m324-furnace-rest-smelts.current_source_sha256=a288b456cce16f7a3ae4f89068eb2bb720bd00990b37ef2d9d8d98aaa66553dc
retry.m324-furnace-rest-smelts.evidence_sha256=6c131f48c758cb5376dfd0b9504b154148f17e3295c1337c08e4c32619dc781a
retry.m324-furnace-rest-smelts.prior_fingerprint=527385b0e7e96aa6c1cef285a67b18208d432917f1c66e3f138088216df7dac7
retry.m324-furnace-rest-smelts.prior_source_sha256=eff7e9f53c2ad245531f506b431a841dd056fdfbec68d697c35cc7b488be8857
retry.m324-furnace-rest-smelts.source=tools/smoke/FurnaceRestSmeltsCycle.java
retry.m327-food-crafts.current_fingerprint=89f51bcb45118f61ff8e39a5a1c77d0f95f1e85294000f8d353d00aa3c081009
retry.m327-food-crafts.current_source_sha256=fa5cb508cd21586b68ba303cc342531e5529c822b46b271aef00cce657e500a8
retry.m327-food-crafts.evidence_sha256=feb202ff5d2172def94a39a6a9e560b5e4ecdba79681b018a8e046bb89703a54
retry.m327-food-crafts.prior_fingerprint=f3493d702912d17091eb3fb25ff0e01af9fc6af281ae3d198f627ab03b807668
retry.m327-food-crafts.prior_source_sha256=1efe154f5fc1a783dc2028e0ce2f8e8ca89602dbb08cb2cbecc551284c6c247d
retry.m327-food-crafts.source=tools/smoke/FoodCraftsCycle.java
retry.m337-utility-item-crafts.current_fingerprint=b4b598cb626c0a035262020483669ae92a61fe42c8f38465354b5a4d671e5517
retry.m337-utility-item-crafts.current_source_sha256=614520be8d8ba42effdf0ea3bd19dbc7c6d09f28bb301d6bd3a26f9f73456fd8
retry.m337-utility-item-crafts.evidence_sha256=24941b7cbf8eca87a6e5f03001a622de0dfb51a8d4e4f754906557bfa7603367
retry.m337-utility-item-crafts.prior_fingerprint=f0439b5436de8b9537416ac47d69e35765d1ed3ef65d5d3e42b691c2dfeacbfb
retry.m337-utility-item-crafts.prior_source_sha256=3350f72fcb9a880f5d4022d1ec4460efdd011b499865e616b96c98ffdb4b24f8
retry.m337-utility-item-crafts.source=tools/smoke/UtilityItemCraftsCycle.java
retry.m338-furnace-fuel-set.current_fingerprint=a3279abcf1a3e48efed1860a113a889452b597392d9ce81a047c8658213c82e6
retry.m338-furnace-fuel-set.current_source_sha256=e706984ce6b4fcf44dcd150db2b3a3e41060e33bb58a779b7ead9736d2455501
retry.m338-furnace-fuel-set.evidence_sha256=d412ed91eacea33e26daaf3f37c6494ecb462ee19694093f7126187f36a2b957
retry.m338-furnace-fuel-set.prior_fingerprint=ab6b4e21c71e09ac20708499fb588be1aabb7dae9eb6def6e1a81abcdf3e198c
retry.m338-furnace-fuel-set.prior_source_sha256=0b9f8e6f3d814caac00327ca616f655dd7e3051109a2f6b8fb61196fb5796a0f
retry.m338-furnace-fuel-set.source=tools/smoke/FurnaceFuelSetCycle.java
retry.m341-repeater-delay-set.current_fingerprint=784f6aae9671c5266d28b67ef3f195724997f3f5d2d0b15b0bb5f0af8119486e
retry.m341-repeater-delay-set.current_source_sha256=c50c08f267bcc7a624aed849db314297e1eb69eeae3c2852484049771d458737
retry.m341-repeater-delay-set.evidence_sha256=5dfcac91e31b99f9d578961c42075eb4456a7e3dde14bf19c6d069bf7dc49136
retry.m341-repeater-delay-set.prior_fingerprint=2e599e2ed80d948f65ec4f1934aa9009a16f0e682e08d62c743926ccf0f30cb9
retry.m341-repeater-delay-set.prior_source_sha256=94ae0799067eef5e85495ce9c19ee9b9dadc1814cee04b016494e4f704d6563e
retry.m341-repeater-delay-set.source=tools/smoke/RepeaterDelaySetCycle.java
retry.m347-gold-diamond-hoes.current_fingerprint=2ff6ed84546e46ff004d91a8aabeab967dedc398a36be62cfe20d5492f5ce7dc
retry.m347-gold-diamond-hoes.current_source_sha256=666bfeca50b9a5f7155eed59e8b448672f5a10f7e23778a0de9dcf2c25647199
retry.m347-gold-diamond-hoes.evidence_sha256=db8eed6611d61cb0063b32dcf170a0fd66d46799102196c45721842544e6515b
retry.m347-gold-diamond-hoes.prior_fingerprint=b9e962653c2e752dcae4012d04d16bca757cb31a2741aa02e082cddf3548f6c2
retry.m347-gold-diamond-hoes.prior_source_sha256=5c942e575b7fed684f2811fc1dac53d4e456b4370f2c98b6e376d087fe370bbb
retry.m347-gold-diamond-hoes.source=tools/smoke/GoldDiamondHoesCycle.java
retry.m355-note-rest-instruments.current_fingerprint=57bcbda22864f547890eeec1ebe602bc1da14dd2de9d6e74c77619ccfb8888fc
retry.m355-note-rest-instruments.current_source_sha256=e1a9043cc7d5b1273c41d0d1108a403057b3e9435ae4bf0ab0ebdb6ae078b16c
retry.m355-note-rest-instruments.evidence_sha256=0b8bfa875138db6748a105c9ca98ad10bd8f4ff277dbe49e5d1d96e5790cf868
retry.m355-note-rest-instruments.prior_fingerprint=ee463a6e18b85dc563a5fb9ccf3bdb66099ea843745ea60c41696df528f66980
retry.m355-note-rest-instruments.prior_source_sha256=fea2614066bb56b35e91372c70be91599d0b16fe49091133ee6c6e38b2cd171d
retry.m355-note-rest-instruments.source=tools/smoke/NoteRestInstrumentsCycle.java
retry.m362-fence-collision-set.current_fingerprint=4b42eae14c4e4378ab457062b5da8fa1a2a3392cf0d79bc2c5e46aef467675bd
retry.m362-fence-collision-set.current_source_sha256=6300585344079827f392649f373a57956521e6ce8c98c61cd366ce55e3ed7da2
retry.m362-fence-collision-set.evidence_sha256=5784076d8eb5c6e86478f102566067459f9c73c231b5f92141b25d65c79ae290
retry.m362-fence-collision-set.prior_fingerprint=c0af14b6e363f8043d20c1979461b4794dc3b078123fc3ea4504ba1babd2e95d
retry.m362-fence-collision-set.prior_source_sha256=61a574d6cf464fc27f6ca46f68c2299c88cf3b62c193269b8fc7e82ff3ee4172
retry.m362-fence-collision-set.source=tools/smoke/FenceCollisionSetCycle.java
retry.m370-remaining-furnace-smelts.current_fingerprint=86d7274ee3f66b56479cdacf53ac7cd2912a30725d17ee141efce068bf434457
retry.m370-remaining-furnace-smelts.current_source_sha256=72b0777ff2dd78e089bb240e2de9b99c5597ba1eef0d5ca76bd656a7d05f0c3e
retry.m370-remaining-furnace-smelts.evidence_sha256=912452d315840ced68811ccce77f3cde4f1250eac7068c5ddd9f85e22a607a2a
retry.m370-remaining-furnace-smelts.prior_fingerprint=ef48e8ca07f77aac79974bcfdfc3c248087787dc536554dfcf7a41e0f9429840
retry.m370-remaining-furnace-smelts.prior_source_sha256=348dd8803171700363cf3d2d32e23c933cc35689f2dc104bbcfb708bc279ee7f
retry.m370-remaining-furnace-smelts.source=tools/smoke/RemainingFurnaceSmeltsCycle.java
retry.m372-placeable-item-crafts.current_fingerprint=23b36137c8600eaba4e3aeac96e47fcdb5c2b3c5d51b952dbcdd46a5088a9cf3
retry.m372-placeable-item-crafts.current_source_sha256=9cbfe9e12a19c733de36c332714d399f78063d6d18508c35b4a559c46503ede4
retry.m372-placeable-item-crafts.evidence_sha256=80d1b7a10efe73807810ca2609135b07e47ba57880f35e72d1b205e27394a993
retry.m372-placeable-item-crafts.prior_fingerprint=d0262161a08f4a59efe9772a721db81fbff6fabbba0704d1012f1fd8c21bb998
retry.m372-placeable-item-crafts.prior_source_sha256=3c1a9a6ffe3ebf1b5f0fe388d4b0dab64e217a36ba4e4afbf7aa327472d0f146
retry.m372-placeable-item-crafts.source=tools/smoke/PlaceableItemCraftsCycle.java
retry.m376-remaining-shovel-breaks.current_fingerprint=595eb68ddddbceb33da9b933211fdf8e0c339aa8fabcbae3ee88834832ee72df
retry.m376-remaining-shovel-breaks.current_source_sha256=1b29510956025464ef8108593fa229ecd2e7a45b94b41eecbe5028dc76a1bf77
retry.m376-remaining-shovel-breaks.evidence_sha256=40c64c0c07f6bc2b0dd8ed47b2526c1b5ef81a70c4b44720126cc44bc5d15c52
retry.m376-remaining-shovel-breaks.prior_fingerprint=1c25f7aced324d0a6d3f15594cdcf2a6baa78a49a417c02e24a63603db56df8d
retry.m376-remaining-shovel-breaks.prior_source_sha256=a17ca57c114d8c2852c5fe8f3a87ba74577dafee460e931b822b1002000411a5
retry.m376-remaining-shovel-breaks.source=tools/smoke/RemainingShovelBreaksCycle.java
retry.m404-remaining-cart-break.current_fingerprint=36f797ff0d1b66b7a81a2f835faf6d24efc4d403001de8588129d1b1f97e5d62
retry.m404-remaining-cart-break.current_source_sha256=ebac70587c9ae7fb927f5fa6d2521ff821ffcb47b4aa3789da48d1103e8b8efb
retry.m404-remaining-cart-break.evidence_sha256=8a80558c9383a317d0d6a8f145c940ff21cb07ffb3649aa4c564214adde79bcf
retry.m404-remaining-cart-break.prior_fingerprint=9db39b14e02230343e0c1a978edb650a614dbcbafb1f4b8fa05eed4b76be7ad2
retry.m404-remaining-cart-break.prior_source_sha256=423f2a1a21bf24e9e24782ca65ed760dfcfe8b13aeef1f98f88352a79b958543
retry.m404-remaining-cart-break.source=tools/smoke/RemainingCartBreakCycle.java
retry.m425-remaining-machine-faces.current_fingerprint=81664bf0334df217c09035783ec18e6be7fd501002812175ba6b8c0cc007d954
retry.m425-remaining-machine-faces.current_source_sha256=6ae65a1432f06fc510cc869397e03182f0232203478907597ec214812171e3ed
retry.m425-remaining-machine-faces.evidence_sha256=5f5f8026b3aef5768a963db53d9393ac9ed86b766118d805407d5cf5b11a5dbf
retry.m425-remaining-machine-faces.prior_fingerprint=4e451c78c4c0384ae975b23074a578f7a2ba5132efe07f4a8bc571041d1d3204
retry.m425-remaining-machine-faces.prior_source_sha256=d0842eb480cc8957887a35260e7f95c9acb80ae01a986127614a661c63003c2d
retry.m425-remaining-machine-faces.source=tools/smoke/RemainingMachineFacesCycle.java
retry.m426-remaining-redstone-faces.current_fingerprint=23ba6d881beb20de2076523a9ee5b5d4648f87b0ff258ebcf5f9181f2f2bc1e6
retry.m426-remaining-redstone-faces.current_source_sha256=8a24f34e9e15526741e50086962da68e269290bd11174bfeb95ad7a4dbd07f30
retry.m426-remaining-redstone-faces.evidence_sha256=1bb55855bc7d7a3c3f9eef22fd7e235e02c3e5220a782fb29ed29a27bb69b44e
retry.m426-remaining-redstone-faces.prior_fingerprint=f42594f626e0d471875889425f9e99767d9f71dd4f5edfe6793dc3f76206d2d8
retry.m426-remaining-redstone-faces.prior_source_sha256=312bac401b392d569e4e5be98737ed1b9f58c34289785219d4c3fa47009acf02
retry.m426-remaining-redstone-faces.source=tools/smoke/RemainingRedstoneFacesCycle.java
retry.m500-sw-rain-transition.current_fingerprint=7d9a1e73e2395872e6f061bca13039c91c5871c2c2531733ce64ee534b4d270c
retry.m500-sw-rain-transition.current_source_sha256=9e5d727eeb02fa43fd1dd4f40cd44cd013a0eebcbd6513a3cb9221ba0de3ce21
retry.m500-sw-rain-transition.evidence_sha256=3a90b1745c24f4ba910f209f1f4939d631063e67acfcee4f610933d55b69eb7d
retry.m500-sw-rain-transition.prior_fingerprint=679f41b27bf2b09b4a9558108f7a72891e4aa2050a9f0b0a5a46b194b931cbb0
retry.m500-sw-rain-transition.prior_source_sha256=d3fbf3cfbbb14e0989f9d0f04a960e6084e8a2f97ddd00fb917b0079e4199d1a
retry.m500-sw-rain-transition.source=tools/smoke/RainTransitionCycle.java
retry.m555-torch-burnout-set.current_fingerprint=4c458b211680585730a5c68eabc9521518aef408127c865774a3b402245cbb9e
retry.m555-torch-burnout-set.current_source_sha256=beea1a48cef61301ffe268ead7ad08d70ff8e2f300f6e828086927994c7eb9bc
retry.m555-torch-burnout-set.evidence_sha256=18bb8e9a083d0861b2a55ef541e55b825b6495c88e02d63298e035dad62bbc00
retry.m555-torch-burnout-set.prior_fingerprint=1fd3d285e2770c222da54f9a8ae6276c99c1e48d352c0ab7f893b95087471077
retry.m555-torch-burnout-set.prior_source_sha256=c569d1af31bd97ef7128621dba6f7fa6ff5f167b33cbb45e346c6f6166d08f63
retry.m555-torch-burnout-set.source=tools/smoke/TorchBurnoutSetCycle.java
retry.m563-nether-exit-create-set.current_fingerprint=2d3984be7c4dc3c1493ac7b8393ced3c9ccc8631daade44894670d9fb5bf00bb
retry.m563-nether-exit-create-set.current_source_sha256=4cdeb07f3340f448c9542b9f53ee473053d01a6e2e47f59e6c68099e98e6207c
retry.m563-nether-exit-create-set.evidence_sha256=6a31a5c30bf7a861c626da550e1989e4d2c38f0a32cd4607e27a9093fa6a268d
retry.m563-nether-exit-create-set.prior_fingerprint=35512388e544621d89b2a1ed195f212846ba1b300543ca49abfde45dc70a0dcd
retry.m563-nether-exit-create-set.prior_source_sha256=05b21ef3a6d286951fe0669c0d00834c9e6eb0863e5d938ddbcc6f71f669fa3b
retry.m563-nether-exit-create-set.source=tools/smoke/NetherExitCreateSetCycle.java
schema=1
support_sha256=6ba4debbe16e19cdc06eaa81dee50de7f0a245b7b2f41c07468c49b258722c3e
