# Worldline EOF retry migration v1
boundary_sha256=57bf1ef05537b24d8819acf622df79c4ecc4c5cb59aa8f5fb858b98df12c4627
count=33
retry.m238-grass.current_fingerprint=aada39f0fcdaa04ef3608d061fb02b85ad5f699537fa00ce3c29913f5ea4cf79
retry.m238-grass.current_source_sha256=0f1032bb2d04e9ea1dba6f52befc386be4a6935111c90bce9de2a6570c981bbb
retry.m238-grass.evidence_sha256=3056478f663744b460245599a51d711c0d26a0d619c4595bd2def1f6cf3f99d4
retry.m238-grass.prior_fingerprint=fa92e69d9afe5acdde56614de11099eefe64a6713eb8d78883a5f7c278f377fa
retry.m238-grass.prior_source_sha256=314a18dd0029923e7802fae14015005ae47b1d11a384a1c93c271643b193123a
retry.m238-grass.source=tools/smoke/GrassCycle.java
retry.m258-bread-eat.current_fingerprint=4c654ec4b71c534e43942f78899e788012969a329baa5b5c16e9ef8fde2a418a
retry.m258-bread-eat.current_source_sha256=5b6e38cfe34cae507f76afe39641c74e3c73692bd8ddbf73278e41723a7ed3fe
retry.m258-bread-eat.evidence_sha256=1f0cbe46155bbaf393891dc8f4343effa6b5f502c8efc4c8f0122c424a05da3a
retry.m258-bread-eat.prior_fingerprint=a3e76516080f6f8a1b32c3d347e9f963fcce088ee6f8c78932ebd123193342b5
retry.m258-bread-eat.prior_source_sha256=300e9514b5a4bb8b89fab50791991bd4a5c88ec95432401f8b309871e46c9d99
retry.m258-bread-eat.source=tools/smoke/BreadEatCycle.java
retry.m262-cookie-eat.current_fingerprint=0ac5e350b9b8cfa9e3f66f4b31e084eb7809322d699564b72b88cd0a81735699
retry.m262-cookie-eat.current_source_sha256=7d1c334c627314c8acd7eedbc33525d432fd0a0f280ce35bbfc66a1c80a81f7e
retry.m262-cookie-eat.evidence_sha256=2374d08bdc38c0697e31d3009c028cbb6f70fb2794e2d20606804aaa4dbfb0bc
retry.m262-cookie-eat.prior_fingerprint=fc18bb58e4f824322756fd88e43c288e664b4d0b19259f44fa04903f04e6c181
retry.m262-cookie-eat.prior_source_sha256=f5234967c808783c4eeb9f9b2bba1de4b4c96f31b43ecbb34eeffef160932371
retry.m262-cookie-eat.source=tools/smoke/CookieEatCycle.java
retry.m263-stew-eat.current_fingerprint=f4519320de26f8bfd0184dbce8efe874db8dd9969d3980d5c06af4ea08dd7c35
retry.m263-stew-eat.current_source_sha256=51e8f241827949eba76c31fbce892b1186d33d46f28f44767a162ade1aeba139
retry.m263-stew-eat.evidence_sha256=94038e1a1f75ad42e97730c63d6089ab182511bd6f5889d8a1610d83e5471bc9
retry.m263-stew-eat.prior_fingerprint=2a45cb8b00b8e2935ae2fa4fabad00898fbdab151859e019c740950a7acdf8d7
retry.m263-stew-eat.prior_source_sha256=100e977d63472ef937fd4f6f12fecc5d915b651db96c2561fd77d88c1f7c8c59
retry.m263-stew-eat.source=tools/smoke/StewEatCycle.java
retry.m264-raw-pork-eat.current_fingerprint=8a2b01971c4faab4daa906642e273e0590e836fa0cf1ae8c364f9179527ef3fc
retry.m264-raw-pork-eat.current_source_sha256=d25f8e8e214d092746a44986461e2aa20b53b8030b77f13f6b12ff932cd02621
retry.m264-raw-pork-eat.evidence_sha256=c43583070f3c4185f97ebefa6a8f0a6ce3428f70ea6621d094546db1cbae4502
retry.m264-raw-pork-eat.prior_fingerprint=1e03bb1323cf66b2be02f7ea49ad855f694e4678d791added8d1c95f63f2577a
retry.m264-raw-pork-eat.prior_source_sha256=f7f2663284a643f9bddb949914373e1b006721b5cade71a10b364cd7fd5568b5
retry.m264-raw-pork-eat.source=tools/smoke/RawPorkEatCycle.java
retry.m265-fish-eat.current_fingerprint=861c83e118f2f3997cea40e279e1905b66903baf2d3e2f6bf1a1fabea649f4c4
retry.m265-fish-eat.current_source_sha256=b4d4659a78f9dcd5f353bf731f29d31df7148610834e3299f43c3548de30a9af
retry.m265-fish-eat.evidence_sha256=0c9b15289f11f60a602735efc2cf64ae7cf2e4ad6454e33fd5fdb6a44023f832
retry.m265-fish-eat.prior_fingerprint=9fe875c9c7eef7e88121621b8412c98d1ef23a4dc79547babe0279ee80509d79
retry.m265-fish-eat.prior_source_sha256=a02e9ae7a8f0830aa64dd5ce71961071a20914e4585418e81af40f815cbd2518
retry.m265-fish-eat.source=tools/smoke/FishEatCycle.java
retry.m266-cooked-fish-eat.current_fingerprint=2f67b012e8e3d48e0f0c0bfb0520cd8b92824d445934fb61acd92989465ccebc
retry.m266-cooked-fish-eat.current_source_sha256=2f2115ea949c1f1ee2ae443267c5970cb870494881fec26a5123ef154155fb78
retry.m266-cooked-fish-eat.evidence_sha256=6a35349bc3363e2a0bdcba540cf2da951f99fef652b0ebf654ed56e15f0e168f
retry.m266-cooked-fish-eat.prior_fingerprint=d8f663bf3e13b81a6063d76151d379da8b81eefafe93379535979b9819bd851d
retry.m266-cooked-fish-eat.prior_source_sha256=5c37d6cde718e5515082877c50c237dc3482d475acc4fb65102aa86e637f0cb5
retry.m266-cooked-fish-eat.source=tools/smoke/CookedFishEatCycle.java
retry.m267-milk-bucket.current_fingerprint=d4fd8fc9d01988137b1e79f5f72bb0734bbdcda0ab2d9e63781a9ce768e2fc9f
retry.m267-milk-bucket.current_source_sha256=5072746bf8b04d3e953abe29f0c43e42909698497b2fd83ef422f13264fad32c
retry.m267-milk-bucket.evidence_sha256=08a4bde6b39728f2585676409fd066a93aea351c0b561981b8e29c9fc7a2cff8
retry.m267-milk-bucket.prior_fingerprint=b6c6345815502048d38945036c517bf43451377e711c6973b92bf4ca81afe73e
retry.m267-milk-bucket.prior_source_sha256=f9a31f67136d241eb5c00c7026df7a88ca8fb72e628afe07836a909aeed19a3b
retry.m267-milk-bucket.source=tools/smoke/MilkBucketCycle.java
retry.m272-diamond-leggings.current_fingerprint=fe49d19756d4d8cca928ec614199c50a15cb81d1e20fd935d7d2d21e77031421
retry.m272-diamond-leggings.current_source_sha256=94bbe87ac392ec34eff2fe10092a5e22a2981d7f4b019f7a8b7b50b2dcff2cc8
retry.m272-diamond-leggings.evidence_sha256=84c5aee2ec930400dffd8c3fb58277fed715027fa6a538ea53d5acc3cd24b9a0
retry.m272-diamond-leggings.prior_fingerprint=7aa571a8c736ec5446b49677c07b3184b9e1f769abef1e0c0ba65e7f0a4b6d6a
retry.m272-diamond-leggings.prior_source_sha256=2e07fdff48e8f81f1de0768774e74e9319ca2ad5500bcc18c4cf84421a211743
retry.m272-diamond-leggings.source=tools/smoke/DiamondLeggingsCycle.java
retry.m275-cactus-damage.current_fingerprint=b5cf22026bd0723071b2b3a36a3c86ffca182b1c197ff6902d8717da1518f149
retry.m275-cactus-damage.current_source_sha256=9113e7c7ba68a99108e26fdd0a55da0d60d2b3c5b7ed535758662177976be9fa
retry.m275-cactus-damage.evidence_sha256=c708ae878b6079760d5c246f952ca1789d98c31e395a568ad9c1a2d751ef6df8
retry.m275-cactus-damage.prior_fingerprint=d1af860737034b3aa4f4917bb58c5a690fa90a3c190bf997ea03e030d3d5f04a
retry.m275-cactus-damage.prior_source_sha256=bb7aa9e5b84ed1ce1296a0c1f7bf701926fda66ade3a547580f4e492e7c04970
retry.m275-cactus-damage.source=tools/smoke/CactusDamageCycle.java
retry.m302-shovel-soft-breaks.current_fingerprint=eea657fc98034a78e21022b7a9ae9dc13776d673e61b902079611c7a608505dc
retry.m302-shovel-soft-breaks.current_source_sha256=52b55cf910fb4925d52eb88e64303c2a6d2185de3446e912b39196269ba22f38
retry.m302-shovel-soft-breaks.evidence_sha256=83e1acd8df0e978483bdfe1199d46021b2f5b8a4908c646ca1045c002e7228d9
retry.m302-shovel-soft-breaks.prior_fingerprint=e994dbb0a55eb15d29ee0f22e1e3e8be4f6156ddabf0ef6cc7927f614c990492
retry.m302-shovel-soft-breaks.prior_source_sha256=738d23ca2422c4931ad4fb378f0cf819c14c5c503264ec164e66d5769a9d43c0
retry.m302-shovel-soft-breaks.source=tools/smoke/ShovelSoftBreaksCycle.java
retry.m307-env-damage.current_fingerprint=63ff93d9c09b3bf4edb17b9213d426d4d6b544bb7d8bfd1b5751b63e222b4fcd
retry.m307-env-damage.current_source_sha256=62a0bbca65beb7978cc5a2b62219e26930bf5cdb0dccc7e092e4ad86825eed91
retry.m307-env-damage.evidence_sha256=8a51289b35f57567a0dfbc0f3cf8f1d6981dac6219b52d494aac34f56713cba7
retry.m307-env-damage.prior_fingerprint=ba73726e735d68dba21617677776e74e6f8bcb47f0bd4883935ed6774063989a
retry.m307-env-damage.prior_source_sha256=9703bfff9882bf56fc5ae2ab3415f6a7535db1416c3edfcf86c03c4031c420f0
retry.m307-env-damage.source=tools/smoke/EnvDamageCycle.java
retry.m311-storage-carts.current_fingerprint=78262f34a99b630528d26f86261388c95186c5f1a1da97df14e620d4fb36cf51
retry.m311-storage-carts.current_source_sha256=8d35a65252e18d73d874405ce50909f65dd3c864cfd975b1cebf333b708ffd13
retry.m311-storage-carts.evidence_sha256=820eecba37b12ebcd44e719255868981552e3ef995e2ba92c4df32973218a71b
retry.m311-storage-carts.prior_fingerprint=369f99e25a2e52a93220a66c7875de21e1dab7d0f00f8a5083e7ff5ddd85759d
retry.m311-storage-carts.prior_source_sha256=95ac04ca3844c3043f1ff4bbd1ab119f2f0a3fb916847c08bf339fb18a184ca3
retry.m311-storage-carts.source=tools/smoke/StorageCartsCycle.java
retry.m313-note-instruments.current_fingerprint=a3f9f5ba6fa6aef62b29610101dbd6a2453bd228f2e726955698ae9cb554364e
retry.m313-note-instruments.current_source_sha256=1d465eff9032b41017dc0ded7c0321ee91bf43cbd98366f0a8a12218b37cb6a8
retry.m313-note-instruments.evidence_sha256=6e171effe14c350c22319797f836fbb498aa88b559a88bef337aa634f95943b6
retry.m313-note-instruments.prior_fingerprint=71857869d1a8e36aee80168e90f33d02aa5a84f6c641787140f472332b0d46da
retry.m313-note-instruments.prior_source_sha256=b2b823cda670cc1b77c1942bff744af33844e06eca8f10b44b6d9c0e40f05ae5
retry.m313-note-instruments.source=tools/smoke/NoteInstrumentsCycle.java
retry.m318-gold-diamond-tool-crafts.current_fingerprint=1a1edbc7df0a1804a1ac1ac4c9f2271af0adf340929a2b284f8ce8bb7cd84a84
retry.m318-gold-diamond-tool-crafts.current_source_sha256=db207396ae18cfefb477ff9f385a627727c56f9c63f24bb2b84b714b8f83f6f1
retry.m318-gold-diamond-tool-crafts.evidence_sha256=ea2a3772ad997141d967212b9f93a52ec0b5f633dde29b2b0192e844a377005e
retry.m318-gold-diamond-tool-crafts.prior_fingerprint=f8cafc74668981960e7f04fb7629d499de56db3181bf29bf02aa86faafaf7dcd
retry.m318-gold-diamond-tool-crafts.prior_source_sha256=e49e2af574fe8e050663e2cd107b1b14b83e29eae7e622023845c5d685582637
retry.m318-gold-diamond-tool-crafts.source=tools/smoke/GoldDiamondToolCraftsCycle.java
retry.m323-iron-tool-crafts.current_fingerprint=7877b61f1c72742f55766241f5c195ac870795f4bfcfeece0dbc4411a664f7b0
retry.m323-iron-tool-crafts.current_source_sha256=86ffbfaddf7333cd905fb1d51cab5e92f396dcf245762c79af344fb883f1c7c3
retry.m323-iron-tool-crafts.evidence_sha256=17587efabb76f538dcae2f11569071d321ff253c298e403c9de331483b463270
retry.m323-iron-tool-crafts.prior_fingerprint=811a924907d4e13381235917551967d2187ac7999f94913ea784211f01971262
retry.m323-iron-tool-crafts.prior_source_sha256=8489352d46c6fc65febf997ab3af319550c72c2a68b6d21db22c7b0f69440c59
retry.m323-iron-tool-crafts.source=tools/smoke/IronToolCraftsCycle.java
retry.m324-furnace-rest-smelts.current_fingerprint=1ba94c095afe42e7fe50f340f250365d0a35c131ad7964dcdde7f30962b48f0e
retry.m324-furnace-rest-smelts.current_source_sha256=dc7d92f2a72e0dafee5eeae0e0fc2c655d4329fb744e370a1cf1e708d1629754
retry.m324-furnace-rest-smelts.evidence_sha256=6c131f48c758cb5376dfd0b9504b154148f17e3295c1337c08e4c32619dc781a
retry.m324-furnace-rest-smelts.prior_fingerprint=527385b0e7e96aa6c1cef285a67b18208d432917f1c66e3f138088216df7dac7
retry.m324-furnace-rest-smelts.prior_source_sha256=eff7e9f53c2ad245531f506b431a841dd056fdfbec68d697c35cc7b488be8857
retry.m324-furnace-rest-smelts.source=tools/smoke/FurnaceRestSmeltsCycle.java
retry.m327-food-crafts.current_fingerprint=89f51bcb45118f61ff8e39a5a1c77d0f95f1e85294000f8d353d00aa3c081009
retry.m327-food-crafts.current_source_sha256=890eb3b7783b4b2dc7228635e0edea0c32ffc9b08821c1f587063d8bf9b54455
retry.m327-food-crafts.evidence_sha256=feb202ff5d2172def94a39a6a9e560b5e4ecdba79681b018a8e046bb89703a54
retry.m327-food-crafts.prior_fingerprint=f3493d702912d17091eb3fb25ff0e01af9fc6af281ae3d198f627ab03b807668
retry.m327-food-crafts.prior_source_sha256=1efe154f5fc1a783dc2028e0ce2f8e8ca89602dbb08cb2cbecc551284c6c247d
retry.m327-food-crafts.source=tools/smoke/FoodCraftsCycle.java
retry.m337-utility-item-crafts.current_fingerprint=684eab09c3c05778e03ed3eaa214b5893559ba4d0b1d2b9bd6019c81ae8d768d
retry.m337-utility-item-crafts.current_source_sha256=7b4521633c3ff0eeea764de1dd1f54db25227ba26e3e9e0d925e07fff35d0980
retry.m337-utility-item-crafts.evidence_sha256=24941b7cbf8eca87a6e5f03001a622de0dfb51a8d4e4f754906557bfa7603367
retry.m337-utility-item-crafts.prior_fingerprint=f0439b5436de8b9537416ac47d69e35765d1ed3ef65d5d3e42b691c2dfeacbfb
retry.m337-utility-item-crafts.prior_source_sha256=3350f72fcb9a880f5d4022d1ec4460efdd011b499865e616b96c98ffdb4b24f8
retry.m337-utility-item-crafts.source=tools/smoke/UtilityItemCraftsCycle.java
retry.m338-furnace-fuel-set.current_fingerprint=8ddab9eab182bbf9b49c59dc43f4ec5545f568e86eaa6da171a412e4ee8cdca0
retry.m338-furnace-fuel-set.current_source_sha256=612161e62f385250d136f3b4cad8b4e1410f9c0c4e759b487b0e29ecd54ce171
retry.m338-furnace-fuel-set.evidence_sha256=d412ed91eacea33e26daaf3f37c6494ecb462ee19694093f7126187f36a2b957
retry.m338-furnace-fuel-set.prior_fingerprint=ab6b4e21c71e09ac20708499fb588be1aabb7dae9eb6def6e1a81abcdf3e198c
retry.m338-furnace-fuel-set.prior_source_sha256=0b9f8e6f3d814caac00327ca616f655dd7e3051109a2f6b8fb61196fb5796a0f
retry.m338-furnace-fuel-set.source=tools/smoke/FurnaceFuelSetCycle.java
retry.m341-repeater-delay-set.current_fingerprint=281cb77c2b1a5987fc619688b3349891cfce6e4f5b6e35cf47a6ae13358405c0
retry.m341-repeater-delay-set.current_source_sha256=dcb866cf862694b44efd86edbe575f1a3f54f23362fd60f166996e373e9bb12f
retry.m341-repeater-delay-set.evidence_sha256=5dfcac91e31b99f9d578961c42075eb4456a7e3dde14bf19c6d069bf7dc49136
retry.m341-repeater-delay-set.prior_fingerprint=2e599e2ed80d948f65ec4f1934aa9009a16f0e682e08d62c743926ccf0f30cb9
retry.m341-repeater-delay-set.prior_source_sha256=94ae0799067eef5e85495ce9c19ee9b9dadc1814cee04b016494e4f704d6563e
retry.m341-repeater-delay-set.source=tools/smoke/RepeaterDelaySetCycle.java
retry.m347-gold-diamond-hoes.current_fingerprint=2ddfc22e50f354875878cca15ba39c7ca7319eef2d49ceb21066153280730749
retry.m347-gold-diamond-hoes.current_source_sha256=4f4cf323c9bb54fdf3781dc228ec93f1faa7a28379af7d164fda326e04bc2f04
retry.m347-gold-diamond-hoes.evidence_sha256=db8eed6611d61cb0063b32dcf170a0fd66d46799102196c45721842544e6515b
retry.m347-gold-diamond-hoes.prior_fingerprint=b9e962653c2e752dcae4012d04d16bca757cb31a2741aa02e082cddf3548f6c2
retry.m347-gold-diamond-hoes.prior_source_sha256=5c942e575b7fed684f2811fc1dac53d4e456b4370f2c98b6e376d087fe370bbb
retry.m347-gold-diamond-hoes.source=tools/smoke/GoldDiamondHoesCycle.java
retry.m355-note-rest-instruments.current_fingerprint=57bcbda22864f547890eeec1ebe602bc1da14dd2de9d6e74c77619ccfb8888fc
retry.m355-note-rest-instruments.current_source_sha256=7c9c30ba7753ab5b7b6cdf936d71448886f3426ed88c47475efbd0b9d27a64f8
retry.m355-note-rest-instruments.evidence_sha256=0b8bfa875138db6748a105c9ca98ad10bd8f4ff277dbe49e5d1d96e5790cf868
retry.m355-note-rest-instruments.prior_fingerprint=ee463a6e18b85dc563a5fb9ccf3bdb66099ea843745ea60c41696df528f66980
retry.m355-note-rest-instruments.prior_source_sha256=fea2614066bb56b35e91372c70be91599d0b16fe49091133ee6c6e38b2cd171d
retry.m355-note-rest-instruments.source=tools/smoke/NoteRestInstrumentsCycle.java
retry.m362-fence-collision-set.current_fingerprint=46e6ccc996d7253e64ce75607eb7ee56852d798f9cb55ddb47f78b6c5fda8852
retry.m362-fence-collision-set.current_source_sha256=74ecbe2a2a877b2ad8612f5276b71bb1c49876257152da0630cdc361fc1f5b73
retry.m362-fence-collision-set.evidence_sha256=5784076d8eb5c6e86478f102566067459f9c73c231b5f92141b25d65c79ae290
retry.m362-fence-collision-set.prior_fingerprint=c0af14b6e363f8043d20c1979461b4794dc3b078123fc3ea4504ba1babd2e95d
retry.m362-fence-collision-set.prior_source_sha256=61a574d6cf464fc27f6ca46f68c2299c88cf3b62c193269b8fc7e82ff3ee4172
retry.m362-fence-collision-set.source=tools/smoke/FenceCollisionSetCycle.java
retry.m370-remaining-furnace-smelts.current_fingerprint=8410ac34953ebde863aed74938fe92b323cfd0b0bdca6e4e6b88baca30ca81b7
retry.m370-remaining-furnace-smelts.current_source_sha256=bb5c46c5034ad796f77a1ece4979bdc913e477ad738fd04f5e0c322c782c3a96
retry.m370-remaining-furnace-smelts.evidence_sha256=912452d315840ced68811ccce77f3cde4f1250eac7068c5ddd9f85e22a607a2a
retry.m370-remaining-furnace-smelts.prior_fingerprint=ef48e8ca07f77aac79974bcfdfc3c248087787dc536554dfcf7a41e0f9429840
retry.m370-remaining-furnace-smelts.prior_source_sha256=348dd8803171700363cf3d2d32e23c933cc35689f2dc104bbcfb708bc279ee7f
retry.m370-remaining-furnace-smelts.source=tools/smoke/RemainingFurnaceSmeltsCycle.java
retry.m372-placeable-item-crafts.current_fingerprint=c4948a54f269449017fe7b1821d7728948955ba6e8a74cb9c8b2be85ba10faf7
retry.m372-placeable-item-crafts.current_source_sha256=f74866047c892a7959450ac9964861d18865ddb4313e89c48f5798e5fbad634b
retry.m372-placeable-item-crafts.evidence_sha256=80d1b7a10efe73807810ca2609135b07e47ba57880f35e72d1b205e27394a993
retry.m372-placeable-item-crafts.prior_fingerprint=d0262161a08f4a59efe9772a721db81fbff6fabbba0704d1012f1fd8c21bb998
retry.m372-placeable-item-crafts.prior_source_sha256=3c1a9a6ffe3ebf1b5f0fe388d4b0dab64e217a36ba4e4afbf7aa327472d0f146
retry.m372-placeable-item-crafts.source=tools/smoke/PlaceableItemCraftsCycle.java
retry.m376-remaining-shovel-breaks.current_fingerprint=7970258995bae33fc3caa08024f9769f42654d64b5a2011b1e1cd2630baa12d9
retry.m376-remaining-shovel-breaks.current_source_sha256=1661b4ada9f3b50c048aa75985e59e11d7885b26f8e4176cde7fe3ea5596712a
retry.m376-remaining-shovel-breaks.evidence_sha256=40c64c0c07f6bc2b0dd8ed47b2526c1b5ef81a70c4b44720126cc44bc5d15c52
retry.m376-remaining-shovel-breaks.prior_fingerprint=1c25f7aced324d0a6d3f15594cdcf2a6baa78a49a417c02e24a63603db56df8d
retry.m376-remaining-shovel-breaks.prior_source_sha256=a17ca57c114d8c2852c5fe8f3a87ba74577dafee460e931b822b1002000411a5
retry.m376-remaining-shovel-breaks.source=tools/smoke/RemainingShovelBreaksCycle.java
retry.m404-remaining-cart-break.current_fingerprint=aa1d053cbf426ea1c6f4c1fb221715b6269f03efdcfa07c0421c5c9f1298d5ae
retry.m404-remaining-cart-break.current_source_sha256=37a995a4cd4ef549c7b8d1c9eb34bc113956249a5af2bd118ff1984c201b6201
retry.m404-remaining-cart-break.evidence_sha256=8a80558c9383a317d0d6a8f145c940ff21cb07ffb3649aa4c564214adde79bcf
retry.m404-remaining-cart-break.prior_fingerprint=9db39b14e02230343e0c1a978edb650a614dbcbafb1f4b8fa05eed4b76be7ad2
retry.m404-remaining-cart-break.prior_source_sha256=423f2a1a21bf24e9e24782ca65ed760dfcfe8b13aeef1f98f88352a79b958543
retry.m404-remaining-cart-break.source=tools/smoke/RemainingCartBreakCycle.java
retry.m425-remaining-machine-faces.current_fingerprint=ceae40ae6058f7d3c2b3971ed0355756afac97d3b427ca13da27144df2f82a58
retry.m425-remaining-machine-faces.current_source_sha256=3647a45969dfff3db550829e635528d13c76a925d233951302593ce0e043127e
retry.m425-remaining-machine-faces.evidence_sha256=5f5f8026b3aef5768a963db53d9393ac9ed86b766118d805407d5cf5b11a5dbf
retry.m425-remaining-machine-faces.prior_fingerprint=4e451c78c4c0384ae975b23074a578f7a2ba5132efe07f4a8bc571041d1d3204
retry.m425-remaining-machine-faces.prior_source_sha256=d0842eb480cc8957887a35260e7f95c9acb80ae01a986127614a661c63003c2d
retry.m425-remaining-machine-faces.source=tools/smoke/RemainingMachineFacesCycle.java
retry.m426-remaining-redstone-faces.current_fingerprint=ddc542f1e17c4fe0913e6dae6a1b46154d3d4e9c27a199a368ee47b9703453ee
retry.m426-remaining-redstone-faces.current_source_sha256=d5672f90dacb10677ffab2fa88e757278be616ab68a2b4e783017f982969f2b6
retry.m426-remaining-redstone-faces.evidence_sha256=1bb55855bc7d7a3c3f9eef22fd7e235e02c3e5220a782fb29ed29a27bb69b44e
retry.m426-remaining-redstone-faces.prior_fingerprint=f42594f626e0d471875889425f9e99767d9f71dd4f5edfe6793dc3f76206d2d8
retry.m426-remaining-redstone-faces.prior_source_sha256=312bac401b392d569e4e5be98737ed1b9f58c34289785219d4c3fa47009acf02
retry.m426-remaining-redstone-faces.source=tools/smoke/RemainingRedstoneFacesCycle.java
retry.m500-sw-rain-transition.current_fingerprint=7d9a1e73e2395872e6f061bca13039c91c5871c2c2531733ce64ee534b4d270c
retry.m500-sw-rain-transition.current_source_sha256=9e5d727eeb02fa43fd1dd4f40cd44cd013a0eebcbd6513a3cb9221ba0de3ce21
retry.m500-sw-rain-transition.evidence_sha256=3a90b1745c24f4ba910f209f1f4939d631063e67acfcee4f610933d55b69eb7d
retry.m500-sw-rain-transition.prior_fingerprint=679f41b27bf2b09b4a9558108f7a72891e4aa2050a9f0b0a5a46b194b931cbb0
retry.m500-sw-rain-transition.prior_source_sha256=d3fbf3cfbbb14e0989f9d0f04a960e6084e8a2f97ddd00fb917b0079e4199d1a
retry.m500-sw-rain-transition.source=tools/smoke/RainTransitionCycle.java
retry.m555-torch-burnout-set.current_fingerprint=bf896edf7ba4f20ad673a04561ee434d6aa470b3e367cd24d89628b24ee1036e
retry.m555-torch-burnout-set.current_source_sha256=a576f4b0feaa604a7a00ea4d03a0c96ff902c586febf92d53a9b6659f6333fcd
retry.m555-torch-burnout-set.evidence_sha256=18bb8e9a083d0861b2a55ef541e55b825b6495c88e02d63298e035dad62bbc00
retry.m555-torch-burnout-set.prior_fingerprint=1fd3d285e2770c222da54f9a8ae6276c99c1e48d352c0ab7f893b95087471077
retry.m555-torch-burnout-set.prior_source_sha256=c569d1af31bd97ef7128621dba6f7fa6ff5f167b33cbb45e346c6f6166d08f63
retry.m555-torch-burnout-set.source=tools/smoke/TorchBurnoutSetCycle.java
retry.m563-nether-exit-create-set.current_fingerprint=760a7e18e9635d541092cc2482228e1bf5d643ff3f54b1c60f3ab572a92c6d00
retry.m563-nether-exit-create-set.current_source_sha256=3166a76f8462e618478f26078a79445a1fa21ccdc4068e02b7205bf558c64f28
retry.m563-nether-exit-create-set.evidence_sha256=6a31a5c30bf7a861c626da550e1989e4d2c38f0a32cd4607e27a9093fa6a268d
retry.m563-nether-exit-create-set.prior_fingerprint=35512388e544621d89b2a1ed195f212846ba1b300543ca49abfde45dc70a0dcd
retry.m563-nether-exit-create-set.prior_source_sha256=05b21ef3a6d286951fe0669c0d00834c9e6eb0863e5d938ddbcc6f71f669fa3b
retry.m563-nether-exit-create-set.source=tools/smoke/NetherExitCreateSetCycle.java
schema=1
support_sha256=6ba4debbe16e19cdc06eaa81dee50de7f0a245b7b2f41c07468c49b258722c3e
