# Worldline Windows/Linux headless differential v1
id=m114-causal-water-flow
lane=server-headless
linux.evidence.sha256=31e7750888bbcc0d743762a1fca35a4f0695fa1236979817a00e4dfd11c09cfc
linux.head=d3c4e7fb96fce4b3d72e2ec3b764660eb0fe0923
linux.runtime.fingerprint=226b0c94f535aff2fdc1b062caa234f3acce38b83cd23c82f7bb07dfe65298c5
linux.semantic.sha256=321ebc7d0725dc872602f632820b8fbbecff951e48208f5a5ce6a0f493c71653
linux.tree=b79ed6e498f1ba0b0b3f52f68f9f4fff06758532
schema=1
status=portable
windows.evidence.sha256=2aaa3545cd3a8efe3fd2ea8dd2ebe489387de5dd910500257bb2d349743dde80
windows.head=d3c4e7fb96fce4b3d72e2ec3b764660eb0fe0923
windows.runtime.fingerprint=73875f770d0d5e49fc50e8aa72a47fbdef4142ce848c86ec45709b17647934d5
windows.semantic.sha256=321ebc7d0725dc872602f632820b8fbbecff951e48208f5a5ce6a0f493c71653
windows.tree=b79ed6e498f1ba0b0b3f52f68f9f4fff06758532
