# Worldline Windows/Linux headless differential v2
id=m634-cross-lane-seed-matrix
lane=server-headless
linux.evidence.sha256=b0d96f8f1cefe959b714ec0c51f86f48dc0c6954facda672b33526ebf0045958
linux.head=f418eff0c4d7564a77f771259368ebffcbc06bbd
linux.qualification.fingerprint=bde3ce0c9e9c6fef0413f6ec32027f414866b6aaaa7a042793c23905b373a0ee
linux.runtime.fingerprint=004ea364c953fd29d9656b88cb3f42410e0da7396a7288b41424b9aaea5c9f0a
linux.semantic.sha256=1e6d18961bbc54103a5c9ee53cdcfcdab0185a61cde6cee5254a8d2a8309e0db
linux.tree=31ae692efc097a2eb9505d48a2ceb3561b6279da
matrix.case.count=12
matrix.chunk.count=4
matrix.contract.sha256=ee4d5a6f6e5491cfdbb978d8ab4e2e70bb54d54c622f14f0cfc3b30472766aab
matrix.seed.count=3
schema=2
status=portable
windows.evidence.sha256=8af8085ee3119e6d6f0062190060a464aa07ce61f8f1ba9e87eb8c8f802b04dc
windows.head=f418eff0c4d7564a77f771259368ebffcbc06bbd
windows.qualification.fingerprint=bde3ce0c9e9c6fef0413f6ec32027f414866b6aaaa7a042793c23905b373a0ee
windows.runtime.fingerprint=09cfd50b34a35a831008b6697085e82aa8d23242f3b95f972a8a5b8d267132d6
windows.semantic.sha256=1e6d18961bbc54103a5c9ee53cdcfcdab0185a61cde6cee5254a8d2a8309e0db
windows.tree=31ae692efc097a2eb9505d48a2ceb3561b6279da
