# Public lifecycle-claim TestKit pin migration v1
anchor.count=6
base.commit=71fb626814cdfacece454bb7531c4945d81de710
base.pin_count=664
base.qualification_sha256=0dc34df82eec3c078d09f40477ec046f09bd8494156c106364a2eab15ad69633
carried.count=73
direct.0.current_plan_sha256=c2acbabdf9fde61cdc986c30db4737dafade373393faa480270158dda2dbb7b6
direct.0.id=m208-oak-log
direct.0.prior_plan_sha256=d3a885daf152199db70f1c48ac537b43bb7abef5c69fe8986aa1755c86c98ba4
direct.1.current_plan_sha256=50cfc72b91a8d383738a96c373de5415a6410414967ea9411d104f285b0ce1b8
direct.1.id=m217-mossy-cobble
direct.1.prior_plan_sha256=b42d9ffcf2880348090d6415b15648a83722ca47daad7669260790a37d8858ff
direct.10.current_plan_sha256=8fbd4c3ea4e30fbc7b4c0729bf34935b8bc9983d6b6186a491dedd1c28f0da7a
direct.10.id=m554-extended-head-break-set
direct.10.prior_plan_sha256=f46f593388241cdd0cdc4ee1133a41cd8da100a93fab5937b22e740417d949be
direct.11.current_plan_sha256=2d4a4b60d917f92eba751a8d1f4cd7ea6f639d92f478f000f15ae7edf1b97886
direct.11.id=m573-sticky-head-break-set
direct.11.prior_plan_sha256=20d158bdcdc332a3c39b0d0f9db132577c690d90135a63b38b8a647ef46d5f96
direct.12.current_plan_sha256=de072f5a6802df6e7f5b040f2301818add229469ecbf382c42ce262dab9ffbe0
direct.12.id=m593-door-upper-break-set
direct.12.prior_plan_sha256=659bfc82561854afc3d80516c40818e20bd9258e5d6d5ae83a1127e9b7faa97a
direct.2.current_plan_sha256=afd459b474393e35635860ccb609c4c7bc66e33227151e3ef152d4e800886c4d
direct.2.id=m241-iron-door-place
direct.2.prior_plan_sha256=10a9361ecf87d2fb88f105f14f9bb504ff8c6c9e03f2bcea029e6df431482b86
direct.3.current_plan_sha256=0a13320a3876683f99fe56809d581aaef8ceed3e99bd244f35c789188057d8fc
direct.3.id=m301-axe-log-breaks
direct.3.prior_plan_sha256=650b96430eb8de69dfd33f7b17fcca567392a4e8d3fba25d575d03b09ea0283e
direct.4.current_plan_sha256=aa849ee8e793074b697899950299dba783aa129fc84cdbc54774cf9f9d77dd82
direct.4.id=m308-fragile-set
direct.4.prior_plan_sha256=b49cf8c13a003e162c6765651adf4d51d5cb9f68385a078c483f8261f599dd88
direct.5.current_plan_sha256=8b575b8f525bbf65e3e8d074eb675c4810c8d46f1110e2248f24bdc3dc4629f0
direct.5.id=m375-remaining-pick-breaks
direct.5.prior_plan_sha256=fc147e96b3ac6cdf32db6f4fb4f72b541b26f47e8e7761fd0ac2c228d01822f7
direct.6.current_plan_sha256=ab67c82e68f287fbfee35c26b81417c44229f12a39b9227d2ec023011fc81bc7
direct.6.id=m427-remaining-piston-orient-set
direct.6.prior_plan_sha256=2ffd12da6944154e6c9ff1309114e89914f2d07a538328109a663f9968f59666
direct.7.current_plan_sha256=dfe7de5071e6a72cf904dad9c03dee73383fa440c733075f1507c610fe80e5b6
direct.7.id=m428-remaining-door-orient-set
direct.7.prior_plan_sha256=2e947f8bd6252d410a36e49d28691ed6cb48d416a21352f33d85fa641214d57e
direct.8.current_plan_sha256=c90ea57b4dd71aaeb77a024aa951bbd2221fbf65adbfa956e9ca58a90e813ad4
direct.8.id=m431-remaining-bed-orient-set
direct.8.prior_plan_sha256=d895ccdee2d17b7563fb0b8a7691c666138451a239189a1489ff9f52198105e7
direct.9.current_plan_sha256=73f07907e13cd9476648b89415579f473948bce6a942418cabee8b5c30c8f989
direct.9.id=m434-remaining-sponge-glass-ice
direct.9.prior_plan_sha256=e21324a678dbc6422ef1fa64260e4272e91ad0bd9ab7fc53867ebbe8e51c1e19
direct.count=13
file.0.current_sha256=0cb22ae2f7ed7ea5fb3db6ba80a07ea1343f22cefd5a6c145d64ba671040c8f5
file.0.path=behavior/functional-census/b1.7.3/claims.tsv
file.0.prior_sha256=beeef13111c084ffb993475ecbdfb0a6b7b1b9e5c92c8127f3cc9f6c548834bf
file.1.current_sha256=0d4a0d6db0ed5dda3ee49195b8541aeda057d33a748f6e0edab4dcd5016aaa6e
file.1.path=docs/ATLAS.md
file.1.prior_sha256=018b143bc95b6f8cdffb4ca5983bb4423919892442e90d671900d4a3840e9c40
file.10.current_sha256=261e52b21548da077f984ad3f0681ebbf0a5c4243f2d9d40b55d0f55be0a9900
file.10.path=modules/testapi/src/main/java/worldline/testkit/BlockPlacementPersistenceFixture.java
file.10.prior_sha256=absent
file.11.current_sha256=d077336f9b168e920ea4b2d1331e030803f49684de695a4fc337c609c60bdaa3
file.11.path=modules/testapi/src/main/java/worldline/testkit/BlockStateCell.java
file.11.prior_sha256=absent
file.12.current_sha256=f034ad20c432f754384e2ab25f0f81bd192a62525e35698355c6ee40c5a84d1d
file.12.path=modules/testkit/src/test/java/worldline/testkit/BlockLifecycleClaimFixtureTest.java
file.12.prior_sha256=absent
file.13.current_sha256=3c52c1656566696519ffe303d538a312a85b130a6fe00b79f175bf4501af03e9
file.13.path=modules/testkit/src/test/java/worldline/testkit/TestKitContractTest.java
file.13.prior_sha256=71e77fa02efa83dc9265a2a706bc32d687834d350fd0be13db88f101c9f3a1dc
file.14.current_sha256=d6d5103d1b2d3c0c0113a33c1f17d9f2f9c3989f00fa4b87c59bb8afb2a84488
file.14.path=release/testkit-artifacts.lock
file.14.prior_sha256=c119245879b4fcb2c22de5ddb3e83b224227d3430c423cb7424ff87e43368d9a
file.15.current_sha256=85bd2b8784eaa559dc4a5912f0c555f91b7580e0748a3b8f84fe428ce15dc5d1
file.15.path=smokes/m208-oak-log/smoke.properties
file.15.prior_sha256=61b38a1daac85eee5afcfd414299dc3c52c42dc102c2644750887f4d20c5a08e
file.16.current_sha256=04a6ac0e5239a51d9d8bd7adf805d2faa408f84cebb35f2c961b7cac028536c1
file.16.path=smokes/m208-oak-log/src/worldline/smoke/oaklogb173/OakLogSmoke.java
file.16.prior_sha256=d81df1740793a15153d781f43ee1701ce0a93f388b0880588da05bb466a7013c
file.17.current_sha256=874c8a68116ff3d667a2ef213d71a181adc98d632ffce3456ab2419691cb7d1c
file.17.path=smokes/m217-mossy-cobble/smoke.properties
file.17.prior_sha256=912a53cabc65c7a1168e24a0e67fd8092b71ead5fdd1cc49b91eb49e7203adf2
file.18.current_sha256=68a3adb658f3c5244e6261041505d8078ea9ec565b0eec4c4a41450d7077e806
file.18.path=smokes/m217-mossy-cobble/src/worldline/smoke/mossycobbleb173/MossyCobbleSmoke.java
file.18.prior_sha256=1b316dae2279a8f96bccbbf3e8bddd0e111550e840d994f991dd7d3cbfd8aabc
file.19.current_sha256=b1fd0bcedec0c66df68e70d5d0e40e5b028fbe4ddaf4dfb34ff509afcce32204
file.19.path=smokes/m241-iron-door-place/smoke.properties
file.19.prior_sha256=09af4c5dc63e42589fa6202089e94f5f64c5e75ad641507dcf1cb46581b7fea1
file.2.current_sha256=03d53d3d05e52cbed404fb3400a5f63d72be6d2e37d086b491b6056803e538fb
file.2.path=docs/FUNCTIONAL_CENSUS.md
file.2.prior_sha256=bb91a13982ee80059c3d14ac0ddfcf359fba5a714ff2e8d343d866ab8005aaeb
file.20.current_sha256=833e3a05200ff71bf988bc7dc37b2a222df48dd75cbb666f981dba8bab0ecd99
file.20.path=smokes/m241-iron-door-place/src/worldline/smoke/irondoorplaceb173/IronDoorPlaceSmoke.java
file.20.prior_sha256=dd5242dcf29c871e76eb1de798e90308cc40ba72f3e78b4edb3b9f5f51486f72
file.21.current_sha256=ba1054e21d7f0895a5d775c7e6948cfce52a096aa91fe3046bb3443fb7e80f46
file.21.path=smokes/m301-axe-log-breaks/smoke.properties
file.21.prior_sha256=f382415f51cdea112cd98b98dd789bc236f60961a4451d6216b94d9d0366ec30
file.22.current_sha256=0763d2330177ef6327774494993cbe7adcf59f21db449a204bfdd11c6dbb67ae
file.22.path=smokes/m301-axe-log-breaks/src/worldline/smoke/axelogbreaksb173/AxeLogBreaksSmoke.java
file.22.prior_sha256=d13be8ab5a611b53c8b24bf511323ca476a94bf7e188042f1efc3ac8c16dc599
file.23.current_sha256=db2686c091eeae7327de382d6df3c1c53f1ffb1629ce5d3a6b69806d3d0a5fad
file.23.path=smokes/m308-fragile-set/smoke.properties
file.23.prior_sha256=3311575b48374c8cf4410c31320b08353489a89d39ae2382b9459d801daf58e9
file.24.current_sha256=a70c67184e1f23e38548be0874eb97d2b2e0cd241ffa323ccc74bbd88c2d1404
file.24.path=smokes/m308-fragile-set/src/worldline/smoke/fragilesetb173/FragileSetSmoke.java
file.24.prior_sha256=02b142c7502afa15340c632ae89b86c470f0bf5c8de93aadcb87f6caf1b124f8
file.25.current_sha256=fa72ac958ea5167a15eb8e09cd7d5c5f7242b37857c1fbc7dc6aef9f91e53875
file.25.path=smokes/m375-remaining-pick-breaks/smoke.properties
file.25.prior_sha256=04c817f353c93c27b0f13505084eefced5393812c908f037f8836e7b2ae17a4f
file.26.current_sha256=1f7ae2f63de15091ccd0e302d9970ea2f008fdc0487cdfc9ca6aaacda2966e7c
file.26.path=smokes/m375-remaining-pick-breaks/src/worldline/smoke/remainingpickbreaksb173/RemainingPickBreaksSmoke.java
file.26.prior_sha256=bde127251ae3e81b653e49dc20ca76691ad144417f4a70f1b15b5e7ac05846f9
file.27.current_sha256=68fa8c8d101734b4f5bb4a5b97852e2ce13c71d924b31bc9d164c90a638461de
file.27.path=smokes/m427-remaining-piston-orient-set/smoke.properties
file.27.prior_sha256=22f3f40207d38d66a2d0016537e75b2a935824aeb720f7666af258f259639ccc
file.28.current_sha256=fce5e93337e45b7575a95a7fab2def239c1a54990d5b310923abeee157fbe503
file.28.path=smokes/m427-remaining-piston-orient-set/src/worldline/smoke/remainingpistonorientsetb173/RemainingPistonOrientSetSmoke.java
file.28.prior_sha256=cc74516a8de077d1f04560ed9455839ede0adb1ed1a090d9c2904935267ca140
file.29.current_sha256=e3dec790c61e7bcc58555d0aee4b1c39f42386c0236dbe2e2a6eb0779f050612
file.29.path=smokes/m428-remaining-door-orient-set/smoke.properties
file.29.prior_sha256=0bb38a6eb6cb04b0138f5e34110dff6616160b18af1d50e18f92d569072bf343
file.3.current_sha256=e5166258ef237d1cdd2a73693148c1bb968d54bfec58fff99ea9ac17f23c3f35
file.3.path=docs/generated/MILESTONES.md
file.3.prior_sha256=6f413eb2b09d1fd04b5afffb05485e3abc3b2016f77272f22e0629e40f532527
file.30.current_sha256=20e112e43c8d0cf36df81d9629f2c336e995df7f9f75f8a80362043fa88e9aba
file.30.path=smokes/m428-remaining-door-orient-set/src/worldline/smoke/remainingdoororientsetb173/RemainingDoorOrientSetSmoke.java
file.30.prior_sha256=5170207ce558a49e1419b87ea6cc34022ecae01020dd6cc3b058497bfd841ff2
file.31.current_sha256=914d950cb60e3b7653cb94e96fc2aa5f01b71a4fbf152219894dbe4c4c1e5baf
file.31.path=smokes/m431-remaining-bed-orient-set/smoke.properties
file.31.prior_sha256=e6266c7bb8a41163945f030abfe789d87cc6f0953c006f244bf44c905ed3a7d9
file.32.current_sha256=b943fb5f9fc37671e6725478272050547887209c447b5367cfac582178ac186d
file.32.path=smokes/m431-remaining-bed-orient-set/src/worldline/smoke/remainingbedorientsetb173/RemainingBedOrientSetSmoke.java
file.32.prior_sha256=0f58c05e3eacb13837f39714e8907d9e55a36eb8cd1e4025795520ea0455b07f
file.33.current_sha256=b14984bae20a42a0f1c601163862ebd0c139e193c0250df0f8c586232b2b850b
file.33.path=smokes/m434-remaining-sponge-glass-ice/smoke.properties
file.33.prior_sha256=c6ffb1d846f3f5717fc0158a9d2fa0077e4c0d36db0d79b1dfcf47b1ec571969
file.34.current_sha256=d45513ac09d1927e06df89f811559bdbc118578776213d19eaf1d3fcee235527
file.34.path=smokes/m434-remaining-sponge-glass-ice/src/worldline/smoke/remainingspongeglassiceb173/RemainingSpongeGlassIceSmoke.java
file.34.prior_sha256=e04b8f1f5643e81c866172f95ecc8e37dd39262c65f33066aed24d844e0290e1
file.35.current_sha256=929b590c13dc90a853d017212fda8aa0ca928fb625074614dcf19f31997be60f
file.35.path=smokes/m554-extended-head-break-set/smoke.properties
file.35.prior_sha256=50b7500764d170f68c2594bec27d70a8c0ded44c26989a439083bf2b369978b1
file.36.current_sha256=8ae93031c96bdf080371756ab41e7fc293eb19fe24afea0e6f3fe09fa6b42505
file.36.path=smokes/m554-extended-head-break-set/src/worldline/smoke/extendedheadbreaksetb173/ExtendedHeadBreakSetSmoke.java
file.36.prior_sha256=32009c22f88239e3c0fcec66f48cc4dd8df9271a2308cb6b1fa3f12d4faef3d8
file.37.current_sha256=8b137faefcf2c18f9bba674883735f7aa89732060e6ae52edd85fc1a2e0b79a6
file.37.path=smokes/m573-sticky-head-break-set/smoke.properties
file.37.prior_sha256=25080684377bca763ca4d2a0d5e00350f34669d1a094ea6706111bf823243dee
file.38.current_sha256=4e27a5de5bb63aa9975f32bd88420522cdd2e0ec0a118690fb08fb704ffe458e
file.38.path=smokes/m573-sticky-head-break-set/src/worldline/smoke/stickyheadbreaksetb173/StickyHeadBreakSetSmoke.java
file.38.prior_sha256=ed02dbbb4307f43dc1991805c860e7c11a47dc3b49d4efe86318593149a6e33b
file.39.current_sha256=6845e2703e3854b6098bdf9135350690fe1da23cf6e0eecbdc24aac9c1d267d9
file.39.path=smokes/m593-door-upper-break-set/smoke.properties
file.39.prior_sha256=ba5ba0238087c7b42373bc2e299aea80b6b73c64e8655b1a9f5caf3de686752a
file.4.current_sha256=1f1bf1d75113e77f052811e6e909f936afb19f553388ddc33828243539689476
file.4.path=harness.properties
file.4.prior_sha256=d3e7f9ca955050b2bbdbddb2687fd4539f708fe422cfd18115e90f612321f55a
file.40.current_sha256=152079350368228ed20f95b9afe4a2604bb77dcced584233bf90c580d21315e5
file.40.path=smokes/m593-door-upper-break-set/src/worldline/smoke/doorupperbreaksetb173/DoorUpperBreakSetSmoke.java
file.40.prior_sha256=27170cd4090c8e6d79c201c3d43c42f3388c55135012b72231560a3337023013
file.5.current_sha256=8d511bfc2579e18be5c46bb5d2408df2103ae1c9202488262f11a3f3d35f3f39
file.5.path=modules/atlas/src/test/java/worldline/atlas/AtlasStoreTest.java
file.5.prior_sha256=814bfe1a677062675681c990b6531b93e296d62c24c5fc87d7550ba1618b3a38
file.6.current_sha256=8fb6a142742f538eda3cd871f3950013f1a868485e91a872bbd6a0808e6af838
file.6.path=modules/testapi/src/main/java/worldline/testkit/BlockBreakDropEvidence.java
file.6.prior_sha256=absent
file.7.current_sha256=a82d0a959b5a381ca9a57c94a3ba7d248dd0962b5d03759ae79554871d2fc02c
file.7.path=modules/testapi/src/main/java/worldline/testkit/BlockBreakDropFixture.java
file.7.prior_sha256=absent
file.8.current_sha256=141bf516d9a03bc61b463559254b209d040854d4962205fd4d1ff6b94512d45a
file.8.path=modules/testapi/src/main/java/worldline/testkit/BlockCellTransition.java
file.8.prior_sha256=absent
file.9.current_sha256=cfc32191b65d101bcd514666e29d4a6ae33551a2e3ba63675ce9f2c233e3e005
file.9.path=modules/testapi/src/main/java/worldline/testkit/BlockPlacementPersistenceEvidence.java
file.9.prior_sha256=absent
file.count=41
introduction.commit=cb4b0c6c50075355b4d19b1873cf2aff406f4483
schema=1
smoke.0.current_fingerprint=a48218f728861e9598750ce4487b3f109fecc247d4508c67a454a74b60ed0af3
smoke.0.evidence_sha256=4c5cdf0609348d36a151fc55cc7eb05dcd3ae9243feb2bb7949de6753b84029d
smoke.0.id=controlled-client-tick
smoke.0.prior_fingerprint=e023a0436925134b88cf01cf2099452d0f575bce3b51cf723fb1a7818e0ff617
smoke.0.source=refactor-equivalent
smoke.1.current_fingerprint=5c6eb622006e29702618f67fbd079ef4f628c76f85deac1334f4762e6374f81c
smoke.1.evidence_sha256=01db4ef0521a341494529b4bb9ffed954ff3e8573210c5f1bfb863e0fe4cff1c
smoke.1.id=testkit-cycle
smoke.1.prior_fingerprint=a5f4f401aa2748e79d048f9ebddfcef3ebe2dea8b840a0fd99d7b25c093fd04d
smoke.1.source=refactor-equivalent
smoke.10.current_fingerprint=0a6f133f735305b64403ef2d3454b51b35fc79f699b42539e13508286b93b7df
smoke.10.evidence_sha256=22503c04e191d5edd6c2374799f5062269ff1e38d71c15709e468a2d2e787869
smoke.10.id=m375-remaining-pick-breaks
smoke.10.prior_fingerprint=1a801d086a808bb9f71b1d53ac29a73919fd1f521214bd6ff0f0e71025f19a27
smoke.10.source=refactor-equivalent
smoke.11.current_fingerprint=6fa76fad6c021ff777ade57dcf0def2b6805ffb4f2c7baf3ebce70a43a15a28a
smoke.11.evidence_sha256=9114ced491512883f08ecb8c5d5c9f8eabdd6714f68773f80384838d4cc959f4
smoke.11.id=m427-remaining-piston-orient-set
smoke.11.prior_fingerprint=c508932d7796c078b94effab7720fb4432da1e5d1d85bee5ee53e5f57c2cb4f1
smoke.11.source=executed
smoke.12.current_fingerprint=802400d8339a700b478b0182139c53ec9472a71bb8405fed122078f2e29766a4
smoke.12.evidence_sha256=1f051ca0a846b40fa167c31eed45b3bbdbba3984dc1b38a868245e4586c99f17
smoke.12.id=m428-remaining-door-orient-set
smoke.12.prior_fingerprint=0e4644a6cbc1afa4f9ef079bc0a1b662c247d43cc0adf99c3183f92472aa6a2a
smoke.12.source=executed
smoke.13.current_fingerprint=758dd871b72ef261afcf19bc6dff2b44f280a11ad1bccce3fffbbd3935e3f906
smoke.13.evidence_sha256=0e3130f5737da3d152e5bd3259e50f91126b10587120a57e59cb2c85ecfe7974
smoke.13.id=m431-remaining-bed-orient-set
smoke.13.prior_fingerprint=7e74a4e66710184d7d7d5651d08e31ae1ba3ff0636382e8b1df37e99b5c0abec
smoke.13.source=executed
smoke.14.current_fingerprint=6b82aff27a93ad85e3cdf57b00d8c82c02b8b5f3988252295a95d6d98c163b8c
smoke.14.evidence_sha256=6d7912f026b21209dc1415bbf5670070d8df13f88e82b8fb1411ae9be183c5a8
smoke.14.id=m434-remaining-sponge-glass-ice
smoke.14.prior_fingerprint=1865fd4eb3b674f27837b0cbb68470d380d85f571d957009581c766d82f2fed5
smoke.14.source=executed
smoke.15.current_fingerprint=2dd88c65ecf6db1f54d59e2478af385799457f750bbadea5c7e2a72424025c9a
smoke.15.evidence_sha256=2cc464442cf4d3f0a5f88c7cb81921c7594834d6c9114630b54798241b4c5cbf
smoke.15.id=m554-extended-head-break-set
smoke.15.prior_fingerprint=728c3c199b1bb75738b14a473d0748dcc17bf30dca38b3fa24dcea302e0d872c
smoke.15.source=refactor-equivalent
smoke.16.current_fingerprint=4d1e1893aea1387ae769f35655117a92cc695599858fdb165bc8f457450f4b40
smoke.16.evidence_sha256=52a1e6b321d8af872aabfe153b3c203feb0dddbf81ed10f30ff5111ab210d245
smoke.16.id=m573-sticky-head-break-set
smoke.16.prior_fingerprint=0d124fb518195e8bcf0a3d515fabb23cca5a1d63f18b8cf843ad9f3df796dad9
smoke.16.source=refactor-equivalent
smoke.17.current_fingerprint=fabc2a98e0a8501943b83c86e0e53bfa55c057c805ab37e2e30ba4780ddd52a0
smoke.17.evidence_sha256=33e6ec91b1a370f45add837c315164c13a5f28162fd7bb59a2e2ba45c21e4bfa
smoke.17.id=m593-door-upper-break-set
smoke.17.prior_fingerprint=1eff12f54a84332f1ef2f98c7396453c99d98c048bf05d7169af3cb74bbf13d4
smoke.17.source=refactor-equivalent
smoke.18.current_fingerprint=cc4f719813df687f7d7709f927ded9ce298528c3809decb824759e48bd2baa1a
smoke.18.evidence_sha256=1fb88e65970ad45942fb1954c5315af90618557ab3edfd0d9107747118441f50
smoke.18.id=m618-wolf-tame-set
smoke.18.prior_fingerprint=12f13a9f5b3d5dc73251c4c8cecdb680db818d36dced117d8c9cb19a30289d31
smoke.18.source=refactor-equivalent
smoke.19.current_fingerprint=1d650860e5038f63cb2767e2c8a3c896d169e179a686842d7b2c295023284944
smoke.19.evidence_sha256=f5277f10eb0529194acadc2b3f63fe2f033adc2856c2676b8e9bbc0b3ba5f579
smoke.19.id=m620-stationapi-testkit-driver
smoke.19.prior_fingerprint=e3315891e4cf1cd5461514d9c629db3a84d6409cc6e82ac56427c535f9651bc1
smoke.19.source=refactor-equivalent
smoke.2.current_fingerprint=d9b1f92989c4b83ea6a9e4ecaa244791ff22da045d600d02a11a6512497287bc
smoke.2.evidence_sha256=12d57c564ace260c74b6c87152a505afb7ce6963f1c5012026abcfca230630bf
smoke.2.id=m7-mod-loading
smoke.2.prior_fingerprint=2aa1d4a54b746749576b3e887bf27b7d528d1071b8becada92666e5f442cc24d
smoke.2.source=refactor-equivalent
smoke.20.current_fingerprint=f9951ec199c79732e13f39463bd6a37208eb75948550a92a9de2521a32ba0806
smoke.20.evidence_sha256=b649f7e5a7b8d81bc959572f41ec30da91ed6c31980b9e1addcba8bdd64f3afd
smoke.20.id=m626-dungeon-generation-census
smoke.20.prior_fingerprint=dcb352eb46cfe89680310899c906b79c2b307215ad5c392835f99a06774e59a1
smoke.20.source=refactor-equivalent
smoke.21.current_fingerprint=6a0c1e472d47f9a2d94c7ddba2b0eb57ff1655bb33b41ad5c7511c4e56e44911
smoke.21.evidence_sha256=f785ba7052d58933013ee82cd556c8f22f8fe31a154a9f33473907b58af86c73
smoke.21.id=m627-chunk-unload-reload
smoke.21.prior_fingerprint=73df006f5f00fdec77137fc226b8b84fa7607f367f27bf92e7f76439fe0d5e28
smoke.21.source=refactor-equivalent
smoke.22.current_fingerprint=7e1656cd19cdd7b7cd484710e394f4a3cd775a6e0c7f746ae42e6ba5c51061e9
smoke.22.evidence_sha256=021644d481982ecb346469dec2c4f9653325be7c95f3601ed83fd0daf11d9e50
smoke.22.id=m628-minecart-booster-bug
smoke.22.prior_fingerprint=07eeca95477d0d388577e4ce38a835c86540d81a5d8038362d5de3075be946b2
smoke.22.source=refactor-equivalent
smoke.23.current_fingerprint=ef8e688ed00203e7044e9949a578a9980d3a304d77bfc17f06ba6848b6f91a10
smoke.23.evidence_sha256=a8720dacfe2869d6edf8ba367dcaa1749300824d2a3d0235f9e01c2e469e4d66
smoke.23.id=m629-door-sound-event
smoke.23.prior_fingerprint=6bf886af0a9f5abe00cdcd215c6941e8ab6e75f275bb9659a7208026e51cfb2d
smoke.23.source=refactor-equivalent
smoke.24.current_fingerprint=27d442a9fc6d1d8c55501b901320e712f216a9633499fa371b5fed7dbcfb7c58
smoke.24.evidence_sha256=3d0d34de643ede45801a681b32e21657620358b048123ae816a46fc569e036b8
smoke.24.id=m630-server-acl-matrix
smoke.24.prior_fingerprint=f5988a74c28545b61f2b8ee0b29fed840ba20ba402c27836edf0a2c352972bc3
smoke.24.source=refactor-equivalent
smoke.25.current_fingerprint=a93ad343441daf07cea961c1ed7887d29d88dd805909faaefc14824a0c7d2a71
smoke.25.evidence_sha256=d039ddfd6bc234225ec24c5433a77a99d176fef96bb5adbb99ca56f2d762ad39
smoke.25.id=m631-protocol14-edge-packets
smoke.25.prior_fingerprint=b5b72deb11313db14d885380353e3bee2676a01418a22995759c0a9ebfcab0ea
smoke.25.source=refactor-equivalent
smoke.26.current_fingerprint=3fb35900bdad58ebb02deda88ff10f6e4b42748d62476cc86babcf21b12d9419
smoke.26.evidence_sha256=97209f62fe943bffa3b1df289e97ba6f2efe8a31ec0c7ed4e3d815c405c4056c
smoke.26.id=m632-map-data-content
smoke.26.prior_fingerprint=828fdc3614e669cf6751b6e6ca051378f2f12c145b95e9390133ba24e78cf1b1
smoke.26.source=refactor-equivalent
smoke.27.current_fingerprint=37ce6d23465a966e3249265915a2eec6acce1db4c89c6eea885f0433c77e3be3
smoke.27.evidence_sha256=61d30f60f8347283e1e843dd2a9fc2989427d6da5d22bde90e780c5779e1a238
smoke.27.id=m635-natural-slime-spawn
smoke.27.prior_fingerprint=54f2148dc3982857d1f04bc2c828d46b4bc3f117b93168cf6bf0d1b454faed09
smoke.27.source=refactor-equivalent
smoke.28.current_fingerprint=99d83f9be9ee0a5f1173440ee2e169987789ef89159043950ddbf4aea9f41fa2
smoke.28.evidence_sha256=2bd70fa77f532bf1876ad944f005151bcd994e2fdb9adc08ba8de1f306015220
smoke.28.id=m636-bonemeal-wheat
smoke.28.prior_fingerprint=1e51f98d66ff30d86b1aa841f6ac3d18eca464cff6ff4372565b12f93d6c5831
smoke.28.source=refactor-equivalent
smoke.29.current_fingerprint=4c7a3d2301f5450f2d7bc49c519436766f2f0933adcbe9c3c4269de744ef1e65
smoke.29.evidence_sha256=36da1bbf241f079894b7ec438a25d1a1a09082caa59bac68c0a59fd94f01d327
smoke.29.id=m637-tnt-chain
smoke.29.prior_fingerprint=625909141da66526288fd2511ab44cf28916c52a3dba3fd9006f9b8e7f35bb61
smoke.29.source=refactor-equivalent
smoke.3.current_fingerprint=b0f32661a49fed741938711dd28df84b2e7d8bf5d5853351aa2fc3ea2b5cbb77
smoke.3.evidence_sha256=1d0ede0d87654e3d10c9329156660ba3de2c3db6f22bfe138b65df734bea1528
smoke.3.id=m8-mod-version-diff
smoke.3.prior_fingerprint=59afa69f58f0347045726295133d0a30904fe0327c0a198eec1b39baa2361bd2
smoke.3.source=refactor-equivalent
smoke.30.current_fingerprint=9c6e03104fddcb50efcd6da1c07be508e6d622ed72a0e230c991887cd03cc2da
smoke.30.evidence_sha256=d55adcac65152410ae183cc7fefa9e79c8bd0a14881103c977973608e26e59bc
smoke.30.id=m638-creeper-tnt-differential
smoke.30.prior_fingerprint=f82a1214931c980852e9411464d139726ebe7587a5a5f5abd81fb5862e4e570b
smoke.30.source=refactor-equivalent
smoke.31.current_fingerprint=c74f5951a66c802bf0d6d4b9a1892ce6179d25333daa23acbfbb59d62fb21f6a
smoke.31.evidence_sha256=9ace8dba37f0d8d61c5146477b494083a1d83b3a1d9e278bc6cf81d404f45869
smoke.31.id=m643-multiplayer-sleep-quorum
smoke.31.prior_fingerprint=9b73efe145eac11ff57171308f331c1f6444e43537f8434f83d2c22e16a3772c
smoke.31.source=refactor-equivalent
smoke.32.current_fingerprint=136ad5fd7752ea9acf6ea5e365efb61a092b6b7a55e6dece6daa01cbf0274509
smoke.32.evidence_sha256=e5ebc4a71803f8a04ec443ecd418e64de9de67c337e3023fe7a4d568735f34e0
smoke.32.id=m645-note-pitch-ladder
smoke.32.prior_fingerprint=c6a51765a38536050c6bae80fe26658d0bb4f063defe141dadb3cf295db1ff29
smoke.32.source=refactor-equivalent
smoke.33.current_fingerprint=f5655dceb607451308483ffda4ff4d95c8481cbed2d21f760fcb11bfc69874ad
smoke.33.evidence_sha256=e0c55c8c718af34e0b0d7282512420e078984b0d3917c8dc45f541e9af238471
smoke.33.id=m649-chest-access-constraints
smoke.33.prior_fingerprint=a9a99697de2f5c1d0780ce5cd3eca55cf713aebf95d677ca5fafa6abcd479416
smoke.33.source=refactor-equivalent
smoke.34.current_fingerprint=fe8710912b9751c6bde3036cbd090898b0100990b8bc68b2b5d9c517b2679e09
smoke.34.evidence_sha256=ae858387c77a284d0801976aa7f6e9a90d066d1cfb12e0078ed20b2663a836a6
smoke.34.id=m651-portal-invalid-frame
smoke.34.prior_fingerprint=4b162cf0e96b23927e43daac8c19f45ec065df55887ebb4ade0329f78cdae766
smoke.34.source=refactor-equivalent
smoke.35.current_fingerprint=0ceab71e7b73d9b31b3b54e51549f1012ee615a4428bae84613acfe4d2eb43fd
smoke.35.evidence_sha256=55463c81d0a2a2213e14c490773fc934e2f1d69bcce5f01270cbfa90d23ac475
smoke.35.id=m652-portal-reentry-cooldown
smoke.35.prior_fingerprint=1fa95836cc5507289be484c735d1bb7243cee082ea3d8dbf0ea3aca036fbbf02
smoke.35.source=refactor-equivalent
smoke.36.current_fingerprint=12dec7ddb713f9541a3e219b6cd697b841f425c6c983ba76042fd3cecf0713b7
smoke.36.evidence_sha256=21dafc7d84060520da99ad07ba3194868bd30b7539dfbe66c8b4ac8274f09a15
smoke.36.id=m653-chunk-restart-persistence
smoke.36.prior_fingerprint=a78f4c14c565950309b127787963ffca9224f25de37463639f3d09691823de01
smoke.36.source=refactor-equivalent
smoke.37.current_fingerprint=4f1dc00b8f390eb8fb9a7c5ea329eae42994a78a60a40db58c23958fee1933f9
smoke.37.evidence_sha256=98f8d2a90aec4539ac5226886550aa3864b01df8f8b4edbe3584abb8016a6a18
smoke.37.id=m655-rain-stop-event
smoke.37.prior_fingerprint=3e4b80fc78fd8ae9acb713b91c74b1f9c2aa2d4c663b4cd05d6bc5a0e5ee09fd
smoke.37.source=refactor-equivalent
smoke.38.current_fingerprint=ab55be091f31f49870065d836ca9a6526c9e50c3cd7880f716026de08e504482
smoke.38.evidence_sha256=2bbec92d6c1a41e803419be88e1395b7d5343e70dc1412e12602fb0c4030e6fa
smoke.38.id=m656-server-admission-matrix
smoke.38.prior_fingerprint=422341b5e7523e8ac6f519a8e2b990dad2acfef29e19dbb71ad49538de8a3312
smoke.38.source=refactor-equivalent
smoke.39.current_fingerprint=d39612c4cb230191bb54a45b2fa8a2b5009d2eda582f7586f232e4970fd01271
smoke.39.evidence_sha256=b979f2b0ca7ee80a137540257d0c4a0f2d29e1daf0dae7cbd908c04e5f8cb7b1
smoke.39.id=b173-cake-serving-lifecycle-cycle
smoke.39.prior_fingerprint=c5d4450c32257dd231c38691cd963655f6cb4d32f8872750290387dd9807a8f2
smoke.39.source=refactor-equivalent
smoke.4.current_fingerprint=d485aaef2fcc875fb89d3da3d474a62a183c921e6c2d1037ad78d92dbf3bee37
smoke.4.evidence_sha256=ca19efbefcebbbec7d392e56dc554eb4ef2a047c4cd32bbe6b8aa81ab3bf83b7
smoke.4.id=m9-scenario-minimization
smoke.4.prior_fingerprint=dbc94911d50a956e2949c692b84988f5ee3e882687e92bbe459d92afdd67b22c
smoke.4.source=refactor-equivalent
smoke.40.current_fingerprint=70532160d0fba3a3217071d3858790396c297634534d7be2971e2052b3f74e22
smoke.40.evidence_sha256=05a42d02220e492c816e51c0348fda817ae4bb609a583ba7a23cfe1145fb3665
smoke.40.id=b173-cardinal-placement-state-domain-cycle
smoke.40.prior_fingerprint=1f555e6d40879cebdadb77e457f7edab2c0c5ffd80176f0d44a092aa57fbde0e
smoke.40.source=refactor-equivalent
smoke.41.current_fingerprint=1e9d455b34ec15b45a46c0ae04e84c490f15942790e6a1b681ce92ddc81feb45
smoke.41.evidence_sha256=abbd841c92c372c50f28a54a5306912fc2de35a425f953fdb04c35685d60fe60
smoke.41.id=b173-common-cube-physical-envelope-cycle
smoke.41.prior_fingerprint=54aa3a2191fc65ae033506ceb1a1c1a8f1b90cc6631057ac29e8502b27b6f238
smoke.41.source=refactor-equivalent
smoke.42.current_fingerprint=37b7527ec37f2f97776bf6cd251aea4e97008de140458f5405566992a8497a4d
smoke.42.evidence_sha256=edd804e3285258b5f908c9efb00aec3b289c9c0854580bfa6383e4dfdd1f2ff1
smoke.42.id=b173-deterministic-harvest-lifecycle-cycle
smoke.42.prior_fingerprint=a7287e9172c3eee7621a78d56d677a9c80e61a7e04b26fdcab8fc0c4d848f896
smoke.42.source=refactor-equivalent
smoke.43.current_fingerprint=1120b4246fcdf7526d8dd4afd5cc15f802a5cf44721219475a846ee39b13bcae
smoke.43.evidence_sha256=8ca3a367817be781a84aed7233afd33077b65bbeb6841277851c3f1b1e906e98
smoke.43.id=b173-dirt-flora-lifecycle-cycle
smoke.43.prior_fingerprint=696d7f5c38ad22ff635af927acd24c6ec4f9013815c7cb506b56d9372a06e3c6
smoke.43.source=refactor-equivalent
smoke.44.current_fingerprint=85c5c52355ec12b76c3704e6039bf8076e0be71e4ee66e23775d6879553904bf
smoke.44.evidence_sha256=feec18c4c92e535ac906ec0fd6b67d15050fc97687d2d3e16da078b0d293a70f
smoke.44.id=b173-floor-mounted-lifecycle-cycle
smoke.44.prior_fingerprint=43eb43f02d50ab421aaf9f0a6f3ef783e6f12ea9cb39f6e9b71e33ae0bacbbb1
smoke.44.source=refactor-equivalent
smoke.45.current_fingerprint=d8bb726b78818da3697767860e3a2cc8f1d9cf725774d260baac7ecf1d169e06
smoke.45.evidence_sha256=8e3a8a8bff0ef466b29c364aa18182af2fa0b7633e13765b2f3120fc716b4537
smoke.45.id=b173-furnace-state-domain-cycle
smoke.45.prior_fingerprint=8602a76db456897c94a357bf0a372f84e1f9a5e0118914569063c5f912d0d270
smoke.45.source=refactor-equivalent
smoke.46.current_fingerprint=cf267326c5a99ba9a68c8f3e6b493444bfd8323c2579e28c60f170e4e6f54707
smoke.46.evidence_sha256=1d3e0c69501dc30043c2468865be8f5c7078bcdf07beb32b94c5f0e51242ccf3
smoke.46.id=b173-gold-shovel-harvest-lifecycle-cycle
smoke.46.prior_fingerprint=25773782138b7a3a28de592e5e6819d05d5376566d6215d20f84021f7518e206
smoke.46.source=refactor-equivalent
smoke.47.current_fingerprint=fa1bacd1c485b8421a415f7959c52c669572dc33caba57f1148321ab352fb214
smoke.47.evidence_sha256=eb9efe929e0ed4bc8ada8e3a6b73eab7aac5f71784191ab551e92822a3cf1f07
smoke.47.id=b173-ground-cover-lifecycle-cycle
smoke.47.prior_fingerprint=afa5b6a8c9932a6fe04b1f06740ee47e2b8141e6cbe3e92f342f2b55e02a9b33
smoke.47.source=refactor-equivalent
smoke.48.current_fingerprint=6de97caf5dcaaafb23aa4521e69bb74d75d3fef63b614999d31a3a962a0b7ce0
smoke.48.evidence_sha256=69f495f5e244341c039cd8bdef1685abb3c89103790bda95993f2e8597824af2
smoke.48.id=b173-ground-flora-conformance-cycle
smoke.48.prior_fingerprint=6594a8dd886f9aaf6d48d9201cfaadf5b09240225cd7f8bfcf8452e16e0a9ec4
smoke.48.source=refactor-equivalent
smoke.49.current_fingerprint=754232a5c405334116acaf519ce03b26343fc88be07e3ed81f597449c66f8728
smoke.49.evidence_sha256=7b001441c5854115396382a7900a4a8a5dcbc5d6b7b559a3219d67abe2d6374b
smoke.49.id=b173-harvestable-vegetation-lifecycle-cycle
smoke.49.prior_fingerprint=4ea7ae05a674ba5cfad277578b1db13017d9c67295e6a101a273d7f2a7e3a95d
smoke.49.source=refactor-equivalent
smoke.5.current_fingerprint=01e09fed4d006f3d1410985f9b622c95460e68efd7a087398ea16eac18474c4a
smoke.5.evidence_sha256=936e3f03d36205bbb185d82fd1dbb950c8c0e83471cb49a38508d8a058213442
smoke.5.id=m208-oak-log
smoke.5.prior_fingerprint=fcb96dd6c6b43de8a70813553fdba1c1db67b56b066a62f5d94d25e80e270823
smoke.5.source=executed
smoke.50.current_fingerprint=25a11c33266f52709c4ddbbf7bbb1287c305ecbdb101e3508df323fafb46ddd1
smoke.50.evidence_sha256=e011b5a9d2645532b26587cbcfdf38f2a28944f99c2ce3d32167fb463923d004
smoke.50.id=b173-inert-solid-physical-envelope-cycle
smoke.50.prior_fingerprint=fa54e74e4d25c92b05614af68a3b0b80b272e9cedbe9fdfbb36b6526fbf7a3b2
smoke.50.source=refactor-equivalent
smoke.51.current_fingerprint=88507560afaafb2bf686e3d498ba7d6ecafe4f6045b7e06828ece8403978720b
smoke.51.evidence_sha256=719e9beec6d98f963f6a7bbb0a884c7d75ef9eb91eb84258c9893b3923785ef4
smoke.51.id=b173-inert-solid-stability-envelope-cycle
smoke.51.prior_fingerprint=d31cae950001aa783dec94142d660d7b332db3037688bf66549380963e95c927
smoke.51.source=refactor-equivalent
smoke.52.current_fingerprint=5a45c89bf53d2d5c6cc40a7fe78fba97f5fcac96e4c5115f97533800b70b5c26
smoke.52.evidence_sha256=9c8cb552fdffd3a3e2048696c42b3f25dd58ac57227aa361575c5241b83d30bc
smoke.52.id=b173-lifecycle-provider-cycle
smoke.52.prior_fingerprint=79dcc073f230b35c8386be74c4874b7c120a13ce3c8656f4c2a559704a8c3cf8
smoke.52.source=refactor-equivalent
smoke.53.current_fingerprint=6610287130ceb8af9dc77a39d273156c5db1650e84df8e13976fb95cce36a9eb
smoke.53.evidence_sha256=da65787af8aaa0b8b777cec7b93bfa0aaeab5293a8b9cc87fa97ca8763825057
smoke.53.id=b173-multi-drop-mineral-lifecycle-cycle
smoke.53.prior_fingerprint=bf34db09d8eda9501b05fa07d89680fa8a74aa466f1a2bb01c74371f259069df
smoke.53.source=refactor-equivalent
smoke.54.current_fingerprint=f99649468f49eef9982a42bb36afaa1dced1e202a2d4252820e52979f2c1be6b
smoke.54.evidence_sha256=b358fef202bfa5c9af0d40dfd1cb6b583ebc42b1de4d879267f07387288647fe
smoke.54.id=b173-mushroom-random-tick-conformance-cycle
smoke.54.prior_fingerprint=51d3fc6017530ac59e8a7ac4508d4b14e734e6e3828245c8123c428d9519f5ce
smoke.54.source=refactor-equivalent
smoke.55.current_fingerprint=7b39f65411a2cf21bb659a5eda94a32104155b3e1247976b42dc693872c318db
smoke.55.evidence_sha256=1b477556b45524c83262ddde703eee4c7f10ea50b8569aa719127b73a491669b
smoke.55.id=b173-redstone-device-lifecycle-cycle
smoke.55.prior_fingerprint=19fd649ec50ba24d1b4a0b0c99b24cefe5b464dc10bdbea00913048e8cc0c1d7
smoke.55.source=refactor-equivalent
smoke.56.current_fingerprint=42d07e0722d6ce19beda80f1bd7475cf0c63969c966ed21f8ea40c113d830b94
smoke.56.evidence_sha256=756a5c89ff5e56a51521ebd7d7a639f97f30ae97c1ee02e90a7dd865f555311c
smoke.56.id=b173-remaining-opaque-cube-physical-envelope-cycle
smoke.56.prior_fingerprint=1ef8976deaf84d32eacfca5a2691bfa4fa125419294c44a13b04f96e87d238a9
smoke.56.source=refactor-equivalent
smoke.57.current_fingerprint=222a4926c111d7c2e9b645d212f83b0a8c19fdd453db4d07e997d8aadfdfaa35
smoke.57.evidence_sha256=accfc90cf5f4ca3fe1679dadf8d4b284825eab857e76c03a0621549ac3c3bc27
smoke.57.id=b173-shaded-mushroom-lifecycle-cycle
smoke.57.prior_fingerprint=fadecdb7b09c7516166f84fe3827b54cff52186ba0b565425d13745679a26b2f
smoke.57.source=refactor-equivalent
smoke.58.current_fingerprint=face414467c6ef07da1dc3c0913f125f1cb190df8cf5b5e6fdadf6ad9ec2057f
smoke.58.evidence_sha256=88895aeb913fac28ec77777016cb37e085ca55a62f23fe9c3ec42c3499433604
smoke.58.id=b173-sign-subsystem-lifecycle-cycle
smoke.58.prior_fingerprint=002e8c3fe96f8ccbeeeaf4cf27c55bb2f13aa75dd321680fe50689d43130a9a1
smoke.58.source=refactor-equivalent
smoke.59.current_fingerprint=5c1e40c86eb1737f60e39d80bade2c9bfc31c7850b6eb94afc3ba318694b4416
smoke.59.evidence_sha256=512d9362c8416f85f5a11baea171c36a0bfa6869161189fdb07405ed7c0a92d0
smoke.59.id=b173-slab-lifecycle-cycle
smoke.59.prior_fingerprint=c566a1efe9e408e98afc6144537034d6241a557b0dac37f040bec08c6be81c95
smoke.59.source=refactor-equivalent
smoke.6.current_fingerprint=a38fa8896442faec72d8135d38cac8b4577cfad2badab5883d0895e15fafcf75
smoke.6.evidence_sha256=f7e9bd107de07d0a203185e9df894f69e993edae0ec34d295a1533438866f159
smoke.6.id=m217-mossy-cobble
smoke.6.prior_fingerprint=3b50cb977727fb357205cf23bceca03bbbf2ab974bb5c665ef380c999fdd2a72
smoke.6.source=executed
smoke.60.current_fingerprint=ec37272ca51268b95953a53b03bdb709f82f34746ad074ce5bf69ecff38ef6de
smoke.60.evidence_sha256=582feb4cc513f0ea0e5515ac3c12d0ce77d9280fa2e3c689cf35e6e30d986771
smoke.60.id=b173-source-fluid-dynamics-cycle
smoke.60.prior_fingerprint=d89e15e53b186478c3a7d9bf0c04f08cabfcc334de019f8a42f7571ae42807ed
smoke.60.source=refactor-equivalent
smoke.61.current_fingerprint=a8f71008e3dfe1e5cf714786c37495feda8b384936071af724125b9789d493c2
smoke.61.evidence_sha256=a572f0fab7900b80b123f2c8cf96db0eef672789ea6e93f3f1db4d8a40d82bbd
smoke.61.id=b173-source-fluid-physical-envelope-cycle
smoke.61.prior_fingerprint=27fb06e30f1d8378de8359b55cc20ab0a9b44a52b65619cc0eef9f39914d8c75
smoke.61.source=refactor-equivalent
smoke.62.current_fingerprint=a6c678f9efd49835099065c30a471acc56f4af9a89a9fb2f9252169501d74cc4
smoke.62.evidence_sha256=db635b24cae8191d5fa03fb0d3d03f7e2ed3c85822919da4d50df49b919d66f2
smoke.62.id=b173-special-collision-physical-envelope-cycle
smoke.62.prior_fingerprint=5e7c1eb7cffe58190f5df00fdb1d6cff6016ffbd748e737ee2e0d4fc8ff59b80
smoke.62.source=refactor-equivalent
smoke.63.current_fingerprint=b895e0db2a21c5081a2866a43a6ca8921b9e9e6535b02349de836a12c35b5a78
smoke.63.evidence_sha256=ec8ce91d4fdd10454829ab1401ba51ac573d1bd8e4a91f07c4a1b030e198d865
smoke.63.id=b173-static-collision-envelope-cycle
smoke.63.prior_fingerprint=760e06da6b01c90925d3e9b8f8abccade1d8b9f4620b9fa7f4c8d4ed9e0e34b9
smoke.63.source=refactor-equivalent
smoke.64.current_fingerprint=3c0ff61a5789acec3018664ee1df5a64420e2587f938d85dbbd5e7b1ca53f025
smoke.64.evidence_sha256=c433d069661b3fc516fbf0b7884b8a89e975378c393424a4905d70ef74db9e2e
smoke.64.id=b173-static-light-transport-cycle
smoke.64.prior_fingerprint=363e3bfa70bbfed3250102e12f28dfd641f1d9ec650d69217aff3a02a18a7895
smoke.64.source=refactor-equivalent
smoke.65.current_fingerprint=3f4a43bbc9c831ba9fde27762a74b8816ae9382a8f549c5bb15f8aed7ac18092
smoke.65.evidence_sha256=41ca1113d3cf1523abef07a42f6fc07d7f2b52da7b818a2202694973f02d393f
smoke.65.id=b173-static-self-drop-lifecycle-cycle
smoke.65.prior_fingerprint=f4bf89ff29778c9e6dc04bc9e8c218eabb2efe6c17f3a4e416844f8947f41b03
smoke.65.source=refactor-equivalent
smoke.66.current_fingerprint=5c3d9e5c338421e377d169a50c56b0e2290d65660ec1cb393f6d98057c7cd2de
smoke.66.evidence_sha256=5b3c9e79bc0488d70434bebc9c087424db4e4e5d1ccbc9e3a7ba212bb0b1cc41
smoke.66.id=b173-support-dependent-plant-lifecycle-cycle
smoke.66.prior_fingerprint=e3dee13bd5d317fda8d74bc64c31c05325ddaa76f35425d94a149c4a9acc2899
smoke.66.source=refactor-equivalent
smoke.67.current_fingerprint=317aa94b7450e6a77e64f95826421b932a0fa855e665e055b516f2a1d13ed4c9
smoke.67.evidence_sha256=61202750cc672b41f06bbc76e818a8cfbe893927a5bc401769353703499cbe1e
smoke.67.id=b173-support-face-attachment-lifecycle-cycle
smoke.67.prior_fingerprint=5b0c7c77d1ee8eea3a4bd78f53de723fbf7d92d4b4ab9d71282005f998b0b21a
smoke.67.source=refactor-equivalent
smoke.68.current_fingerprint=3abc9c71fb3708f53e1771a972df6b048eb1c7a5ec22a574a3920820e383a62f
smoke.68.evidence_sha256=804d20a67cdf9d363facbfa467595a1c399a30dbd70f301cb2e38a0482b3e647
smoke.68.id=b173-terrain-crafted-solid-stability-envelope-cycle
smoke.68.prior_fingerprint=ca373202806d0cb851fd49cc18033aa7573f49556639edfd0ac19288f901fe97
smoke.68.source=refactor-equivalent
smoke.69.current_fingerprint=12ae082aa3de57c8c6a32f3a3a8c1a0f17f5bbdbc426e49bc2df3d0daeaf3626
smoke.69.evidence_sha256=f0bc374eae0ef1554a5d82117e01d91cddf94bc9c7e702a786fb2dd29cf8bb0f
smoke.69.id=b173-tile-utility-physical-envelope-cycle
smoke.69.prior_fingerprint=7c4cebef00a0cb628e698850eff1d59fd275363512958b8b3919a114d7eb55b5
smoke.69.source=refactor-equivalent
smoke.7.current_fingerprint=0e1485e025e15b72f7da39264e5a38ca68d626c36e43003e7750cb4ec5673a76
smoke.7.evidence_sha256=a4f2a5f71fe45b70e843d41f32d6a4327eac0d654a488b059ca29eb2a2d261e6
smoke.7.id=m241-iron-door-place
smoke.7.prior_fingerprint=be7d3f0856a466db814ad3d14aa13aa6fb948ed81a90be999dacb4330dab9046
smoke.7.source=refactor-equivalent
smoke.70.current_fingerprint=2cf505912699040b8386958fdf99fa8aee235dbcbbf65c7c7d1ccb35e4724b61
smoke.70.evidence_sha256=957888ee355f144621424a1a4bad04d60b0c2beb0bde5415dbd5999ff695a701
smoke.70.id=b173-wall-attachment-state-domain-cycle
smoke.70.prior_fingerprint=a28762799652dd3cd7cefa138928477a334ba73b718b22dca9715eabb9a2759d
smoke.70.source=refactor-equivalent
smoke.71.current_fingerprint=d8338699246c43d1720a81fb360456a34ba4f11f9eb9cf6dad8e9e74dbbf7877
smoke.71.evidence_sha256=bede36ebdaa6340f6af9a1fbb30352806d622d4ffc12cd127dac0c0abddd0168
smoke.71.id=b173-wooden-door-state-domain-cycle
smoke.71.prior_fingerprint=97425b1899e17d79ed748860e1844bd91b1931eb8446de3e2af725b03b5aa991
smoke.71.source=refactor-equivalent
smoke.72.current_fingerprint=89d8d855f29e354949304f5edc11417db9a9b8c2ff9ab798df00ae270a862226
smoke.72.evidence_sha256=e103e2c2fe51577f6d6443f3b970ae0ee28094134ae7bfeb8a2da16671187a29
smoke.72.id=gui-tree
smoke.72.prior_fingerprint=703b23a97bf95a40981e7f9176e315c936d9df5461d32d9e169ac25af0c6bce6
smoke.72.source=refactor-equivalent
smoke.8.current_fingerprint=a7384f2af341dd05d3fff260fc75745a23ae7f1279ae124563ae58c87f3c48b6
smoke.8.evidence_sha256=6e62367a3c72d64d2bda9180cb0e5b0484671ef7530e74968d511330d7a06365
smoke.8.id=m301-axe-log-breaks
smoke.8.prior_fingerprint=f0956d934540f483f125222d500491b8964aab59c8ae6bc50bc87721b1ea956a
smoke.8.source=refactor-equivalent
smoke.9.current_fingerprint=3a33b39e2b0e8285a413b99341f6b3caafa55c024680dc2ab899f4e63c6c2003
smoke.9.evidence_sha256=016e31ada167a1772c3c0ec4d610d946ddf26bc0a93c97ad494019ab72c97ce5
smoke.9.id=m308-fragile-set
smoke.9.prior_fingerprint=600c14b0c73b06e175b3fe8f7b0e1df6df995baf7fe3c9d20cd080e8f81a9088
smoke.9.source=refactor-equivalent
