# Neighbor-aware lifecycle TestKit pin migration v1
anchor.0.evidence_sha256=5b3c9e79bc0488d70434bebc9c087424db4e4e5d1ccbc9e3a7ba212bb0b1cc41
anchor.0.fingerprint=a294655e4c8dff76bc93da77299270c4c8168ddbc20ea6bad0a69274c03cffa8
anchor.0.id=b173-support-dependent-plant-lifecycle-cycle
anchor.1.evidence_sha256=4c5cdf0609348d36a151fc55cc7eb05dcd3ae9243feb2bb7949de6753b84029d
anchor.1.fingerprint=553f693fb5509d8e6e5c17f140c4f4e19d43e9e0d5d84a6221aa1de53a1f2499
anchor.1.id=controlled-client-tick
anchor.2.evidence_sha256=01db4ef0521a341494529b4bb9ffed954ff3e8573210c5f1bfb863e0fe4cff1c
anchor.2.fingerprint=4963b71a61170096f1cf2ac82c361c74ab231d45fe2205b4423640a25a231765
anchor.2.id=testkit-cycle
anchor.count=3
base.commit=5da0c5d70f77a4d15a86cb2913e69d5bcb0f4c4d
carried.count=41
file.0.current_sha256=a407f731d7d40d333dfb2aec9a30c66bf4bb888638bbffe91ec44e4d46b2111a
file.0.path=adapters/b173-server/src/testkit/java/worldline/b173server/B173LifecycleArena.java
file.0.prior_sha256=c9c1162c95a37b5780bdd3f960d4e309753bca2938fefd9edf7670bc0df3f7eb
file.1.current_sha256=0640349a2ac7012212ed688ede0c983a2376c3d7bce4463cd78716e35290b464
file.1.path=adapters/b173-server/src/testkit/java/worldline/b173server/B173LifecycleLoadout.java
file.1.prior_sha256=0783be1ebecacb0804f15d92012603c967b4c75ef8369087083053a344105499
file.10.current_sha256=682d19f8624f2436491a0844d2debbe46396322fd51029aa3fdd6878edea67c8
file.10.path=modules/testkit/src/test/java/worldline/testkit/BlockLifecycleFixtureTest.java
file.10.prior_sha256=bb1becb3fb2e539ca5af61012ba9122910e0b8de4ebd265c82e96d2d8fe295c2
file.2.current_sha256=adf099cd3a4239d490c58fbe955059a2cf8b8220cf3c11aa4eae37aba36beb0d
file.2.path=adapters/b173-server/src/testkit/java/worldline/b173server/B173LifecycleScenarioFactory.java
file.2.prior_sha256=9ba4d8fb88d9f8ed963a5b3d38b551a5e493cd96b04413f27024bbd9c56c6b14
file.3.current_sha256=aa34c400cbf34d3ecf92489dea025350eb601d4a40714839fc0dedee8b9e00c3
file.3.path=adapters/b173-server/src/testkitTest/java/worldline/b173server/B173LifecycleSupportTest.java
file.3.prior_sha256=f696b4421be1d79f39c04b36abcab84fe5b39d955d7317eb73930601ef171f1c
file.4.current_sha256=403732af4ae95b39b9329b226e19a09604687ffd3928024079b6761f6270d0f2
file.4.path=modules/testapi/src/main/java/worldline/testkit/BlockLifecycleEvidence.java
file.4.prior_sha256=39be9a5821350da86941d655e7b436bc9ea5f6f253865c621e2a1df94e06e373
file.5.current_sha256=480f32f96dc751688ef1ad87aa298345337e64bbb151f3a61131a7516bfe741c
file.5.path=modules/testapi/src/main/java/worldline/testkit/BlockLifecycleFixture.java
file.5.prior_sha256=ee7a5124eb2d175f5fb4e78d165463dd84a405185b1e457cc62f74b929843e3c
file.6.current_sha256=27cdab9b72cf827e563fdeecd36d8fce71ed9a8269857ee2cb03add45ebb141a
file.6.path=modules/testapi/src/main/java/worldline/testkit/BlockLifecycleNeighbor.java
file.6.prior_sha256=absent
file.7.current_sha256=9118b839210ad56d024498a32e8ce5a15fe5ceae1228725930117d8e0fbab568
file.7.path=modules/testapi/src/main/java/worldline/testkit/BlockLifecyclePlan.java
file.7.prior_sha256=4d5ff869fa42a335f0a40c32ae682d11f4b949c074c005e4e81d885c7df84fdf
file.8.current_sha256=c719bdafcc5fc8eff53c705fa16d2e4d5a093a657e24d705253fa762eda5b57e
file.8.path=modules/testapi/src/main/java/worldline/testkit/BlockLifecycleScenario.java
file.8.prior_sha256=6c1839fc2b02ee4c60c02d5ce08c58c657e4bf64cc619119fbee829f6f920693
file.9.current_sha256=aae9177e8a1cbf17f312ddcaa9e4ac960ba943ce01a66ff7d8c4a884ff416f91
file.9.path=modules/testkit/src/main/java/worldline/testkit/BlockLifecycleFamilyEvidence.java
file.9.prior_sha256=34435ad666b4d1b5c4439cf200bd66665caf3b4d3e31a8c2628fe394ddbcd383
file.count=11
introduction.commit=69cecbc26c5971ff72af511c688ae9157eb57450
schema=1
smoke.0.current_fingerprint=1e5fd8274bb820b5e280e6c04abfbb613d9a113ff4985eac31e7bff10cef7fe3
smoke.0.evidence_sha256=6fd354f14bc191c11fd670b0d58e6aa0b86072feec3bb2322261cef951ca1a54
smoke.0.id=m147-piston-push-limit
smoke.0.prior_fingerprint=8762212be50bca8a54cf4ee04f70d8fd8149f9a4630204403c0e19ad7f4d233d
smoke.1.current_fingerprint=4b4939db06010452430abf4c1e73ccb7a1e315ea716f1aa8f6217d7c19f986c5
smoke.1.evidence_sha256=6c131f48c758cb5376dfd0b9504b154148f17e3295c1337c08e4c32619dc781a
smoke.1.id=m324-furnace-rest-smelts
smoke.1.prior_fingerprint=44b9a3d35451ff74f8ea8e656ae84d2be42a78ca290ed04882464bdb5e689617
smoke.10.current_fingerprint=74feeec26d311789968dfcc0ba253fd34f1f76ad06a0707f879115dc837505d2
smoke.10.evidence_sha256=a8720dacfe2869d6edf8ba367dcaa1749300824d2a3d0235f9e01c2e469e4d66
smoke.10.id=m629-door-sound-event
smoke.10.prior_fingerprint=26805d7ce4da8f69ab1ed0d0209ad5270b613469408aa6d98d5db9983dccadc4
smoke.11.current_fingerprint=728f29e129130e4cc2273f5333302e5e9c2abead2603305340b4ce5ac8140dc0
smoke.11.evidence_sha256=3d0d34de643ede45801a681b32e21657620358b048123ae816a46fc569e036b8
smoke.11.id=m630-server-acl-matrix
smoke.11.prior_fingerprint=445cdc5fe6d53799a990cb7162d03c3cc72f37756d27b944bdb8888ba579fdf7
smoke.12.current_fingerprint=e87f031b31b2e6129060bb377b54f96b3f92fcf16ea36a119f2e062c841dcea9
smoke.12.evidence_sha256=d039ddfd6bc234225ec24c5433a77a99d176fef96bb5adbb99ca56f2d762ad39
smoke.12.id=m631-protocol14-edge-packets
smoke.12.prior_fingerprint=9716296802c19a34eb92c799827bd967a100687211a9af5ca53e804599683fa9
smoke.13.current_fingerprint=b9fcafef299f03cfdac975008910d3604b13d79a60a1a7509802df29c89e1650
smoke.13.evidence_sha256=97209f62fe943bffa3b1df289e97ba6f2efe8a31ec0c7ed4e3d815c405c4056c
smoke.13.id=m632-map-data-content
smoke.13.prior_fingerprint=a9a235849b918c3b88b9e07d2ce80b1587bff36f5a25b0e7f65caacfc87061b3
smoke.14.current_fingerprint=987a9b6201cda2ce987b917d6ab13d9c35d3dd7db0d86a456231dc3bfcde3f84
smoke.14.evidence_sha256=61d30f60f8347283e1e843dd2a9fc2989427d6da5d22bde90e780c5779e1a238
smoke.14.id=m635-natural-slime-spawn
smoke.14.prior_fingerprint=03e47400440824b03f4790504790c2dd6f1a6bab8a4c33f1062caf8aac905fd9
smoke.15.current_fingerprint=dfc5e0e170864acac970eb77768deb719ba37ccad8c04a17238917062e89fcda
smoke.15.evidence_sha256=2bd70fa77f532bf1876ad944f005151bcd994e2fdb9adc08ba8de1f306015220
smoke.15.id=m636-bonemeal-wheat
smoke.15.prior_fingerprint=39d673e032d6c89067c96335c7bbaee56ff83df6afe317fb8330d9def7e1c48e
smoke.16.current_fingerprint=431d63be5cc48a49eb6567522357a94b54f32dc30b92022998c4be6d4e1c98f9
smoke.16.evidence_sha256=36da1bbf241f079894b7ec438a25d1a1a09082caa59bac68c0a59fd94f01d327
smoke.16.id=m637-tnt-chain
smoke.16.prior_fingerprint=5e0e6e5b5e9c9e1da2cc42e5c186b8e36d337a58caf739e3f226173affd4882c
smoke.17.current_fingerprint=cc3e271c30ff40a4ac94c3efe106a49d3d9b0ebad373d499ca64756b45a13106
smoke.17.evidence_sha256=9ace8dba37f0d8d61c5146477b494083a1d83b3a1d9e278bc6cf81d404f45869
smoke.17.id=m643-multiplayer-sleep-quorum
smoke.17.prior_fingerprint=6417811a93625921791d163016f183204764efe5e09a8942e52a09cdd5dcd51e
smoke.18.current_fingerprint=3b1b3618f1ff46fd11677e39a5652ae10843929732adbe1454cbcbf2d66d2f83
smoke.18.evidence_sha256=e5ebc4a71803f8a04ec443ecd418e64de9de67c337e3023fe7a4d568735f34e0
smoke.18.id=m645-note-pitch-ladder
smoke.18.prior_fingerprint=c17eec95d74831ea6f819492f8af2ad60a95f3de9d1bb7f1e96bba03f3660c54
smoke.19.current_fingerprint=8500ab8fb2da2b3402ab54face21130ba492656d04a506e386e07cae0be18fec
smoke.19.evidence_sha256=e0c55c8c718af34e0b0d7282512420e078984b0d3917c8dc45f541e9af238471
smoke.19.id=m649-chest-access-constraints
smoke.19.prior_fingerprint=d1ec3de835d4f3242d943c838292c78550a7a83fc64b3a6ae98664d8262dbb5b
smoke.2.current_fingerprint=319da787df24b84e1005e7669cefa4d461d2b48bbe4ff1167bbf6bf2343a9a36
smoke.2.evidence_sha256=d412ed91eacea33e26daaf3f37c6494ecb462ee19694093f7126187f36a2b957
smoke.2.id=m338-furnace-fuel-set
smoke.2.prior_fingerprint=3ba76a8ec53476bdb93e5041a268ba15b720eb3329c243f47d062cafcd66d55e
smoke.20.current_fingerprint=91675640026e92c7c3d574fcb806a1d6030dd71def064ab902709b500a9636d7
smoke.20.evidence_sha256=ae858387c77a284d0801976aa7f6e9a90d066d1cfb12e0078ed20b2663a836a6
smoke.20.id=m651-portal-invalid-frame
smoke.20.prior_fingerprint=8af201010d9d3f7fd1ada1c49a2c4a48331fc2e2a1d7a1582a0925b34fc2510a
smoke.21.current_fingerprint=87be51fd968f1702a8011739fafc33ff572f09b37b274b7d8e4c2c5f3239e5c4
smoke.21.evidence_sha256=55463c81d0a2a2213e14c490773fc934e2f1d69bcce5f01270cbfa90d23ac475
smoke.21.id=m652-portal-reentry-cooldown
smoke.21.prior_fingerprint=cd90b66d67fdf1f3ce1e32fe1089e56e01362e5e70cda3368c3644dd250a3770
smoke.22.current_fingerprint=086ff8ac38260e3b48206406c0691e2659265e5f65746a0e95b8de6b37aa28d8
smoke.22.evidence_sha256=21dafc7d84060520da99ad07ba3194868bd30b7539dfbe66c8b4ac8274f09a15
smoke.22.id=m653-chunk-restart-persistence
smoke.22.prior_fingerprint=ca6da6e05ef141455e898d0bcf8799c7056b18fe4dc38c4b7d7dc56d102fae29
smoke.23.current_fingerprint=86084d49072e547335930906be81b94b6dc40cffdf6ad7cdb78dd5c3e82d124d
smoke.23.evidence_sha256=98f8d2a90aec4539ac5226886550aa3864b01df8f8b4edbe3584abb8016a6a18
smoke.23.id=m655-rain-stop-event
smoke.23.prior_fingerprint=490c0c212ee30a954aea2bf872224edf47f03bf817aa6323a8c871053d51b541
smoke.24.current_fingerprint=29a04b977b7bb6782ca502a69dc6564dcb41df528bd4d2f6e91066370b9b126d
smoke.24.evidence_sha256=2bbec92d6c1a41e803419be88e1395b7d5343e70dc1412e12602fb0c4030e6fa
smoke.24.id=m656-server-admission-matrix
smoke.24.prior_fingerprint=92ca3b58a29737467345225ebb904c98e89cc1de427f2bc73668a8f5266fb9d9
smoke.25.current_fingerprint=c8a94dbc3d082fc53485bc9f995d5ed8eb204625bb48c36b99da75d81c6e6f64
smoke.25.evidence_sha256=05a42d02220e492c816e51c0348fda817ae4bb609a583ba7a23cfe1145fb3665
smoke.25.id=b173-cardinal-placement-state-domain-cycle
smoke.25.prior_fingerprint=39f59e4126a027736e340ec0a36dca9323e6f6cfa86042a36ff23799df5bdbce
smoke.26.current_fingerprint=96537b6e9db202ffc71b2f10268e6e402965f0937975fa860c4c3442a5a29e3e
smoke.26.evidence_sha256=edd804e3285258b5f908c9efb00aec3b289c9c0854580bfa6383e4dfdd1f2ff1
smoke.26.id=b173-deterministic-harvest-lifecycle-cycle
smoke.26.prior_fingerprint=0e3afebcfc6cc1632c93b5a75aa28f97985b5862940725398c0e234f87bad90c
smoke.27.current_fingerprint=139ec73c62e4123b963721ac94de68345705b822a4a57b4212ce5c7c8474dd4a
smoke.27.evidence_sha256=8ca3a367817be781a84aed7233afd33077b65bbeb6841277851c3f1b1e906e98
smoke.27.id=b173-dirt-flora-lifecycle-cycle
smoke.27.prior_fingerprint=4c5ddc8b1577a93d74c1d093c11691289a022abe5c57e69ad3a201b55f0e2900
smoke.28.current_fingerprint=fa308e96fdc2a18264a8cef57d801a90374bc440746ee1746b711675ea5f61bd
smoke.28.evidence_sha256=feec18c4c92e535ac906ec0fd6b67d15050fc97687d2d3e16da078b0d293a70f
smoke.28.id=b173-floor-mounted-lifecycle-cycle
smoke.28.prior_fingerprint=88aa98d0b8dce5f9047864c9b0c3291a0190d3ba2bbd28b8206fe61034f48ed2
smoke.29.current_fingerprint=e406e98101d9b7b3d1af427e5f9ed48d731c20f4d05ae3de7ff2b24ce0558fa7
smoke.29.evidence_sha256=8e3a8a8bff0ef466b29c364aa18182af2fa0b7633e13765b2f3120fc716b4537
smoke.29.id=b173-furnace-state-domain-cycle
smoke.29.prior_fingerprint=b364712c4c137edecfbe4a771b13e9523feda63cbe2c14f4ec906aa370cde4d8
smoke.3.current_fingerprint=3cf6fdc70ecbce9d40b383646441c1ee04b46200ab28acc32565236092a9e7eb
smoke.3.evidence_sha256=912452d315840ced68811ccce77f3cde4f1250eac7068c5ddd9f85e22a607a2a
smoke.3.id=m370-remaining-furnace-smelts
smoke.3.prior_fingerprint=d623eb930f7ae6c3362a7187e46893a7193cdf900e12fe7818fc2f63130ee635
smoke.30.current_fingerprint=224523b38e8c5d97d690d519de7d3479ecc99af1095526b1bfdc7199a4de76fe
smoke.30.evidence_sha256=1d3e0c69501dc30043c2468865be8f5c7078bcdf07beb32b94c5f0e51242ccf3
smoke.30.id=b173-gold-shovel-harvest-lifecycle-cycle
smoke.30.prior_fingerprint=ba836e3cc150c96e040c4d66c4232a229dc4a1a5aa4b443e0dd0f25e4c996cce
smoke.31.current_fingerprint=8eee2b4e3736396c5b872fee19dba57e940340501f6b10e1a69cf67544f416eb
smoke.31.evidence_sha256=9c8cb552fdffd3a3e2048696c42b3f25dd58ac57227aa361575c5241b83d30bc
smoke.31.id=b173-lifecycle-provider-cycle
smoke.31.prior_fingerprint=09bbb27bca3c8296d41aae514981de838f450357a3e9daabd94c1b1f0c647387
smoke.32.current_fingerprint=b645673f540bcf838a75482d2b3128a397a53a7bb595d51af8a404b4d017cc53
smoke.32.evidence_sha256=accfc90cf5f4ca3fe1679dadf8d4b284825eab857e76c03a0621549ac3c3bc27
smoke.32.id=b173-shaded-mushroom-lifecycle-cycle
smoke.32.prior_fingerprint=dea44593de6ff410dacdf3d8b54dd5d3de37e2c4e790335c21e23afd5bd60ce2
smoke.33.current_fingerprint=cbcca2738b911561cab8b27da9f0c0d39d83ba630778da7f7a4e284f2d43b7ca
smoke.33.evidence_sha256=512d9362c8416f85f5a11baea171c36a0bfa6869161189fdb07405ed7c0a92d0
smoke.33.id=b173-slab-lifecycle-cycle
smoke.33.prior_fingerprint=4196fa64b0c3cb8a8b38e89f6b8abf5c7538b9cc02aa766e615eee4fbca50a34
smoke.34.current_fingerprint=123ac91696e2b2115e78a7f3eae14fb44b72367fb919b1f6d2f3a90ea34b6b2a
smoke.34.evidence_sha256=ec8ce91d4fdd10454829ab1401ba51ac573d1bd8e4a91f07c4a1b030e198d865
smoke.34.id=b173-static-collision-envelope-cycle
smoke.34.prior_fingerprint=960d6272bde4e8e45e9331ca99cfdfc0e2f5a10d123455fa83bad8158b02fbeb
smoke.35.current_fingerprint=5e211ea2cbd289c633c6d37fe4913c921bf6ca6cc7861254de8cd0814213ac38
smoke.35.evidence_sha256=c433d069661b3fc516fbf0b7884b8a89e975378c393424a4905d70ef74db9e2e
smoke.35.id=b173-static-light-transport-cycle
smoke.35.prior_fingerprint=5fb937a7acd155ddbdc306dc305f218433b4fe923cf8592fb68911ae1ef02516
smoke.36.current_fingerprint=265c9639c6e48d47f034d09565493df79be9f8769efd2f4ed1675ab67974dfbc
smoke.36.evidence_sha256=41ca1113d3cf1523abef07a42f6fc07d7f2b52da7b818a2202694973f02d393f
smoke.36.id=b173-static-self-drop-lifecycle-cycle
smoke.36.prior_fingerprint=aead23fcfec25dc286375474d1ae63397d65ceabb6902ace3d25ce2030caab83
smoke.37.current_fingerprint=ee821f904d19936274473320d68fad67a612ebf1f970263008d3057b56de7281
smoke.37.evidence_sha256=957888ee355f144621424a1a4bad04d60b0c2beb0bde5415dbd5999ff695a701
smoke.37.id=b173-wall-attachment-state-domain-cycle
smoke.37.prior_fingerprint=90c3f32e8cc6a373aa805e7004fcbc849b4ff8d440884189470142aa44e49b9f
smoke.38.current_fingerprint=fbd85869e4e93e10c4307678e071f04972a3188c2b254362d4bc170d4e4762b9
smoke.38.evidence_sha256=bede36ebdaa6340f6af9a1fbb30352806d622d4ffc12cd127dac0c0abddd0168
smoke.38.id=b173-wooden-door-state-domain-cycle
smoke.38.prior_fingerprint=b2004fc07f46ea7296a4377ed47e12c775699c20c21ee3a295fb0f7406a25395
smoke.39.current_fingerprint=06df0ea21829d2b692b57b94490f3165bcd989f00b25085b9b963cc062b22354
smoke.39.evidence_sha256=e103e2c2fe51577f6d6443f3b970ae0ee28094134ae7bfeb8a2da16671187a29
smoke.39.id=gui-tree
smoke.39.prior_fingerprint=dd034430796b09d96d6f2b8d502807285f6b7f138d64d2cd8522fefb7d68488e
smoke.4.current_fingerprint=f60451b2ac776e16e865aadbe62b9a0a81104281c216a5a2f195a2188ce9060d
smoke.4.evidence_sha256=6a31a5c30bf7a861c626da550e1989e4d2c38f0a32cd4607e27a9093fa6a268d
smoke.4.id=m563-nether-exit-create-set
smoke.4.prior_fingerprint=bc047c98223e23918dfbe214a4bbf0b966f2c9413dd855ac66e936e35a3cf6a5
smoke.40.current_fingerprint=4220240898766106fc3b61cb7504cc4b9a98fdd19019152d5c375f58e821b930
smoke.40.evidence_sha256=e72fbb0837463207cab9f2363feb3c43833d8b39a3f4e27022a1eb9346acd405
smoke.40.id=seed-atlas
smoke.40.prior_fingerprint=b9009af1c63f148160b4eb042e5962c0c24233454d9786da7f89a0931e2e0045
smoke.5.current_fingerprint=734332484359502157d0c963b6a4b8faf4364ddc22717f66bca32520b08d349d
smoke.5.evidence_sha256=1fb88e65970ad45942fb1954c5315af90618557ab3edfd0d9107747118441f50
smoke.5.id=m618-wolf-tame-set
smoke.5.prior_fingerprint=13dc9becd7051eecfb62c1b11bd816f3aca093efa38951d8ee535adb30bd1c04
smoke.6.current_fingerprint=e4af658a0d4bab564744aa8abfecccffb6e2583840c28878bc9c15d732649fd5
smoke.6.evidence_sha256=e502dca6cb9192baf2f013958c651df4fead6d308bde5cad39458a11ac3dd580
smoke.6.id=m620-stationapi-testkit-driver
smoke.6.prior_fingerprint=a754ef98e36dc3170c54c7d0f14e75cf1f78a99a41d18e49a35daf6ca4fa9f4f
smoke.7.current_fingerprint=53b0373230e39f0195f39d9b2b48c428be6204ed554fa910398067aa4cad5b2c
smoke.7.evidence_sha256=b649f7e5a7b8d81bc959572f41ec30da91ed6c31980b9e1addcba8bdd64f3afd
smoke.7.id=m626-dungeon-generation-census
smoke.7.prior_fingerprint=36fdf120901d2ce2ed3a4744b49199cacfd2356385554126325c35cae7d60f16
smoke.8.current_fingerprint=ef2795c8f4bea52da7a712ec70947f714ed27ac435981da8f887eb2a608d9e0b
smoke.8.evidence_sha256=f785ba7052d58933013ee82cd556c8f22f8fe31a154a9f33473907b58af86c73
smoke.8.id=m627-chunk-unload-reload
smoke.8.prior_fingerprint=7815f0524cdce2c21973fa85bf6a01600ce9132b727aa6a18c69a661fccb5fce
smoke.9.current_fingerprint=621c65e3c658d33c3b795c262963679a79a8f1ccabc3143a97240cef136baf49
smoke.9.evidence_sha256=021644d481982ecb346469dec2c4f9653325be7c95f3601ed83fd0daf11d9e50
smoke.9.id=m628-minecart-booster-bug
smoke.9.prior_fingerprint=ec82434a2bbad277ed9aa121dbd16e3e47a37826cade5b1b662928527b4c3807
