# Worldline smoke qualification lock v5
schema=5
algorithm=worldline-smoke-input-v6-tokens
smoke.b173-entity-physical-envelope-cycle.fingerprint=956a09b037ae959ff959d23bad593f9ebc9e31e1d92f25ba229d6e1d61fdc35e
smoke.b173-entity-physical-envelope-cycle.observation_sha256=8b119a1a3726805d48bdfd54362b9bd2ee1b9057b915f29997eb956d263000be
smoke.b173-entity-physical-envelope-cycle.evidence_sha256=87afbc2fd0e0ea5a934777bbcd257ab065ebea4168cb9d75127760537753cc81
smoke.b173-entity-physical-envelope-cycle.source=executed
smoke.b173-entity-physical-envelope-cycle.status=passed
smoke.b173-native-special-world-render-cycle.fingerprint=138b515214c48f6ae3e03a2c7c87d48c6eca6b7b4b02b5e5d85a60372107af4f
smoke.b173-native-special-world-render-cycle.observation_sha256=9e85f280d7704f42a235c45d9f2f1a1aa34d4e48064d3406169272cad95e786c
smoke.b173-native-special-world-render-cycle.evidence_sha256=e07c72741856847fbbeec7e5f9d2e5afc49fa61c9d55b8dfd0ea6bf441c80307
smoke.b173-native-special-world-render-cycle.source=executed
smoke.b173-native-special-world-render-cycle.status=passed
smoke.b173-native-tile-entity-render-cycle.fingerprint=6c996a7f34d1d498f2a4af92046bea6bca12e4757a08b0216f056c95e1afa86a
smoke.b173-native-tile-entity-render-cycle.observation_sha256=575f6b04e7dacd8f0ff9774c0c3a95ca52d7eb39d8221dbac3fe477f2f9d3b08
smoke.b173-native-tile-entity-render-cycle.evidence_sha256=cccb82e93ac4cad05c770a558bdb4a3b689a87377b6f7dea1b0763752f805c6a
smoke.b173-native-tile-entity-render-cycle.source=executed
smoke.b173-native-tile-entity-render-cycle.status=passed
smoke.betavault-item-reference.fingerprint=82d4262640b90075391ccfa3684eb341338243469d993153c51832e1082960e0
smoke.betavault-item-reference.observation_sha256=424e7234c31248c2e3cb70370f10b0bb5475d7e11f70c7ec18e3fc0778ffc20a
smoke.betavault-item-reference.evidence_sha256=6b02434f2e9fa47ecb749a4cb5c5d998f64dc7226272ed2eef72108cdfedcf18
smoke.betavault-item-reference.source=refactor-equivalent
smoke.betavault-item-reference.status=passed
smoke.census-cycle.fingerprint=bd08327d408fac14188fb5c7650ab5bac0b9ba11b304a7df7d1bf43d505421d3
smoke.census-cycle.observation_sha256=85b941a0b78853f261d8c65e54aff8cc600abd85aa2a617bee28914edbb1a677
smoke.census-cycle.evidence_sha256=4bd42e16805c5b7a570e1984fa771bd1a7d749c7d86dabc2c9878484b08431eb
smoke.census-cycle.source=executed
smoke.census-cycle.status=passed
smoke.m10-native-render.fingerprint=e5ebee1aec3cac2f22b976f9f9513d11d8fe9bbef4d048bbf365bc6d24899da1
smoke.m10-native-render.observation_sha256=e3107c7a41c137b6ae1a335849c43cab851ebeaf7372f4ab354d0ac2a0ad4d42
smoke.m10-native-render.evidence_sha256=f9feb94c986f85a5fa691afcbf9d3b28e7618da3fdd804ed9bb371660b182d63
smoke.m10-native-render.source=refactor-equivalent
smoke.m10-native-render.status=passed
smoke.m100-rebuild-budget-one-fallback.fingerprint=3930841a4b05843bb18d755d25e3fe3874cd873d373ba7d22f75258dcd01ffd1
smoke.m100-rebuild-budget-one-fallback.observation_sha256=322cccb6a7643bf79357d81d1c8b3ecf2bc0c7bcad170993ebbb01fc7fa8d76b
smoke.m100-rebuild-budget-one-fallback.evidence_sha256=c3c365dceff0ffeab5659ef14a8863ea4e55db6b77d4fdea77a38b4f76d820a6
smoke.m100-rebuild-budget-one-fallback.source=refactor-equivalent
smoke.m100-rebuild-budget-one-fallback.status=passed
smoke.m101-rebuild-budget-zero-direct.fingerprint=66dd2b048a0cdea555602f4eb7acdde99d6747f616082523a2ba58b7a2dbc7b8
smoke.m101-rebuild-budget-zero-direct.observation_sha256=8e0d8ae9c249c8f2967e0ac534c0ee7b7e79ff6a04bd7b407c89dcd2f5e7b0cd
smoke.m101-rebuild-budget-zero-direct.evidence_sha256=e5be0b7430806341b5f8b5ba7cca838133272ac8daae9234ea4272c0c319c46e
smoke.m101-rebuild-budget-zero-direct.source=refactor-equivalent
smoke.m101-rebuild-budget-zero-direct.status=passed
smoke.m102-unlimited-rebuild-sentinel.fingerprint=a3f05f2d19c8605d96cdbab18b43302bcfbc00f1c891f50268125eca18f533e5
smoke.m102-unlimited-rebuild-sentinel.observation_sha256=852d41f2d1654fd1dc83d0b746fddb4c109d370573fd67b25290361ddaefa75b
smoke.m102-unlimited-rebuild-sentinel.evidence_sha256=c783ede4b8bfac8d4e740e96b2d1cb537302bc8023d8af817b22d5f75994d32d
smoke.m102-unlimited-rebuild-sentinel.source=refactor-equivalent
smoke.m102-unlimited-rebuild-sentinel.status=passed
smoke.m103-pages-disabled-immediate-direct.fingerprint=a12bc4c3a3c2578f68c9813c129fd3a3475197cfa1ce8ff0082f38ee23c7ce10
smoke.m103-pages-disabled-immediate-direct.observation_sha256=7ebb83eada0eccda5dbb38d2610d92b60abe893d2483212710eb463e0aa285c6
smoke.m103-pages-disabled-immediate-direct.evidence_sha256=345e50a992ec583d09578f20e36e1c0f64fba1dbb90cc907f73af4b87830fb87
smoke.m103-pages-disabled-immediate-direct.source=refactor-equivalent
smoke.m103-pages-disabled-immediate-direct.status=passed
smoke.m104-paired-pages-control.fingerprint=30d7b2dfebf5b41dc70c2e8f7fd5ea1236f16e4150a624a5f3546ff63206fa26
smoke.m104-paired-pages-control.observation_sha256=a91f910fbbf2ced951e0a009e1db64924f8b8a33f34aeca4f8b0e6b6e2bc4df8
smoke.m104-paired-pages-control.evidence_sha256=8e9bb64c892ba8ae48fe6ed8eacb31c82607e9bb2c956dd98a1d85e661e10f4b
smoke.m104-paired-pages-control.source=refactor-equivalent
smoke.m104-paired-pages-control.status=passed
smoke.m105-paired-cache-capacity.fingerprint=7b11cc207f1ae846a3c379fe856e913599c09ae2510b170c003b4bd948347d62
smoke.m105-paired-cache-capacity.observation_sha256=35da2fabb47ef902a2cbd7b92dc976771d9a80179b76322cf1f26edade4e5898
smoke.m105-paired-cache-capacity.evidence_sha256=d54deb1361c73bea3787ce1b340e43873a513909eb2b47198761c8ee38d25f4e
smoke.m105-paired-cache-capacity.source=refactor-equivalent
smoke.m105-paired-cache-capacity.status=passed
smoke.m106-paired-min-instances.fingerprint=a838d27df708127899a70ddf21c2704bc52714842e2ecfba19d4091c395ba532
smoke.m106-paired-min-instances.observation_sha256=f3b298b76961b50be8e4695957f53c7ee1e735d394d0b26886e8c5164553adae
smoke.m106-paired-min-instances.evidence_sha256=9682aa2e430c801f51042e368c2b867fe30afb3f945d5f1e6d3fbcbd0bcde592
smoke.m106-paired-min-instances.source=refactor-equivalent
smoke.m106-paired-min-instances.status=passed
smoke.m107-paired-skip-individual.fingerprint=aae9ac7589f3783cb8e4312044db45f1f921954ce397cad312caf79dd009628f
smoke.m107-paired-skip-individual.observation_sha256=913fff54f216f47e06d3886f94f4682b83c1d5bbf49648991c28926d71e8c6f3
smoke.m107-paired-skip-individual.evidence_sha256=756479d6f4e83c404842b9e4725d95e90cac54c4d8319b40d624f2abe46afeb5
smoke.m107-paired-skip-individual.source=refactor-equivalent
smoke.m107-paired-skip-individual.status=passed
smoke.m108-paired-cell-size.fingerprint=02d5c4ca42fcf9194d1a4823f620f14dea3de5c96424f0ee0cef5621b51effbc
smoke.m108-paired-cell-size.observation_sha256=7bd2dd0f5f557a19c07eaf9d79978bfbac81aee3ad313df51ac504740b7c303d
smoke.m108-paired-cell-size.evidence_sha256=f22452ce9e086ed45a313ee7f5b377a5374506275a8d959d2e090b3f23e3f0ac
smoke.m108-paired-cell-size.source=refactor-equivalent
smoke.m108-paired-cell-size.status=passed
smoke.m109-cell-size-floor.fingerprint=e205050cc9908dae963f18d06d26ee2f0b0e19891c3bf212529f41907523c0db
smoke.m109-cell-size-floor.observation_sha256=d5ba4fa589d791959dca34158989889ea9d5c29942b6bc44fca7a18bb800a69e
smoke.m109-cell-size-floor.evidence_sha256=4f34ca4d8eaa51bfaa630f1d31da5d04eb7158256fe04375ecd94aea8928334d
smoke.m109-cell-size-floor.source=refactor-equivalent
smoke.m109-cell-size-floor.status=passed
smoke.m11-aero-attribution.fingerprint=3083099c783b1269975fae6010a6fa425b3974629a70d51f91634854c6b94f79
smoke.m11-aero-attribution.observation_sha256=e700729813de717cf11ef8d71130612c31aef56af57552b324035e929acb3cc0
smoke.m11-aero-attribution.evidence_sha256=624665ea2e79cc306db7bc4b5ca90c75991291e5afd17ba15a10908cfa4fd2e9
smoke.m11-aero-attribution.source=refactor-equivalent
smoke.m11-aero-attribution.status=passed
smoke.m110-cell-size-ceiling.fingerprint=9b8729af8e9acd0c5ca7e2c37a09fb5218ee5a9734ed52f13fc20467d23b5278
smoke.m110-cell-size-ceiling.observation_sha256=4061454ff65c9ef06366042094e79fc165c26e91d6f3af2fcd7f04638a180c0e
smoke.m110-cell-size-ceiling.evidence_sha256=e17f3b4c7d32a37f8308678d0291036fae534014c7b83563ac2011413afc0fbe
smoke.m110-cell-size-ceiling.source=refactor-equivalent
smoke.m110-cell-size-ceiling.status=passed
smoke.m12-aero-reproduction.fingerprint=1592a9b6d4fb07d7c7ce6e4c46141f9bef9023c56e813dd1f1fb8f113822fd92
smoke.m12-aero-reproduction.observation_sha256=658dd9c328381a4c5bdff4d989a93bc0546b3ef1907b0c62a0a58706d48d4119
smoke.m12-aero-reproduction.evidence_sha256=7ec7ed3f784e62d113bad6ed4fae3c40d7d57371869e600394d8bbfab2ed1327
smoke.m12-aero-reproduction.source=refactor-equivalent
smoke.m12-aero-reproduction.status=passed
smoke.m13-aero-differential.fingerprint=d8b477c6f4b950dc57dcca742bd850d3bc15f9edec9d179db0e52b860bc7b4cf
smoke.m13-aero-differential.observation_sha256=b887b63564e7b8fa383eb22ea32c1da3c8e55b7102d744ce28035808aae5b68b
smoke.m13-aero-differential.evidence_sha256=4e5447419e27949d598d47c6dcda2bf7ce375868054e9ad900c29a815cee714c
smoke.m13-aero-differential.source=refactor-equivalent
smoke.m13-aero-differential.status=passed
smoke.m13-mod-graph.fingerprint=2bffc1e6fb8acb9c14a1a3b1b67adb177d3e321775017b92f658671854fc286e
smoke.m13-mod-graph.observation_sha256=011b245265584ed4916e2939c89e1fa0ae6bb8c1b3c1298370600f628a87e36d
smoke.m13-mod-graph.evidence_sha256=8c71e658e99d101c1920e57e3d00b9415b95d3fcaa5eb95e8e3f13ebe1cf5a1e
smoke.m13-mod-graph.source=refactor-equivalent
smoke.m13-mod-graph.status=passed
smoke.m14-chunk-backlog.fingerprint=5ee26f8323f799803c3723d6520952b66a30812f7141f84684d831e2192b7c34
smoke.m14-chunk-backlog.observation_sha256=a359a997afb0f5835d1744dffc47cb33b3aa3664cbadd71e09e2556603eba30c
smoke.m14-chunk-backlog.evidence_sha256=763c58c6954258e7604683f6a0e47732619b3a7bc2907faebff9aa603782b572
smoke.m14-chunk-backlog.source=refactor-equivalent
smoke.m14-chunk-backlog.status=passed
smoke.m14-scenario-dsl.fingerprint=5e1e57260b4d59b30172d8a0949ae5a1f35183d17dbd5eddee29734bf79c5850
smoke.m14-scenario-dsl.observation_sha256=cd005f3ae12c05eef67fa1441b4c6670601a4822dea37ef76044072c9f94b62b
smoke.m14-scenario-dsl.evidence_sha256=97ba49bdcfa71e7567c61773119e0123dc6df10632216541f831568f3884ca49
smoke.m14-scenario-dsl.source=refactor-equivalent
smoke.m14-scenario-dsl.status=passed
smoke.m15-chunk-contract.fingerprint=12e8726d29d4a941376ddb4fb74d111c450431f013e6fb39f7c5bc8b0db3bca5
smoke.m15-chunk-contract.observation_sha256=d2fa9915152f14246f0b766b062623a03f67a8dfde437124d4071c8fc01f7942
smoke.m15-chunk-contract.evidence_sha256=3457f7ec37ba56eec33b0d9b0cd29a91ad8b6ac0e2c2acaeb316a35f3f1d0a2a
smoke.m15-chunk-contract.source=refactor-equivalent
smoke.m15-chunk-contract.status=passed
smoke.m15-fuzz.fingerprint=f27b39884aa4fc6e78e165a58502b7664f470e018a78673a895cb03caad5fe14
smoke.m15-fuzz.observation_sha256=75bf365c568a6e70c0adfd49c751669280a3b5f30cfe21331e650533468202c8
smoke.m15-fuzz.evidence_sha256=bf53273ce39f24a0c58c7f8d5c65e1c2ee5558d9e57ff0dc75c0fd7d4d2df520
smoke.m15-fuzz.source=refactor-equivalent
smoke.m15-fuzz.status=passed
smoke.m16-adaptive-chunks.fingerprint=291f911804dd126eac3b3b143e92b3b7ac46838a6a8b028da45ddec00c23e1e4
smoke.m16-adaptive-chunks.observation_sha256=f531939f872ede7fc66808432caf1b54e9b06876e15470a5c90868482b88997d
smoke.m16-adaptive-chunks.evidence_sha256=ce98a3978d8155b280af5179b1d752e5b55ff64004407ba0524242d1a60ef595
smoke.m16-adaptive-chunks.source=refactor-equivalent
smoke.m16-adaptive-chunks.status=passed
smoke.m16-debug.fingerprint=b57e8ef98ff10df4ba16f2087f54fba7cd5848239971e93ba4f7e115a9c793d4
smoke.m16-debug.observation_sha256=f258a355f469d1127d4a6fa297e9ff6ccc2ebef0f66c5bc4128a9e90c6c4719e
smoke.m16-debug.evidence_sha256=929ad6b08bd63b32af782e4171876b69c779a8e2ff3f99b60be3e30a9895b8b4
smoke.m16-debug.source=refactor-equivalent
smoke.m16-debug.status=passed
smoke.m17-profile.fingerprint=c046a9309d2f0a34f12c9e3048e3008e2bec54dcd0238c3af11c543fb7c451e6
smoke.m17-profile.observation_sha256=48a99940b8de960ab64c9e807abbbfbbcd0b55718e799ef3391c60f54ea3ae00
smoke.m17-profile.evidence_sha256=272f001c4c13832082f06ba59630e9d4ecd5641cd5a8724c32a080027604986e
smoke.m17-profile.source=refactor-equivalent
smoke.m17-profile.status=passed
smoke.m17-scheduler-hardening.fingerprint=6647ba7898f15c4d7af0a8a5431a2f9bfa8bd4cc0c70a0b5bbf39c57f992c79f
smoke.m17-scheduler-hardening.observation_sha256=29d8a4166911f459075b43b1dda292cd2fd0967c8e6f81f12c017a563dd9c5cd
smoke.m17-scheduler-hardening.evidence_sha256=a823cffb630157011027db6cf707a540bf9345b2a9a151b5ab7adef45cdcc6fa
smoke.m17-scheduler-hardening.source=refactor-equivalent
smoke.m17-scheduler-hardening.status=passed
smoke.m18-coverage.fingerprint=705af5aaedd4aad6dfc38b25d44c67adab3eaa9e92e589c31625f8c50740f033
smoke.m18-coverage.observation_sha256=15102aefa1bcf05c0a8c485d6884439156789e2887edb60d3e5e1f4173401f08
smoke.m18-coverage.evidence_sha256=7f737c505d1cc98392d5de13d660018a0e78f062cc1afad7af820ab8632ff4df
smoke.m18-coverage.source=refactor-equivalent
smoke.m18-coverage.status=passed
smoke.m18-save-attribution.fingerprint=3d54afd602c1a6da66013da77d202eb38f709cc21bca7f732a548fc07339bc5b
smoke.m18-save-attribution.observation_sha256=03eacfa0a8655c3e9e574ada7e23e8c9306275b8d30bc42237f7c126573a963f
smoke.m18-save-attribution.evidence_sha256=0c0792b4f9cf1707a3446e657738ea54cc49edb3f039d3ae2df5419a6c00de94
smoke.m18-save-attribution.source=refactor-equivalent
smoke.m18-save-attribution.status=passed
smoke.m19-forced-autosave.fingerprint=565e2a703a387a35417a53623704802b5437d8724fff3100e7ea66f07d4ce641
smoke.m19-forced-autosave.observation_sha256=200dbd154ea1d025df0a62bc3e65a07d515c3e1318cea82b645fb3adccb1d513
smoke.m19-forced-autosave.evidence_sha256=f43f0740d8dda8d47895d28bf425d048f789d38d80085957a38bacd000605964
smoke.m19-forced-autosave.source=refactor-equivalent
smoke.m19-forced-autosave.status=passed
smoke.m19-html.fingerprint=6ff262dd950483eb40de253d9d85c2527357b6dffe2a3c12e775f14248ec2be4
smoke.m19-html.observation_sha256=4f66f57400d1e336194a8dfeb80122a024be1e1dcac53edca290b1d3e3543837
smoke.m19-html.evidence_sha256=784ab8af6f8a2293f882c29ccaf16b769a26587b17f9428a5303d37f37fae10d
smoke.m19-html.source=refactor-equivalent
smoke.m19-html.status=passed
smoke.m20-server-bootstrap.fingerprint=af6983e3a0b4960326fb10609ed257b342258312fa72bd83b76d2a76ce8eb51d
smoke.m20-server-bootstrap.observation_sha256=d7068ceef13c43a7c33e09abf6ee67e9c39de5f347e4b3ed01831ec1dd0305a3
smoke.m20-server-bootstrap.evidence_sha256=ae7159494d3f3524df961c87e2739aeb682b57cd3ffb4ebf8a2d246a379ecefc
smoke.m20-server-bootstrap.source=refactor-equivalent
smoke.m20-server-bootstrap.status=passed
# fixed-wait-refactor-proof=smokes/fixed-wait-migration.lock:milestone.m324-furnace-rest-smelts
smoke.m324-furnace-rest-smelts.fingerprint=af0f3f3d9dccee27afb2d8f89cc4b937f09d023d5670724275952ae8810a1ad3
smoke.m324-furnace-rest-smelts.observation_sha256=6c131f48c758cb5376dfd0b9504b154148f17e3295c1337c08e4c32619dc781a
smoke.m324-furnace-rest-smelts.evidence_sha256=6af00da6f84c34d065183afa478de586d2721f70d2ec3e3eb2af3de38bb28fe1
smoke.m324-furnace-rest-smelts.source=refactor-equivalent
smoke.m324-furnace-rest-smelts.status=passed
# fixed-wait-refactor-proof=smokes/fixed-wait-migration.lock:milestone.m338-furnace-fuel-set
smoke.m338-furnace-fuel-set.fingerprint=4dc4245499e6897a07b6c42779443ab8bf33298211653b0f374b92d97a338b61
smoke.m338-furnace-fuel-set.observation_sha256=d412ed91eacea33e26daaf3f37c6494ecb462ee19694093f7126187f36a2b957
smoke.m338-furnace-fuel-set.evidence_sha256=84e15ea7d40e409aeb1ca67df8e30ffe0a4e80a41edb47445301205f9f703cb8
smoke.m338-furnace-fuel-set.source=refactor-equivalent
smoke.m338-furnace-fuel-set.status=passed
# fixed-wait-refactor-proof=smokes/fixed-wait-migration.lock:milestone.m370-remaining-furnace-smelts
smoke.m370-remaining-furnace-smelts.fingerprint=c2e4e8e96281a3435f55598abef773acacd61e87d92b8b6cbcf49f3cc3bf893d
smoke.m370-remaining-furnace-smelts.observation_sha256=912452d315840ced68811ccce77f3cde4f1250eac7068c5ddd9f85e22a607a2a
smoke.m370-remaining-furnace-smelts.evidence_sha256=3778f646960e7b5059d0a7508c2b5eddb5fb7320b140cb496d2dfd75acc6e80d
smoke.m370-remaining-furnace-smelts.source=refactor-equivalent
smoke.m370-remaining-furnace-smelts.status=passed
smoke.m68-aero-multiplayer-login.fingerprint=55671b81050c0a5e74538d57cfd8e07dcd3191decdafaf3f1e218ad1d86184af
smoke.m68-aero-multiplayer-login.observation_sha256=a7978b0bb7e1277d846528036ff3ded3c5541ea5b11bd0935d32580b574e969f
smoke.m68-aero-multiplayer-login.evidence_sha256=f8df0b99b77b5650977929e3f46606f6c9735e1fcfea29497ccbdb97c9580c65
smoke.m68-aero-multiplayer-login.source=refactor-equivalent
smoke.m68-aero-multiplayer-login.status=passed
smoke.m703-native-3d-inventory-render.fingerprint=54c7cc1645df14e55880e4f6fa24c92fce065ce6017f691af163c6f7ced13cd5
smoke.m703-native-3d-inventory-render.observation_sha256=7bba9908ed24b53a8ea7f42de843a01051c60391aafeb18196f43c9fb2a97073
smoke.m703-native-3d-inventory-render.evidence_sha256=81dada83451e189532ee19c45590dfa54728fb7b42d4a36e4576e412bcf5f4f9
smoke.m703-native-3d-inventory-render.source=executed
smoke.m703-native-3d-inventory-render.status=passed
smoke.m72-aero-server-content.fingerprint=bffc5cff907686d8e14a07c8dc5a9c4c0c72a2e33a205f361c54409c67b14659
smoke.m72-aero-server-content.observation_sha256=6dff186ed904bdce57466038dd32a9824888d6de7ddb1a20041663cb8cec0501
smoke.m72-aero-server-content.evidence_sha256=1f765613421242a12bff4517a14be35fcf93611ac2e36ad3e0719e7a5fafd58a
smoke.m72-aero-server-content.source=refactor-equivalent
smoke.m72-aero-server-content.status=passed
smoke.m73-paired-aero-content.fingerprint=e82780991276f10dff2a319beafd322862dca45cf644742d502f113368a18ef6
smoke.m73-paired-aero-content.observation_sha256=41422dda87ca7a8ed192e8c23c9946c55518f87e123cf69d6b1662d689b3b500
smoke.m73-paired-aero-content.evidence_sha256=1d164acac48ae887f3ae65ff99e36cb954a3c25bc99dbf69328936d42db4e609
smoke.m73-paired-aero-content.source=refactor-equivalent
smoke.m73-paired-aero-content.status=passed
smoke.m74-complete-aero-census.fingerprint=b677abc7bd9f3a77586f273c4ab0c92c70850952f95ac02b77001af24e1f222c
smoke.m74-complete-aero-census.observation_sha256=b722ef9ee2449596e9e9c1cbcf68e972f0a5a494c2745453ae291be49acd2ab4
smoke.m74-complete-aero-census.evidence_sha256=a8ae234b8cc2fc7660fac536fd28fac1d83ba162d085cfd8db90ea80224ab409
smoke.m74-complete-aero-census.source=refactor-equivalent
smoke.m74-complete-aero-census.status=passed
smoke.m75-aero-density-ladder.fingerprint=3f6250962b9d134ec3a65e163c064956a0f4681f56a477bafe279b439f542573
smoke.m75-aero-density-ladder.observation_sha256=92c9e4e28b17dd1df6750e5aff15022619211a1e981ffb9c3ccea461a3d9da05
smoke.m75-aero-density-ladder.evidence_sha256=71b94c0c6e9aa5a6e91e95e29cee6baaf38294a6968ff9b7b9aa9068b68e26e2
smoke.m75-aero-density-ladder.source=refactor-equivalent
smoke.m75-aero-density-ladder.status=passed
smoke.m76-renderer-decomposition.fingerprint=bfd1d7ff4ac27969971880c1a609ad9aff4e816a4fc3227938c9ec78660df8bd
smoke.m76-renderer-decomposition.observation_sha256=973ae93f8127bae80ceeddc372713f5968213aa1f2fb3a8978c58af61439ac40
smoke.m76-renderer-decomposition.evidence_sha256=a26ea9ee687e6d8ff6a0ff2a4ab8c00b54aa0ada8807db37772260efd13a1888
smoke.m76-renderer-decomposition.source=refactor-equivalent
smoke.m76-renderer-decomposition.status=passed
smoke.m77-direct-stage-timing.fingerprint=f32551910809abcb0fd6d27cad5d96a438e2c762d13bd7922d949a992bf63b18
smoke.m77-direct-stage-timing.observation_sha256=4ac829480cfb8a9409d89c35e002246e43a0a143815303e1ac520e8990988a4c
smoke.m77-direct-stage-timing.evidence_sha256=52b0f4891b7de5fc5ad88e2476fb39ac62ff986286df6f357a0ea20228605476
smoke.m77-direct-stage-timing.source=refactor-equivalent
smoke.m77-direct-stage-timing.status=passed
smoke.m78-paged-stage-timing.fingerprint=d750457b7bf8b27c2864ddba6a9176fbe75bac08a34acb5227cf7e6c7ce1da9f
smoke.m78-paged-stage-timing.observation_sha256=dbb52fb098cf377aa90027c4000ab7073efa6cbe5bc4f4fa56fa2090d38ae894
smoke.m78-paged-stage-timing.evidence_sha256=9e8cf677a2fc655dced099dde21e8cff362e0a70c74262d9c3446fa7a42f11c1
smoke.m78-paged-stage-timing.source=refactor-equivalent
smoke.m78-paged-stage-timing.status=passed
smoke.m79-cold-page-rebuild.fingerprint=235c8e7ee338d56df6e602559dbb7d7d862970ba42b0964bf59ef524cfb0b81f
smoke.m79-cold-page-rebuild.observation_sha256=94b95453ff0ba5944e7592bbdd8251c064dd0d7aa966cfa2c8b343ce92267d08
smoke.m79-cold-page-rebuild.evidence_sha256=ad013d8bb0359eda325fafcc35a76e9f7dbd088beefcf9cd9a709bcf37855c03
smoke.m79-cold-page-rebuild.source=refactor-equivalent
smoke.m79-cold-page-rebuild.status=passed
smoke.m80-natural-membership-rebuild.fingerprint=28f8d02aec5924e7daf93efbc1915484144e96182d6255246fcc5a620658f1a5
smoke.m80-natural-membership-rebuild.observation_sha256=3df82b51703daacc031e1f745f86fc7af6678d2da74901eb6c00183915e8a77a
smoke.m80-natural-membership-rebuild.evidence_sha256=98dfb5f271145d68e4bca01e1fedf018e8fac3c2baa37db2c7b11644e9469c9d
smoke.m80-natural-membership-rebuild.source=refactor-equivalent
smoke.m80-natural-membership-rebuild.status=passed
smoke.m81-natural-multipage-rebuild.fingerprint=ac12dc2c3623924f846226f4a2f774c32ea0bb7c2dec6ca6b4ef84f744637045
smoke.m81-natural-multipage-rebuild.observation_sha256=f30116757d3fcf070289bdb013181744abdaf8da806426cc2efc76128484bc6d
smoke.m81-natural-multipage-rebuild.evidence_sha256=d75595316e7a7158172c19cc5c44a671cf0ce20bac3e4d66444817743bd01a19
smoke.m81-natural-multipage-rebuild.source=refactor-equivalent
smoke.m81-natural-multipage-rebuild.status=passed
smoke.m82-natural-wave-ladder.fingerprint=19350a0e69db03158b4669d24b61c5b4e98e81e391105923c9147ec7f320e3fa
smoke.m82-natural-wave-ladder.observation_sha256=2727138a7c9b2eb9e38b7a40a9ae8518a3c3c7b0739c188d2ae152edbbb47bab
smoke.m82-natural-wave-ladder.evidence_sha256=4d29108a6bef9dde3ea1e0906e06eeae75a54d99734b10fdc1d55b5d1e4793fb
smoke.m82-natural-wave-ladder.source=refactor-equivalent
smoke.m82-natural-wave-ladder.status=passed
smoke.m83-page-topology-contrast.fingerprint=0537af9a79821c0c08bce13081fe8f75fde68e19a00a029993b93ae29c405743
smoke.m83-page-topology-contrast.observation_sha256=2418e988f23571a72a07c2521eb9ee7cb9ebc8b436957a74d7cf226fe4878f10
smoke.m83-page-topology-contrast.evidence_sha256=90e44a8e67dd9fe7d34898722c23b772e83bd0173c0c9d2a3dccbf9fb30fd1c7
smoke.m83-page-topology-contrast.source=refactor-equivalent
smoke.m83-page-topology-contrast.status=passed
smoke.m84-four-page-topology-contrast.fingerprint=ef11308682a0122afaab296e06b2ce4d684901fdf7ae6325a8d9d1c358aa4a4c
smoke.m84-four-page-topology-contrast.observation_sha256=ab9789101de12052aa945af741a37394c4a4b06fb78fa2d3d0737120a45eb39b
smoke.m84-four-page-topology-contrast.evidence_sha256=931a78b4020926d1c037d924031347777e8b1518078be67c60f963e3192ae5f4
smoke.m84-four-page-topology-contrast.source=refactor-equivalent
smoke.m84-four-page-topology-contrast.status=passed
smoke.m85-natural-membership-recovery.fingerprint=fd1eeeac308ba0f30538fea0690de3611cd71d8520f4b8d80ee9eb27146df056
smoke.m85-natural-membership-recovery.observation_sha256=6afe38b10186f67d95eef5d1a1beca81bd168417d7d32d3579dfd654aae0445b
smoke.m85-natural-membership-recovery.evidence_sha256=9856de74807da12224b63cdce0ce145bc38c5fca3df11c05754177cb5976637b
smoke.m85-natural-membership-recovery.source=refactor-equivalent
smoke.m85-natural-membership-recovery.status=passed
smoke.m86-repeated-membership-recovery.fingerprint=c63d6c95b9e25033662c2de2a8474fc24febfca332ea222f71d739f5410e6977
smoke.m86-repeated-membership-recovery.observation_sha256=841b311c16d11cbbe669756fd0fc020c4371b650ad9c185d8ab717c7217abc44
smoke.m86-repeated-membership-recovery.evidence_sha256=2674b66a4184b2569858f7d132df18077316e5ad568bdbc74e3488337f19edbc
smoke.m86-repeated-membership-recovery.source=refactor-equivalent
smoke.m86-repeated-membership-recovery.status=passed
smoke.m87-two-cell-membership-recovery.fingerprint=2754acffa114de8c9abd1544b7179515c57911d434dc1be2acbd0054538b5cab
smoke.m87-two-cell-membership-recovery.observation_sha256=091dd5a68a9e7650ef91496f86cbc9dc5e82e006863d097a8e3c637402a103a4
smoke.m87-two-cell-membership-recovery.evidence_sha256=d591ae70a90c6baddcb813505bcd9cdc218ce283a6a8dc8741dff6daff874ee3
smoke.m87-two-cell-membership-recovery.source=refactor-equivalent
smoke.m87-two-cell-membership-recovery.status=passed
smoke.m88-reverse-two-cell-membership-recovery.fingerprint=c4fa5ec7e08af1d1ff795e58b339c19df668ba2a75b9e8ada19b5d92484d7d9d
smoke.m88-reverse-two-cell-membership-recovery.observation_sha256=986d67c17068113e152c7cec8614bbc518629fff4c27619ec488da6c2548c079
smoke.m88-reverse-two-cell-membership-recovery.evidence_sha256=1038366a09208d5230b1a24fa83db451c1104b7115dbc6fcdf43bf038f0a6b83
smoke.m88-reverse-two-cell-membership-recovery.source=refactor-equivalent
smoke.m88-reverse-two-cell-membership-recovery.status=passed
smoke.m89-sibling-cell-membership-recovery.fingerprint=c61561b58a337bab0d44cdde138958b7db0b0f2a0ad36175d7cc214bced5e682
smoke.m89-sibling-cell-membership-recovery.observation_sha256=87fa014b6cd31a48c7cffa7f839d0b407ecf823d815a80f1a578afa00828c649
smoke.m89-sibling-cell-membership-recovery.evidence_sha256=2d546e718963ae7be39433cd7279bd9001a782b99906d8e8225853032edb05f2
smoke.m89-sibling-cell-membership-recovery.source=refactor-equivalent
smoke.m89-sibling-cell-membership-recovery.status=passed
smoke.m90-larger-page-sibling-recovery.fingerprint=def70e9ad478b39581b93257642c1164eb9fb0507335d9079e1789ba9b8690a3
smoke.m90-larger-page-sibling-recovery.observation_sha256=aac17bb2f371a10cf09b7350c228e000700ac36270dc6d3535e3de74a132a402
smoke.m90-larger-page-sibling-recovery.evidence_sha256=f71857b1107292a2449c097dca9a96d2dee6882e9430459944924245e5b514d4
smoke.m90-larger-page-sibling-recovery.source=refactor-equivalent
smoke.m90-larger-page-sibling-recovery.status=passed
smoke.m91-larger-page-depletion-recovery.fingerprint=4f37fdfb1bcc3f89aaee5d259ee04ed7a098d7473c186b35fc27d2740358920f
smoke.m91-larger-page-depletion-recovery.observation_sha256=5f019eb32c7f34b31ca907e9fdbec3b827254a08cdf0cbe11a91c703644b2f7e
smoke.m91-larger-page-depletion-recovery.evidence_sha256=d1d49f0a0ec62d58504c064943fad7025fb28a27e99767e308c628f1064ab4ef
smoke.m91-larger-page-depletion-recovery.source=refactor-equivalent
smoke.m91-larger-page-depletion-recovery.status=passed
smoke.m92-third-member-depletion-recovery.fingerprint=efe57230bebfc740d07c708301d147039cbdee2e7ffe8f5b9deda7ce8ff6738e
smoke.m92-third-member-depletion-recovery.observation_sha256=a82e3eb16c9c12a3901e03775d53898a725914562f5bd971d7dc5d2444c75104
smoke.m92-third-member-depletion-recovery.evidence_sha256=921e22076cbaaa4a6908b8ef307b1bf437e815b05c7e7e3ff327dec01af1578c
smoke.m92-third-member-depletion-recovery.source=refactor-equivalent
smoke.m92-third-member-depletion-recovery.status=passed
smoke.m93-full-page-depletion-recovery.fingerprint=ab9c367c2c538bdd540dd9d3d5b54e3d565270e59660b430afcb24d340edace0
smoke.m93-full-page-depletion-recovery.observation_sha256=f0f506ffa69950d8d4030819a4c6c5ca3f190edcfd3f4ba29f3a4ef4129959ad
smoke.m93-full-page-depletion-recovery.evidence_sha256=b7865f1f9df112c33d01b41643eede4beccca4369e2c64d4f7c594427ea60f91
smoke.m93-full-page-depletion-recovery.source=refactor-equivalent
smoke.m93-full-page-depletion-recovery.status=passed
smoke.m94-default-ttl-page-recovery.fingerprint=549f862ce82cd63db1e4112373082d54717fed6a55304a98dd739cb37b534bfd
smoke.m94-default-ttl-page-recovery.observation_sha256=c2617f80713c9054acdf8ade17e4474a3a1ed275a2c092fc6d455363493acfcf
smoke.m94-default-ttl-page-recovery.evidence_sha256=5a7744fddf3cece6c98925fca7c86a978c9d46d17eddce15c0699b6018d4cb60
smoke.m94-default-ttl-page-recovery.source=refactor-equivalent
smoke.m94-default-ttl-page-recovery.status=passed
smoke.m95-page-capacity-thrash.fingerprint=26ee9096ef5180b2ca6c6215883c1a461dfb5c5f01a6b4d4f8cce3132bca9a05
smoke.m95-page-capacity-thrash.observation_sha256=fc9cc66cafdba16acc0d1d076af30aad46e335509bebcd52b5f106bd5a6f138c
smoke.m95-page-capacity-thrash.evidence_sha256=6a029d3972c4c5d3947415f375210e28c11718357a7d6b1f26b2254386f104ad
smoke.m95-page-capacity-thrash.source=refactor-equivalent
smoke.m95-page-capacity-thrash.status=passed
smoke.m96-page-capacity-two-thrash.fingerprint=a681787070bccd247793f1568535e92d1d2a2dcbe7423893ad70348845b79fed
smoke.m96-page-capacity-two-thrash.observation_sha256=96142417765b773152dc82aba8194765319c2c7bd987d513c5b8b8fd34b89acb
smoke.m96-page-capacity-two-thrash.evidence_sha256=8a20b04340668bf73a3bfe49b218a8997326375ee14ad6f95e33e6f8841185cb
smoke.m96-page-capacity-two-thrash.source=refactor-equivalent
smoke.m96-page-capacity-two-thrash.status=passed
smoke.m97-page-capacity-one-thrash.fingerprint=4978a36af539024eee488e772b0970d2783d13fa902f1f675ef4786b3474837f
smoke.m97-page-capacity-one-thrash.observation_sha256=93c51ccdd98d0abd4e6da174f6ea76d8ca10ddb31cfed965117945473a39c551
smoke.m97-page-capacity-one-thrash.evidence_sha256=8ad70ac3bdceeaa4d74d030faab7288a4a30fb4708df1417888953be758b0996
smoke.m97-page-capacity-one-thrash.source=refactor-equivalent
smoke.m97-page-capacity-one-thrash.status=passed
smoke.m98-zero-capacity-floor.fingerprint=de8d2daae8e3bc24fb4c22c523fa6e76675660b2994307cfc944b999189ae18d
smoke.m98-zero-capacity-floor.observation_sha256=0da3de05b8d5c493b974e04eaf1767e07f54b087f387badfdaf5dd48b6f1bb31
smoke.m98-zero-capacity-floor.evidence_sha256=d1173dab0d2332ee4b17dae492dfd9a909aba75bb97c1c0d11cc3287c742d7be
smoke.m98-zero-capacity-floor.source=refactor-equivalent
smoke.m98-zero-capacity-floor.status=passed
smoke.m99-rebuild-budget-fallback.fingerprint=2a0ffa0430b7d3c4f7ee761e1d326e39de76cf0cb5830c618ba9611d0f374616
smoke.m99-rebuild-budget-fallback.observation_sha256=bc072d0104007b86828550033fb0aa3e84c179aa5caee84dcd22552c3c9a4ce7
smoke.m99-rebuild-budget-fallback.evidence_sha256=ee524f38162f68047fa3d87d482a3cd2607928b703fc2b0aa5df1b53c1e28a75
smoke.m99-rebuild-budget-fallback.source=refactor-equivalent
smoke.m99-rebuild-budget-fallback.status=passed
smoke.ui-export.fingerprint=634f32d75ef0c6cbd7f01e33bcd5c616ccff1eb2ba06d8d62ca698acb81b32c5
smoke.ui-export.observation_sha256=f05c1d7cfa2448a8ef2e248e13b11fd809d9844024b2e355d3d8bc7727e36e4a
smoke.ui-export.evidence_sha256=886519e67ed4ca66ea511a2065993b296549ad1a4b8bbef3009dff14dd2981bd
smoke.ui-export.source=refactor-equivalent
smoke.ui-export.status=passed
