# Worldline smoke qualification lock v1
schema=1
algorithm=worldline-smoke-input-v1
smoke.controlled-client-tick.fingerprint=f5f98f5477b9248cb506147046d83e6c4e78c7de043a37d0236abf7dd70c9fe1
smoke.controlled-client-tick.evidence_sha256=ddca16b0086b3c163be9f8adb3559559acae3437e627395f273969a6afd3e629
smoke.controlled-client-tick.status=passed
smoke.deterministic-world-tick.fingerprint=8d9962b99e5d72841fda0683ea12d9fd74b9b3d7447a9202fd6f7f64fd22637f
smoke.deterministic-world-tick.evidence_sha256=8968e0f3fa8b1c979bba56a0d25557beead0f26f19f14ca5bfe86e1bcf2d4933
smoke.deterministic-world-tick.status=passed
smoke.m10-native-render.fingerprint=ac3a28fecce3f50da8a1ab95c8aeac0d2e9fa0b8e835696c0e2e4220bf13f87d
smoke.m10-native-render.evidence_sha256=e3107c7a41c137b6ae1a335849c43cab851ebeaf7372f4ab354d0ac2a0ad4d42
smoke.m10-native-render.status=passed
smoke.m11-aero-attribution.fingerprint=c8879023e55bb954738acd027cbd3941e4e02335d30dda35ae9e37863d3a1576
smoke.m11-aero-attribution.evidence_sha256=e700729813de717cf11ef8d71130612c31aef56af57552b324035e929acb3cc0
smoke.m11-aero-attribution.status=passed
smoke.m11-mod-api.fingerprint=b2dcab5c0f1de8533052e5bb1a05363235a41bd5896721f6cf01ac0de3b0498f
smoke.m11-mod-api.evidence_sha256=726ed3d2cb743e1af7d6b9c89a62544c84a49223eb6802e5a55b1d3d6b884545
smoke.m11-mod-api.status=passed
smoke.m12-aero-reproduction.fingerprint=011e9c1f549ced923209a73bbf74e7bdea429f5120cd28510759d7f62880279f
smoke.m12-aero-reproduction.evidence_sha256=658dd9c328381a4c5bdff4d989a93bc0546b3ef1907b0c62a0a58706d48d4119
smoke.m12-aero-reproduction.status=passed
smoke.m12-mod-run.fingerprint=177c80a9158c063715c6bfb287799591874df28b4e64a9e3432fb92adc6d17cc
smoke.m12-mod-run.evidence_sha256=f85f812f25eaf8b0cd45cf466210d43b63a3635bca2ea4a4f1ace09ab8eb9044
smoke.m12-mod-run.status=passed
smoke.m13-aero-differential.fingerprint=da35c8f61ca9da6c402809646226f1e76c95059b89c87cb34a3d4eb21cf5eaa9
smoke.m13-aero-differential.evidence_sha256=b887b63564e7b8fa383eb22ea32c1da3c8e55b7102d744ce28035808aae5b68b
smoke.m13-aero-differential.status=passed
smoke.m13-mod-graph.fingerprint=d27765adece502216648e3fb7fa641a44ee37555785cbafd8b3a863ee3d9acaa
smoke.m13-mod-graph.evidence_sha256=011b245265584ed4916e2939c89e1fa0ae6bb8c1b3c1298370600f628a87e36d
smoke.m13-mod-graph.status=passed
smoke.m14-chunk-backlog.fingerprint=0880ad1d81986a3cd39f456e07a4d6fd5eb65a6dcbdda8804656c9296026e033
smoke.m14-chunk-backlog.evidence_sha256=a359a997afb0f5835d1744dffc47cb33b3aa3664cbadd71e09e2556603eba30c
smoke.m14-chunk-backlog.status=passed
smoke.m14-scenario-dsl.fingerprint=894c507b337d84b00c301d66e69d8b72d9a0449f90b1d2a416e7c75e42841e42
smoke.m14-scenario-dsl.evidence_sha256=cd005f3ae12c05eef67fa1441b4c6670601a4822dea37ef76044072c9f94b62b
smoke.m14-scenario-dsl.status=passed
smoke.m15-chunk-contract.fingerprint=a49ffc2acb4ffcb90e24df08e1f3111b4d51e70fb50dc88ad541d0f451870445
smoke.m15-chunk-contract.evidence_sha256=d2fa9915152f14246f0b766b062623a03f67a8dfde437124d4071c8fc01f7942
smoke.m15-chunk-contract.status=passed
smoke.m15-fuzz.fingerprint=0151d8192317bac246f295eed2c90eaa1e9b8d7320028529a955b814b9692a00
smoke.m15-fuzz.evidence_sha256=75bf365c568a6e70c0adfd49c751669280a3b5f30cfe21331e650533468202c8
smoke.m15-fuzz.status=passed
smoke.m16-adaptive-chunks.fingerprint=7fc048802bab712630ad955918f54d06d767d9571583163c2d6a7b11fd7c93c8
smoke.m16-adaptive-chunks.evidence_sha256=f531939f872ede7fc66808432caf1b54e9b06876e15470a5c90868482b88997d
smoke.m16-adaptive-chunks.status=passed
smoke.m16-debug.fingerprint=efa6c0bce625c1221b887ddbb09469767d77ac6e295c12aa2f5a2f34770001d3
smoke.m16-debug.evidence_sha256=f258a355f469d1127d4a6fa297e9ff6ccc2ebef0f66c5bc4128a9e90c6c4719e
smoke.m16-debug.status=passed
smoke.m17-profile.fingerprint=7d850e913cf2066fab5c948911c3f28f259e3bcc48630791701967c6e8e5f987
smoke.m17-profile.evidence_sha256=48a99940b8de960ab64c9e807abbbfbbcd0b55718e799ef3391c60f54ea3ae00
smoke.m17-profile.status=passed
smoke.m17-scheduler-hardening.fingerprint=12f36c0839a3541caa52557aee25b696cca82ef18bff81fcba6a8555d2a61d69
smoke.m17-scheduler-hardening.evidence_sha256=29d8a4166911f459075b43b1dda292cd2fd0967c8e6f81f12c017a563dd9c5cd
smoke.m17-scheduler-hardening.status=passed
smoke.m18-coverage.fingerprint=43b92170213c70a5695641c53e04e541f1354e67eb88608e5f78b764f47d9bed
smoke.m18-coverage.evidence_sha256=15102aefa1bcf05c0a8c485d6884439156789e2887edb60d3e5e1f4173401f08
smoke.m18-coverage.status=passed
smoke.m18-save-attribution.fingerprint=d63122c22dccc3dd2f1a8ef85534cb2d6465afef47b966b48efc5df630f88dea
smoke.m18-save-attribution.evidence_sha256=03eacfa0a8655c3e9e574ada7e23e8c9306275b8d30bc42237f7c126573a963f
smoke.m18-save-attribution.status=passed
smoke.m19-forced-autosave.fingerprint=51c13038f89915352f4d5d9f9fc7b9057515e694f016118bbdf0cb12c06b4673
smoke.m19-forced-autosave.evidence_sha256=200dbd154ea1d025df0a62bc3e65a07d515c3e1318cea82b645fb3adccb1d513
smoke.m19-forced-autosave.status=passed
smoke.m19-html.fingerprint=73af81db0910452e6efd82b11aedf4302a4ef6031b5dbe272066c5cf2659fa89
smoke.m19-html.evidence_sha256=4f66f57400d1e336194a8dfeb80122a024be1e1dcac53edca290b1d3e3543837
smoke.m19-html.status=passed
smoke.m20-server-bootstrap.fingerprint=478d74894c98e5d400c5241d7ae58f5d519778c40cbb2424e3766b7040110d3f
smoke.m20-server-bootstrap.evidence_sha256=d7068ceef13c43a7c33e09abf6ee67e9c39de5f347e4b3ed01831ec1dd0305a3
smoke.m20-server-bootstrap.status=passed
smoke.m21-server-control.fingerprint=98169114d53ad7e17ef9776bb8214f1efbea8cace068d772354db5929851b7ec
smoke.m21-server-control.evidence_sha256=8ffb85c3c2ce868dcf4d668c3a894b79af97bba554edad1dbd2bc361f076913e
smoke.m21-server-control.status=passed
smoke.m22-multiplayer-wire.fingerprint=66cee28173c5f803bae54cd2eb31c22b6d80cbde910d286c6f37229fa697615f
smoke.m22-multiplayer-wire.evidence_sha256=bc05cdaf1fccbd833e4ff833eccb4ae5c3e3ab926710bfbbef56c82a0c33a993
smoke.m22-multiplayer-wire.status=passed
smoke.m23-player-persistence.fingerprint=d8a21a23e5eb54ce4a1a41aed334e11c2e2c8a57944e9a29b68825db2825b8e2
smoke.m23-player-persistence.evidence_sha256=83c7d5cb472b243d455cabaedc7ab2d0a7e9c8e52d7168ed2bffdb0db9451761
smoke.m23-player-persistence.status=passed
smoke.m24-play-pose.fingerprint=008fc44518c8ddc0af3553e46faa051a934acfc0f670d5f6627126d37b9ea539
smoke.m24-play-pose.evidence_sha256=945aeba121b88d41c658d64ca4b3b0ddcdec6d714347b91a51cddebb11156e16
smoke.m24-play-pose.status=passed
smoke.m25-player-movement.fingerprint=f3db9146462e819098e6ba0eaff3bfb6efb12d0bb0f7e8e74ec31368b7f9c5cc
smoke.m25-player-movement.evidence_sha256=d4357599a9e5553dbd796c36afb259447a7dbeb86f262400aa08fe4d4499f06d
smoke.m25-player-movement.status=passed
smoke.m26-native-multiplayer.fingerprint=0befd3adeaf74c5de1d31715c5eb69afba00707195a30cdf8f9a7cc06dcc8845
smoke.m26-native-multiplayer.evidence_sha256=90e671b7f84f84f55841e519b1df1a2228a48c6ad3ef84b507399ec55bb15ef4
smoke.m26-native-multiplayer.status=passed
smoke.m27-multiplayer-chat.fingerprint=07971b5d1cd2d8e9edd4a109dd5710e29b476a9f8a67a84a775bd634272c6095
smoke.m27-multiplayer-chat.evidence_sha256=a8248c2f8c32194764b56b3376122d0a57638d566709dd0bc688929799d183d7
smoke.m27-multiplayer-chat.status=passed
smoke.m28-remote-chunk.fingerprint=44d483e302b18f1d969f86ad03128138a5dd6841e20c33456e236595589e72a4
smoke.m28-remote-chunk.evidence_sha256=48c870f9feb71ceff258111e91ea2d115bc01862f0c1e417df4d6e55668ddd84
smoke.m28-remote-chunk.status=passed
smoke.m29-remote-chunk-snapshot.fingerprint=bb891d1b239ed163f1bdc39f8e1c01f8f3c47899af0615014f3e63b34ab328a9
smoke.m29-remote-chunk-snapshot.evidence_sha256=d61ca0160113013990154804746f32a2910ea6ba67f5245e2114a304101989fe
smoke.m29-remote-chunk-snapshot.status=passed
smoke.m3-domain-api.fingerprint=2dc4f1437df8aa3eda04e65e9aa1adb45f6afe24fbd8b9fdf80346ad3995ac33
smoke.m3-domain-api.evidence_sha256=86a15a69fbff8c19961601b563de07a0798f596d834f32124514147892093aed
smoke.m3-domain-api.status=passed
smoke.m30-remote-world-cache.fingerprint=073d00e4450162f3f0779de77828d3513e7f0c90f717f1fc3fcf3465a068b31d
smoke.m30-remote-world-cache.evidence_sha256=c860f794caddb3a82e300412b155e0c8f4a083dade80456d15c2ae50a2cedb14
smoke.m30-remote-world-cache.status=passed
smoke.m31-incremental-world.fingerprint=de5b3171ec501d4811be7fc4b0dd61dbe5225bdf6aeb55f187cc69f11158256c
smoke.m31-incremental-world.evidence_sha256=e54d2eaf01afbda1b02ec490516821c38d154afdd1b40e28a96e32a25158b2ae
smoke.m31-incremental-world.status=passed
smoke.m32-remote-terrain-render.fingerprint=b47beae5cea5b11c1176be9c96bad28a17ce53bfb21efb56d3008506dc562707
smoke.m32-remote-terrain-render.evidence_sha256=8ab27db9856d254fb37722a9a184bab33b932cd8b8f3d5a9ce4858940bb4d04d
smoke.m32-remote-terrain-render.status=passed
smoke.m33-chunk-traversal.fingerprint=9417f500b00144758fb935059588f5b2a1307caf697974592f4520fd6019f58b
smoke.m33-chunk-traversal.evidence_sha256=624cda99acab6aae4cc4f1ae466f7ab7c74f2c2ad82ba7dd39d5c7d364b70dd9
smoke.m33-chunk-traversal.status=passed
smoke.m34-pose-correction.fingerprint=1f15aa4bfb655925471ac1d6f2d9a56c4cea30075c66365e9ab2724e551df21c
smoke.m34-pose-correction.evidence_sha256=7f29d1dfaedb4a49d8b69e61079610c4a9c72fbdada4f497e30f987badc70be2
smoke.m34-pose-correction.status=passed
smoke.m35-movement-outcome.fingerprint=d4df20c2ae6ae4596166c794fb7be4856b5690031450aece24a41ed54e5ea6a6
smoke.m35-movement-outcome.evidence_sha256=227f777cc399f7a4a9e1db4bf94a44fc7f65eca37ebd1b6d183bff16a090223f
smoke.m35-movement-outcome.status=passed
smoke.m36-route-recovery.fingerprint=8103730d2f434ba3d057e57cd6f073a7e652deed15b739f44d22c325d1313191
smoke.m36-route-recovery.evidence_sha256=12d109fe77f26b127ae34c46aae904d3ba9d0fdec1d19f6330fcb9b1f59752dd
smoke.m36-route-recovery.status=passed
smoke.m37-route-policy.fingerprint=87894e3374207bc8b003462dcb9cf165c68b4dc081d6837e8e193a98a377cd85
smoke.m37-route-policy.evidence_sha256=1898d71f8eb0252bf30e1472180376fefed1868135d99405cd17139772419773
smoke.m37-route-policy.status=passed
smoke.m38-explicit-fallback.fingerprint=2a83f191f55472fac0beaf02bd04bd8bf659d6080275b033696add04b47d86cc
smoke.m38-explicit-fallback.evidence_sha256=8c7718793c579823c40b0c399f56b87fbe4668adf8daeeceb0203e969e15c646
smoke.m38-explicit-fallback.status=passed
smoke.m39-route-observation.fingerprint=7fdf1cb88c762ffe2d7a7f2c83f8ffecd2c25d2c9270ef139f16310b6a1bc8c7
smoke.m39-route-observation.evidence_sha256=cc3b978b245c04abc01d4594934db50bdbddb6166dd71cd57abd711d3a5cb9f0
smoke.m39-route-observation.status=passed
smoke.m4-durable-snapshot.fingerprint=7c729c1beb0adbebb229d4cdb50b75c2105d7c420aa79992a8142d16f4991483
smoke.m4-durable-snapshot.evidence_sha256=1f016ef1d1ed6b2f562212643f35236be90007094316a8ae95dab9d2efcd81a0
smoke.m4-durable-snapshot.status=passed
smoke.m40-observer-control.fingerprint=90eed0bb30c53ad7e442caf5d7e62e005426605449ecbb2a1faf362f9e118af7
smoke.m40-observer-control.evidence_sha256=6f877e2e53a319199e2d7e4e381f8c6d500b60d2eeffc0290f741ad5c4dfc47d
smoke.m40-observer-control.status=passed
smoke.m41-route-termination.fingerprint=d7a23479df8c82f0797b3a214dc905e8a350c3f17271130d229ebdabd1724ace
smoke.m41-route-termination.evidence_sha256=dc2caf96f41a6f9a4d17cf4772fe46fbb6706c5d2a793a4371ba9c46becedff5
smoke.m41-route-termination.status=passed
smoke.m42-route-correlation.fingerprint=c9fa6c58a94aa4164573695c554e1fb42dd39e2a13cc943e57f3372721a7e31f
smoke.m42-route-correlation.evidence_sha256=465f02e04f3bc30f942dedc504c821351f2ffe1a6b9ad6dc891d9ba3c92d7c9a
smoke.m42-route-correlation.status=passed
smoke.m43-correlated-batch.fingerprint=c762f75d6b4ee4056f556804cea0daa02d5663b3ebb88b9b1ae819dc2278b022
smoke.m43-correlated-batch.evidence_sha256=11a2e35167cc5017e9bc644c36050a10cfe7387e91f111e97984a27c02429420
smoke.m43-correlated-batch.status=passed
smoke.m44-batch-observation.fingerprint=aadbce2e1f0d2eee6c641a9323740896a45eea4d02c966e3b97aac9f3bc0fca2
smoke.m44-batch-observation.evidence_sha256=1af778eb857cbe670cf0def60d74df1102913d5b5d04d475c5b5a4cde04f1113
smoke.m44-batch-observation.status=passed
smoke.m45-event-batch-stop.fingerprint=6fca8a4229eed435ac9f65562bfda338e3796e09628afa2cb6d694eb5e3c947f
smoke.m45-event-batch-stop.evidence_sha256=c502df11e4cc543ac1067b32ec3d7f250dead84c7c9d58fc937161193d40a1a2
smoke.m45-event-batch-stop.status=passed
smoke.m46-batch-terminal.fingerprint=aa41078206c6f524b4246120efe5ab2fc21819f8575e45c96fd476a91fc82b09
smoke.m46-batch-terminal.evidence_sha256=62f0a6850720c149b9722541c174e9175c33ff1ef113ed1e5962a552ec2bff50
smoke.m46-batch-terminal.status=passed
smoke.m47-batch-counts.fingerprint=3a45b3c83a424141e2e535fedb354805266902889c1528bebd70d38e43f43982
smoke.m47-batch-counts.evidence_sha256=2d85056a404be6abeec5a2fbb7957679832a4f065da59f90a39874d054fdd532
smoke.m47-batch-counts.status=passed
smoke.m48-inventory-observation.fingerprint=0bd9b075a654cf48e8c0968f0fa1ea71aca534354d38f8929aae9b85a5aca873
smoke.m48-inventory-observation.evidence_sha256=94634f580b14f6723202670c77c53038be71bec8a81018f28c50b0122c3495ae
smoke.m48-inventory-observation.status=passed
smoke.m49-held-item-peer.fingerprint=7e6df82c813e1e45842f8a8c719d3d5384ea9b3e3047245a93c716d6356be79b
smoke.m49-held-item-peer.evidence_sha256=bc3abf1d762e3dea91f50596be010422b60035cccde930f4e2b9b77c79a948eb
smoke.m49-held-item-peer.status=passed
smoke.m5-reproduction-bundle.fingerprint=a3f9c5111c4ac59bcd61e0ed50f2e9b4d778e6d39ce43cf028dde18b4020cbe4
smoke.m5-reproduction-bundle.evidence_sha256=f728a78b3d712a4eefb090eefea968685188f066e9016ab42249020c9d354e23
smoke.m5-reproduction-bundle.status=passed
smoke.m50-drop-held-item.fingerprint=a9ea7527931bf50ec2ed6926c61aec1fd48dbbec93227a1d201df9d1a6b095a5
smoke.m50-drop-held-item.evidence_sha256=d481c7ffff96c1d9407666ff5c47f98ff85556bfa50e5501856f8e2bbf3c2629
smoke.m50-drop-held-item.status=passed
smoke.m51-dropped-item-spawn.fingerprint=a05a5d5631ec64253d738de7403cb7c48de9fe75a85f2534d66e46efad28c54d
smoke.m51-dropped-item-spawn.evidence_sha256=5f2583a386ec5ab2c61ba3c796a1242472c417f65575ea992d32ed5275398248
smoke.m51-dropped-item-spawn.status=passed
smoke.m52-item-collection.fingerprint=40343f6f9f14e93e9dde84028627fa443a1b815ad9e8f6571d52545636c42415
smoke.m52-item-collection.evidence_sha256=90f0a3cad68fbd5c8c68b7667644c98a2587f36244c6fc826f2a881d4fb4b04c
smoke.m52-item-collection.status=passed
smoke.m53-held-block-placement.fingerprint=b38b53e27270a6f6d7d3c3d31a0e8645ecf9b87ef89fc80cdcc9a07af2c719f3
smoke.m53-held-block-placement.evidence_sha256=fe924518d13e732d188000d9954e7d3d54185a2ad863a1faceabfeb059aa81a5
smoke.m53-held-block-placement.status=passed
smoke.m54-chest-window.fingerprint=651329e9981106f009e2c0fa5e559c6c91c94ef00109c1fd6b9d2cf6bc849e20
smoke.m54-chest-window.evidence_sha256=acad62a8f2a3b5a2ab79903380d8a41890099d33a630deabc89c96b84433ebe4
smoke.m54-chest-window.status=passed
smoke.m55-accepted-personal-transaction.fingerprint=905f7221d6aada15000f678d1c2c13a84fa0c6756431a1c1d480bb9c6c81b8a9
smoke.m55-accepted-personal-transaction.evidence_sha256=2b751ab387d63b7c99308ebc3f22e8e100909b35b8f283a7c244f1b7cad7f2ef
smoke.m55-accepted-personal-transaction.status=passed
smoke.m56-rejected-transaction-recovery.fingerprint=33929d0f773de53c25a1e855027d852d69afd458d5f9eda7fdb0ac59cacfaaf6
smoke.m56-rejected-transaction-recovery.evidence_sha256=96c94cacf740c4b27dbfd794017f0bde90f41267834fd4a2c4a883e39fa454e4
smoke.m56-rejected-transaction-recovery.status=passed
smoke.m57-personal-crafting.fingerprint=ed78e65cf5ab42d3d83c2c72855acb043cf4907f9a6d7c77b2f565d2985a6d00
smoke.m57-personal-crafting.evidence_sha256=d10462ae5f8d382cba0f4e5322425c259f2f4e5158552f1cab94a45d96433e70
smoke.m57-personal-crafting.status=passed
smoke.m58-window-lifecycle.fingerprint=843a461d54f7d807ebc33e27cef66b116856bfa45ca5826d3d6e578f6d7d962f
smoke.m58-window-lifecycle.evidence_sha256=f48eac93f7def31cba294141b84fb791e24392fcf431873bdaacff25f62f0329
smoke.m58-window-lifecycle.status=passed
smoke.m6-trace-explorer.fingerprint=819fa936f7f586a846fa609c120a8a662c84e2ca597abe583ebe3ee6a779aa38
smoke.m6-trace-explorer.evidence_sha256=c8ef6d70b4ca74a67324ca33e8e8bb60e198b0c5662ee9d48f88f4cff133a750
smoke.m6-trace-explorer.status=passed
smoke.m7-mod-loading.fingerprint=bba90e5cc9ccd425b65b1eed8cefcc7e4543f40947a51bb8775ad2105930d87f
smoke.m7-mod-loading.evidence_sha256=51adbf63819238a9b32e4ecf66f22cb64a8a7c8d0a52bfc3a14fb772f53bd0f5
smoke.m7-mod-loading.status=passed
smoke.m8-mod-version-diff.fingerprint=81b23b376892a52ce5b7a8c26946166dbe4611dcf375cabce35151d4fc73369e
smoke.m8-mod-version-diff.evidence_sha256=77e43fc8ea8bec6b4b05f19ea63bdd268cfbd6d8722c62a7b5f14086f1ea12b3
smoke.m8-mod-version-diff.status=passed
smoke.m9-scenario-minimization.fingerprint=c5bcebc09813f9894aa9b1892a39b2c71f31f39e5110650c452e2dde43684d57
smoke.m9-scenario-minimization.evidence_sha256=d0a83c668313cac4aa713559a0d0b60651fea231199333ccc5c063a424f3da93
smoke.m9-scenario-minimization.status=passed
smoke.testkit-cycle.fingerprint=1093ed910a1ae271c0aff6abf4dc9f1fc87f18f682c53900a720c92754f834e4
smoke.testkit-cycle.evidence_sha256=4ce5cee184fdd2cc3d6aea4b03f0bdfa1794edb2d7e72581f958fe72152fb3c8
smoke.testkit-cycle.status=passed
