# Worldline first reviewed smoke schedule aggregate
schema=1
sample.count=7
history.path=tools/harness/SmokeScheduleHistory.java
history.prior.sha256=13f8cd179210f7701b16d6e5681008f03dde2362c578c31611ba6a1b49bc26ab
history.current.sha256=f9a17092209ce7731b5cf93024e7d4861e9937426230e096b9d8f5d40dc9da0d
sample.m114-causal-water-flow.attempts=2
sample.m114-causal-water-flow.duration.total.ms=58810
sample.m114-causal-water-flow.failures=1
sample.m114-causal-water-flow.source.sha256=5a1f0b13b7e5bac560554d37eef1ca92cee1f624d382d605fd00406a2698b510
sample.m258-bread-eat.attempts=2
sample.m258-bread-eat.duration.total.ms=15817
sample.m258-bread-eat.failures=1
sample.m258-bread-eat.source.sha256=23a4cb382257188c05a61f493ef0b7cb8f5bb30c52a1361198ff5ac9519ad274
sample.m297-basic-crafts.attempts=3
sample.m297-basic-crafts.duration.total.ms=18213
sample.m297-basic-crafts.failures=2
sample.m297-basic-crafts.source.sha256=6fdc7154e0af341fdae4bf08bfcd650966bd8594cf097ed9cede46c5ab6bb398
sample.m438-remaining-clock-map-set.attempts=1
sample.m438-remaining-clock-map-set.duration.total.ms=28138
sample.m438-remaining-clock-map-set.failures=0
sample.m438-remaining-clock-map-set.source.sha256=e6270325c82093e5b64e5606e777913912cc14ec8b6836f574f6652c522f8c7d
sample.m559-double-extender-set.attempts=1
sample.m559-double-extender-set.duration.total.ms=44164
sample.m559-double-extender-set.failures=0
sample.m559-double-extender-set.source.sha256=d5466ad4f74f72895b49856b8b6357829a60110cd5ebc249bbe3cfcb19ef6997
sample.m59-chest-transfer.attempts=3
sample.m59-chest-transfer.duration.total.ms=78404
sample.m59-chest-transfer.failures=2
sample.m59-chest-transfer.source.sha256=e2d5fb6aa80b3a4ede1e0f6410dca2baffcce40ffc98dcbbd6acae926be76dbf
sample.m74-complete-aero-census.attempts=3
sample.m74-complete-aero-census.duration.total.ms=1511807
sample.m74-complete-aero-census.failures=1
sample.m74-complete-aero-census.source.sha256=a762c386ab29cea1864766395086197ef27f58574035239855deb8e6680b8edb
