# Support-face lifecycle TestKit pin migration v1
anchor.0.evidence_sha256=61202750cc672b41f06bbc76e818a8cfbe893927a5bc401769353703499cbe1e
anchor.0.fingerprint=78ed9d640cc0a11019b4cf6b44a7aa72e76e5a6d5bf2d48c6e00690e0dfdfa17
anchor.0.id=b173-support-face-attachment-lifecycle-cycle
anchor.1.evidence_sha256=4c5cdf0609348d36a151fc55cc7eb05dcd3ae9243feb2bb7949de6753b84029d
anchor.1.fingerprint=edec6ecad9842a53331a409842048e664d0f0cae141686efb83696950de8fb23
anchor.1.id=controlled-client-tick
anchor.2.evidence_sha256=eb4d0269721ffd1d53779a4da4dfa99a2600682391aadb102b756349f4529d8f
anchor.2.fingerprint=6b5e60f592ae5dbaee22b233f23f0fd90a02c9332099b968ae68cef5d0066c06
anchor.2.id=testkit-cycle
anchor.count=3
base.commit=20b40da396d2ba7874623fde31885c008b574105
base.pin_count=622
base.qualification_sha256=f7bdf2d297ddb3354a558122b66db52d8ff83a9e2daac431cf206caae3e8268f
carried.count=15
file.0.current_sha256=cea5f1a6361fe07446b4941d07b70a6e7738f4fe5550306e8f7f3a84e6de7007
file.0.path=adapters/b173-server/src/testkit/java/worldline/b173server/B173LifecycleScenarioFactory.java
file.0.prior_sha256=a28ec22a6aa202b4bf10e43ee0f880d2ea37198bd35e9e466863930eb49d2889
file.1.current_sha256=aa34c400cbf34d3ecf92489dea025350eb601d4a40714839fc0dedee8b9e00c3
file.1.path=adapters/b173-server/src/testkitTest/java/worldline/b173server/B173LifecycleSupportTest.java
file.1.prior_sha256=d843fe2b15547a2bfc1ecf9a19775851f5028adb6c453be5f450c1b482d20244
file.count=2
introduction.commit=ac0f1cc7e254a68797d1e2ea2e266368e28e026e
schema=1
smoke.0.current_fingerprint=0d750be232ca59a71708683da77a20eeee6e18b8fed38075bb0cd82c1ccbaec7
smoke.0.evidence_sha256=05a42d02220e492c816e51c0348fda817ae4bb609a583ba7a23cfe1145fb3665
smoke.0.id=b173-cardinal-placement-state-domain-cycle
smoke.0.prior_fingerprint=c8a94dbc3d082fc53485bc9f995d5ed8eb204625bb48c36b99da75d81c6e6f64
smoke.1.current_fingerprint=a37f8bb87d5862f85aa0d44804e7abffa583c697d8ec9f5d369934e1ced7ac3a
smoke.1.evidence_sha256=edd804e3285258b5f908c9efb00aec3b289c9c0854580bfa6383e4dfdd1f2ff1
smoke.1.id=b173-deterministic-harvest-lifecycle-cycle
smoke.1.prior_fingerprint=96537b6e9db202ffc71b2f10268e6e402965f0937975fa860c4c3442a5a29e3e
smoke.10.current_fingerprint=126f6291ce9ac54aefeb8dde175fd459541de75ea1ce4af6244f8d3ed34411f8
smoke.10.evidence_sha256=c433d069661b3fc516fbf0b7884b8a89e975378c393424a4905d70ef74db9e2e
smoke.10.id=b173-static-light-transport-cycle
smoke.10.prior_fingerprint=5e211ea2cbd289c633c6d37fe4913c921bf6ca6cc7861254de8cd0814213ac38
smoke.11.current_fingerprint=12be57ca95ca4b7ffe204f45bf5e5d478ce3c0fd7cae6711ef7e9dbef9fe2d2b
smoke.11.evidence_sha256=41ca1113d3cf1523abef07a42f6fc07d7f2b52da7b818a2202694973f02d393f
smoke.11.id=b173-static-self-drop-lifecycle-cycle
smoke.11.prior_fingerprint=265c9639c6e48d47f034d09565493df79be9f8769efd2f4ed1675ab67974dfbc
smoke.12.current_fingerprint=603b3c58f0b1d7c55e39b338320ca210a2231adbc05436e6b30199c30076af06
smoke.12.evidence_sha256=5b3c9e79bc0488d70434bebc9c087424db4e4e5d1ccbc9e3a7ba212bb0b1cc41
smoke.12.id=b173-support-dependent-plant-lifecycle-cycle
smoke.12.prior_fingerprint=29eab319cc42808a82679c220493205ae66441edaae62676510f00155a5a1938
smoke.13.current_fingerprint=f0666dc0dd500f04f8ca559210bdfddaaf7b8ed19d24736f3591c796d4f08fde
smoke.13.evidence_sha256=957888ee355f144621424a1a4bad04d60b0c2beb0bde5415dbd5999ff695a701
smoke.13.id=b173-wall-attachment-state-domain-cycle
smoke.13.prior_fingerprint=ee821f904d19936274473320d68fad67a612ebf1f970263008d3057b56de7281
smoke.14.current_fingerprint=addf3898da580393b11e5c70c096382d15b236926f2514d33d516106fd21aa31
smoke.14.evidence_sha256=bede36ebdaa6340f6af9a1fbb30352806d622d4ffc12cd127dac0c0abddd0168
smoke.14.id=b173-wooden-door-state-domain-cycle
smoke.14.prior_fingerprint=fbd85869e4e93e10c4307678e071f04972a3188c2b254362d4bc170d4e4762b9
smoke.2.current_fingerprint=4292cf3b92b93376bf663d70a0dd45cb5e110af3a623c896195beca2e425adf4
smoke.2.evidence_sha256=8ca3a367817be781a84aed7233afd33077b65bbeb6841277851c3f1b1e906e98
smoke.2.id=b173-dirt-flora-lifecycle-cycle
smoke.2.prior_fingerprint=139ec73c62e4123b963721ac94de68345705b822a4a57b4212ce5c7c8474dd4a
smoke.3.current_fingerprint=2ddfb2611ecef4b1945e992b11e7f74e817925ba14be3b0d1723b0c76e62d9f5
smoke.3.evidence_sha256=feec18c4c92e535ac906ec0fd6b67d15050fc97687d2d3e16da078b0d293a70f
smoke.3.id=b173-floor-mounted-lifecycle-cycle
smoke.3.prior_fingerprint=fa308e96fdc2a18264a8cef57d801a90374bc440746ee1746b711675ea5f61bd
smoke.4.current_fingerprint=842f73f872edadbdc8aad4d6f5421912fc7bd272f8699a29b4ad0c2317375cf6
smoke.4.evidence_sha256=8e3a8a8bff0ef466b29c364aa18182af2fa0b7633e13765b2f3120fc716b4537
smoke.4.id=b173-furnace-state-domain-cycle
smoke.4.prior_fingerprint=e406e98101d9b7b3d1af427e5f9ed48d731c20f4d05ae3de7ff2b24ce0558fa7
smoke.5.current_fingerprint=373f1df98e6393c39a5bc551ee91d6b2c81faae1510b0cd02e529a30663ae8eb
smoke.5.evidence_sha256=1d3e0c69501dc30043c2468865be8f5c7078bcdf07beb32b94c5f0e51242ccf3
smoke.5.id=b173-gold-shovel-harvest-lifecycle-cycle
smoke.5.prior_fingerprint=224523b38e8c5d97d690d519de7d3479ecc99af1095526b1bfdc7199a4de76fe
smoke.6.current_fingerprint=0c969d5e7ed92139220ede2c2250388ec9a0ea220d0d0c7693d8cb64aa5fb59f
smoke.6.evidence_sha256=9c8cb552fdffd3a3e2048696c42b3f25dd58ac57227aa361575c5241b83d30bc
smoke.6.id=b173-lifecycle-provider-cycle
smoke.6.prior_fingerprint=8eee2b4e3736396c5b872fee19dba57e940340501f6b10e1a69cf67544f416eb
smoke.7.current_fingerprint=e41deb5ef591c0db7f36cc75e0d1cea4e50ae9b969e3c601c13addb0625e8e1a
smoke.7.evidence_sha256=accfc90cf5f4ca3fe1679dadf8d4b284825eab857e76c03a0621549ac3c3bc27
smoke.7.id=b173-shaded-mushroom-lifecycle-cycle
smoke.7.prior_fingerprint=b645673f540bcf838a75482d2b3128a397a53a7bb595d51af8a404b4d017cc53
smoke.8.current_fingerprint=47a378bd4e345aaed369be23dd4754fef36e507425ec1fd61a92f0d50d830d4c
smoke.8.evidence_sha256=512d9362c8416f85f5a11baea171c36a0bfa6869161189fdb07405ed7c0a92d0
smoke.8.id=b173-slab-lifecycle-cycle
smoke.8.prior_fingerprint=cbcca2738b911561cab8b27da9f0c0d39d83ba630778da7f7a4e284f2d43b7ca
smoke.9.current_fingerprint=1cd11e004d0b08324cac0fa67cbdf8251ecf2fcc7122dc7780ed79b1c0b42164
smoke.9.evidence_sha256=ec8ce91d4fdd10454829ab1401ba51ac573d1bd8e4a91f07c4a1b030e198d865
smoke.9.id=b173-static-collision-envelope-cycle
smoke.9.prior_fingerprint=123ac91696e2b2115e78a7f3eae14fb44b72367fb919b1f6d2f3a90ea34b6b2a
